<?xml version="1.0" encoding="utf-8"?>
<Project ToolsVersion="4.0" xmlns="http://schemas.microsoft.com/developer/msbuild/2003">
  <ItemGroup>
    <Filter Include="lib">
      <UniqueIdentifier>{3e11931e-1dd6-40b6-a257-b32a7c651e9c}</UniqueIdentifier>
    </Filter>
    <Filter Include="lib\third_party">
      <UniqueIdentifier>{2cde7597-e05a-44bb-a3b1-aadb9e3ed755}</UniqueIdentifier>
    </Filter>
    <Filter Include="lib\third_party\mbedtls">
      <UniqueIdentifier>{e9e38bd4-03be-455f-8f08-d6c755bba23c}</UniqueIdentifier>
    </Filter>
    <Filter Include="lib\third_party\mbedtls\include">
      <UniqueIdentifier>{eb036649-2acc-4e6f-9052-49cb3b6b8ede}</UniqueIdentifier>
    </Filter>
    <Filter Include="application_code">
      <UniqueIdentifier>{827a308b-40b3-4271-8343-9e5875f2bef0}</UniqueIdentifier>
    </Filter>
    <Filter Include="lib\aws">
      <UniqueIdentifier>{e5ad4ec7-23dc-4295-8add-2acaee488f5a}</UniqueIdentifier>
    </Filter>
    <Filter Include="lib\aws\FreeRTOS">
      <UniqueIdentifier>{af3445a1-4908-4170-89ed-39345d90d30c}</UniqueIdentifier>
    </Filter>
    <Filter Include="lib\third_party\mbedtls">
      <UniqueIdentifier>{831ef0ad-571a-4597-aeb1-f40dd287d574}</UniqueIdentifier>
    </Filter>
    <Filter Include="lib\third_party\jsmn">
      <UniqueIdentifier>{e935487b-754e-4ddc-8c7c-af89981c3744}</UniqueIdentifier>
    </Filter>
    <Filter Include="lib\aws\include">
      <UniqueIdentifier>{36b6c643-a319-4c48-9c2c-44cc69925832}</UniqueIdentifier>
    </Filter>
    <Filter Include="lib\third_party\tracealyzer_recorder">
      <UniqueIdentifier>{c5cd77a9-141b-45ea-af47-281ef246bbd3}</UniqueIdentifier>
    </Filter>
    <Filter Include="lib\aws\greengrass">
      <UniqueIdentifier>{0ca8b934-c289-423f-9b6c-03efc34b3493}</UniqueIdentifier>
    </Filter>
    <Filter Include="lib\aws\mqtt">
      <UniqueIdentifier>{b1949b51-0142-408d-96d5-281fd47f8d57}</UniqueIdentifier>
    </Filter>
    <Filter Include="lib\aws\pkcs11">
      <UniqueIdentifier>{f09fa409-2744-4169-b767-625b1990d082}</UniqueIdentifier>
    </Filter>
    <Filter Include="lib\aws\secure_sockets">
      <UniqueIdentifier>{7e5011bc-b7df-4d96-a8cf-35eaf4d4a6b9}</UniqueIdentifier>
    </Filter>
    <Filter Include="lib\aws\shadow">
      <UniqueIdentifier>{78e21971-7033-4577-a74f-9345e19c931c}</UniqueIdentifier>
    </Filter>
    <Filter Include="lib\aws\tls">
      <UniqueIdentifier>{99f0b84a-a885-4735-b120-7177c1c8cab3}</UniqueIdentifier>
    </Filter>
    <Filter Include="lib\aws\utils">
      <UniqueIdentifier>{e5a01b49-5e1b-4b2a-adca-7bfc8ea78445}</UniqueIdentifier>
    </Filter>
    <Filter Include="lib\aws\crypto">
      <UniqueIdentifier>{dc5905e3-8713-461c-84ad-6914b34def0e}</UniqueIdentifier>
    </Filter>
    <Filter Include="lib\aws\FreeRTOS-Plus-TCP">
      <UniqueIdentifier>{8672fa26-b119-481f-8b8d-086419c01a3e}</UniqueIdentifier>
    </Filter>
    <Filter Include="lib\aws\FreeRTOS-Plus-TCP\include">
      <UniqueIdentifier>{5d93ed51-023a-41ad-9243-8d230165d34b}</UniqueIdentifier>
    </Filter>
    <Filter Include="lib\aws\FreeRTOS-Plus-TCP\source">
      <UniqueIdentifier>{c3c30702-b41d-4838-9cc8-1070202e8466}</UniqueIdentifier>
    </Filter>
    <Filter Include="lib\aws\FreeRTOS-Plus-TCP\source\portable">
      <UniqueIdentifier>{4570be11-ec96-4b55-ac58-24b50ada980a}</UniqueIdentifier>
    </Filter>
    <Filter Include="config_files">
      <UniqueIdentifier>{a6b4f4d5-32bf-46fe-a9e6-61c73077bd64}</UniqueIdentifier>
    </Filter>
    <Filter Include="application_code\common_demos">
      <UniqueIdentifier>{a959aa8d-fc12-4998-993c-982962a1c1d1}</UniqueIdentifier>
    </Filter>
    <Filter Include="application_code\common_demos\include">
      <UniqueIdentifier>{3d1ab3f7-a761-4a59-9e9c-83556ce12a89}</UniqueIdentifier>
    </Filter>
    <Filter Include="application_code\common_demos\source">
      <UniqueIdentifier>{91d81c6c-2278-4800-bee8-63ea4055b35c}</UniqueIdentifier>
    </Filter>
    <Filter Include="lib\third_party\mbedtls\include\mbedtls">
      <UniqueIdentifier>{ad53f917-1bcc-4659-b8e4-c4e232197178}</UniqueIdentifier>
    </Filter>
    <Filter Include="lib\aws\ota">
      <UniqueIdentifier>{216bfb55-1950-4c32-ab5a-5f4511e26211}</UniqueIdentifier>
    </Filter>
    <Filter Include="lib\third_party\tinycbor">
      <UniqueIdentifier>{acb87626-5ba7-42b9-b8f6-7f32780e3063}</UniqueIdentifier>
    </Filter>
    <Filter Include="lib\aws\bufferpool">
      <UniqueIdentifier>{447969ff-32a6-4f26-8003-c6280f2c33fa}</UniqueIdentifier>
    </Filter>
    <Filter Include="lib\aws\FreeRTOS\portable">
      <UniqueIdentifier>{5d2c3270-2f3d-423f-8271-26e0883560c5}</UniqueIdentifier>
    </Filter>
    <Filter Include="lib\aws\FreeRTOS\portable\MemMang">
      <UniqueIdentifier>{673fcf78-fa5d-4db8-8084-b8e9e67383e5}</UniqueIdentifier>
    </Filter>
    <Filter Include="lib\aws\FreeRTOS\portable\MSVC-MingW">
      <UniqueIdentifier>{5a135d1a-e25c-469f-b362-ee2ffbe6a5bb}</UniqueIdentifier>
    </Filter>
    <Filter Include="lib\aws\include\private">
      <UniqueIdentifier>{322d7873-75b0-487b-9128-2efdcaf52868}</UniqueIdentifier>
    </Filter>
    <Filter Include="lib\aws\cbor">
      <UniqueIdentifier>{3324cc96-1b02-4a5e-8f4b-1569c046176d}</UniqueIdentifier>
    </Filter>
    <Filter Include="lib\aws\defender">
      <UniqueIdentifier>{769267e3-0b83-4f0e-8a3f-73d9049dd116}</UniqueIdentifier>
    </Filter>
    <Filter Include="lib\aws\defender\metrics">
      <UniqueIdentifier>{5e2639d3-1f9a-42c8-9f70-0b6d25b1e71f}</UniqueIdentifier>
    </Filter>
    <Filter Include="lib\aws\defender\portable">
      <UniqueIdentifier>{e54c5813-1e97-4998-beb2-ae0380acc18a}</UniqueIdentifier>
    </Filter>
    <Filter Include="lib\aws\defender\report">
      <UniqueIdentifier>{f2f71a82-8d57-4359-9678-c0932eb431d5}</UniqueIdentifier>
    </Filter>
  </ItemGroup>
  <ItemGroup>
    <ClCompile Include="..\..\..\..\lib\crypto\aws_crypto.c">
      <Filter>lib\aws\crypto</Filter>
    </ClCompile>
    <ClCompile Include="..\..\..\..\lib\greengrass\aws_greengrass_discovery.c">
      <Filter>lib\aws\greengrass</Filter>
    </ClCompile>
    <ClCompile Include="..\..\..\..\lib\greengrass\aws_helper_secure_connect.c">
      <Filter>lib\aws\greengrass</Filter>
    </ClCompile>
    <ClCompile Include="..\..\..\..\lib\mqtt\aws_mqtt_lib.c">
      <Filter>lib\aws\mqtt</Filter>
    </ClCompile>
    <ClCompile Include="..\..\..\..\lib\shadow\aws_shadow.c">
      <Filter>lib\aws\shadow</Filter>
    </ClCompile>
    <ClCompile Include="..\..\..\..\lib\shadow\aws_shadow_json.c">
      <Filter>lib\aws\shadow</Filter>
    </ClCompile>
    <ClCompile Include="..\..\..\..\lib\FreeRTOS-Plus-TCP\source\FreeRTOS_ARP.c">
      <Filter>lib\aws\FreeRTOS-Plus-TCP\source</Filter>
    </ClCompile>
    <ClCompile Include="..\..\..\..\lib\FreeRTOS-Plus-TCP\source\FreeRTOS_DHCP.c">
      <Filter>lib\aws\FreeRTOS-Plus-TCP\source</Filter>
    </ClCompile>
    <ClCompile Include="..\..\..\..\lib\FreeRTOS-Plus-TCP\source\FreeRTOS_DNS.c">
      <Filter>lib\aws\FreeRTOS-Plus-TCP\source</Filter>
    </ClCompile>
    <ClCompile Include="..\..\..\..\lib\FreeRTOS-Plus-TCP\source\FreeRTOS_IP.c">
      <Filter>lib\aws\FreeRTOS-Plus-TCP\source</Filter>
    </ClCompile>
    <ClCompile Include="..\..\..\..\lib\FreeRTOS-Plus-TCP\source\FreeRTOS_Sockets.c">
      <Filter>lib\aws\FreeRTOS-Plus-TCP\source</Filter>
    </ClCompile>
    <ClCompile Include="..\..\..\..\lib\FreeRTOS-Plus-TCP\source\FreeRTOS_Stream_Buffer.c">
      <Filter>lib\aws\FreeRTOS-Plus-TCP\source</Filter>
    </ClCompile>
    <ClCompile Include="..\..\..\..\lib\FreeRTOS-Plus-TCP\source\FreeRTOS_TCP_IP.c">
      <Filter>lib\aws\FreeRTOS-Plus-TCP\source</Filter>
    </ClCompile>
    <ClCompile Include="..\..\..\..\lib\FreeRTOS-Plus-TCP\source\FreeRTOS_TCP_WIN.c">
      <Filter>lib\aws\FreeRTOS-Plus-TCP\source</Filter>
    </ClCompile>
    <ClCompile Include="..\..\..\..\lib\FreeRTOS-Plus-TCP\source\FreeRTOS_UDP_IP.c">
      <Filter>lib\aws\FreeRTOS-Plus-TCP\source</Filter>
    </ClCompile>
    <ClCompile Include="..\..\..\..\lib\FreeRTOS-Plus-TCP\source\portable\BufferManagement\BufferAllocation_2.c">
      <Filter>lib\aws\FreeRTOS-Plus-TCP\source\portable</Filter>
    </ClCompile>
    <ClCompile Include="..\..\..\..\lib\FreeRTOS-Plus-TCP\source\portable\NetworkInterface\WinPCap\NetworkInterface.c">
      <Filter>lib\aws\FreeRTOS-Plus-TCP\source\portable</Filter>
    </ClCompile>
    <ClCompile Include="..\..\..\..\lib\third_party\jsmn\jsmn.c">
      <Filter>lib\third_party\jsmn</Filter>
    </ClCompile>
    <ClCompile Include="..\..\..\..\lib\third_party\mbedtls\library\aes.c">
      <Filter>lib\third_party\mbedtls</Filter>
    </ClCompile>
    <ClCompile Include="..\..\..\..\lib\third_party\mbedtls\library\aesni.c">
      <Filter>lib\third_party\mbedtls</Filter>
    </ClCompile>
    <ClCompile Include="..\..\..\..\lib\third_party\mbedtls\library\arc4.c">
      <Filter>lib\third_party\mbedtls</Filter>
    </ClCompile>
    <ClCompile Include="..\..\..\..\lib\third_party\mbedtls\library\asn1parse.c">
      <Filter>lib\third_party\mbedtls</Filter>
    </ClCompile>
    <ClCompile Include="..\..\..\..\lib\third_party\mbedtls\library\asn1write.c">
      <Filter>lib\third_party\mbedtls</Filter>
    </ClCompile>
    <ClCompile Include="..\..\..\..\lib\third_party\mbedtls\library\base64.c">
      <Filter>lib\third_party\mbedtls</Filter>
    </ClCompile>
    <ClCompile Include="..\..\..\..\lib\third_party\mbedtls\library\bignum.c">
      <Filter>lib\third_party\mbedtls</Filter>
    </ClCompile>
    <ClCompile Include="..\..\..\..\lib\third_party\mbedtls\library\blowfish.c">
      <Filter>lib\third_party\mbedtls</Filter>
    </ClCompile>
    <ClCompile Include="..\..\..\..\lib\third_party\mbedtls\library\camellia.c">
      <Filter>lib\third_party\mbedtls</Filter>
    </ClCompile>
    <ClCompile Include="..\..\..\..\lib\third_party\mbedtls\library\ccm.c">
      <Filter>lib\third_party\mbedtls</Filter>
    </ClCompile>
    <ClCompile Include="..\..\..\..\lib\third_party\mbedtls\library\certs.c">
      <Filter>lib\third_party\mbedtls</Filter>
    </ClCompile>
    <ClCompile Include="..\..\..\..\lib\third_party\mbedtls\library\cipher.c">
      <Filter>lib\third_party\mbedtls</Filter>
    </ClCompile>
    <ClCompile Include="..\..\..\..\lib\third_party\mbedtls\library\cipher_wrap.c">
      <Filter>lib\third_party\mbedtls</Filter>
    </ClCompile>
    <ClCompile Include="..\..\..\..\lib\third_party\mbedtls\library\cmac.c">
      <Filter>lib\third_party\mbedtls</Filter>
    </ClCompile>
    <ClCompile Include="..\..\..\..\lib\third_party\mbedtls\library\ctr_drbg.c">
      <Filter>lib\third_party\mbedtls</Filter>
    </ClCompile>
    <ClCompile Include="..\..\..\..\lib\third_party\mbedtls\library\debug.c">
      <Filter>lib\third_party\mbedtls</Filter>
    </ClCompile>
    <ClCompile Include="..\..\..\..\lib\third_party\mbedtls\library\des.c">
      <Filter>lib\third_party\mbedtls</Filter>
    </ClCompile>
    <ClCompile Include="..\..\..\..\lib\third_party\mbedtls\library\dhm.c">
      <Filter>lib\third_party\mbedtls</Filter>
    </ClCompile>
    <ClCompile Include="..\..\..\..\lib\third_party\mbedtls\library\ecdh.c">
      <Filter>lib\third_party\mbedtls</Filter>
    </ClCompile>
    <ClCompile Include="..\..\..\..\lib\third_party\mbedtls\library\ecdsa.c">
      <Filter>lib\third_party\mbedtls</Filter>
    </ClCompile>
    <ClCompile Include="..\..\..\..\lib\third_party\mbedtls\library\ecjpake.c">
      <Filter>lib\third_party\mbedtls</Filter>
    </ClCompile>
    <ClCompile Include="..\..\..\..\lib\third_party\mbedtls\library\ecp.c">
      <Filter>lib\third_party\mbedtls</Filter>
    </ClCompile>
    <ClCompile Include="..\..\..\..\lib\third_party\mbedtls\library\ecp_curves.c">
      <Filter>lib\third_party\mbedtls</Filter>
    </ClCompile>
    <ClCompile Include="..\..\..\..\lib\third_party\mbedtls\library\entropy.c">
      <Filter>lib\third_party\mbedtls</Filter>
    </ClCompile>
    <ClCompile Include="..\..\..\..\lib\third_party\mbedtls\library\entropy_poll.c">
      <Filter>lib\third_party\mbedtls</Filter>
    </ClCompile>
    <ClCompile Include="..\..\..\..\lib\third_party\mbedtls\library\error.c">
      <Filter>lib\third_party\mbedtls</Filter>
    </ClCompile>
    <ClCompile Include="..\..\..\..\lib\third_party\mbedtls\library\gcm.c">
      <Filter>lib\third_party\mbedtls</Filter>
    </ClCompile>
    <ClCompile Include="..\..\..\..\lib\third_party\mbedtls\library\havege.c">
      <Filter>lib\third_party\mbedtls</Filter>
    </ClCompile>
    <ClCompile Include="..\..\..\..\lib\third_party\mbedtls\library\hmac_drbg.c">
      <Filter>lib\third_party\mbedtls</Filter>
    </ClCompile>
    <ClCompile Include="..\..\..\..\lib\third_party\mbedtls\library\md.c">
      <Filter>lib\third_party\mbedtls</Filter>
    </ClCompile>
    <ClCompile Include="..\..\..\..\lib\third_party\mbedtls\library\md_wrap.c">
      <Filter>lib\third_party\mbedtls</Filter>
    </ClCompile>
    <ClCompile Include="..\..\..\..\lib\third_party\mbedtls\library\md2.c">
      <Filter>lib\third_party\mbedtls</Filter>
    </ClCompile>
    <ClCompile Include="..\..\..\..\lib\third_party\mbedtls\library\md4.c">
      <Filter>lib\third_party\mbedtls</Filter>
    </ClCompile>
    <ClCompile Include="..\..\..\..\lib\third_party\mbedtls\library\md5.c">
      <Filter>lib\third_party\mbedtls</Filter>
    </ClCompile>
    <ClCompile Include="..\..\..\..\lib\third_party\mbedtls\library\memory_buffer_alloc.c">
      <Filter>lib\third_party\mbedtls</Filter>
    </ClCompile>
    <ClCompile Include="..\..\..\..\lib\third_party\mbedtls\library\net_sockets.c">
      <Filter>lib\third_party\mbedtls</Filter>
    </ClCompile>
    <ClCompile Include="..\..\..\..\lib\third_party\mbedtls\library\oid.c">
      <Filter>lib\third_party\mbedtls</Filter>
    </ClCompile>
    <ClCompile Include="..\..\..\..\lib\third_party\mbedtls\library\padlock.c">
      <Filter>lib\third_party\mbedtls</Filter>
    </ClCompile>
    <ClCompile Include="..\..\..\..\lib\third_party\mbedtls\library\pem.c">
      <Filter>lib\third_party\mbedtls</Filter>
    </ClCompile>
    <ClCompile Include="..\..\..\..\lib\third_party\mbedtls\library\pk.c">
      <Filter>lib\third_party\mbedtls</Filter>
    </ClCompile>
    <ClCompile Include="..\..\..\..\lib\third_party\mbedtls\library\pk_wrap.c">
      <Filter>lib\third_party\mbedtls</Filter>
    </ClCompile>
    <ClCompile Include="..\..\..\..\lib\third_party\mbedtls\library\pkcs5.c">
      <Filter>lib\third_party\mbedtls</Filter>
    </ClCompile>
    <ClCompile Include="..\..\..\..\lib\third_party\mbedtls\library\pkcs12.c">
      <Filter>lib\third_party\mbedtls</Filter>
    </ClCompile>
    <ClCompile Include="..\..\..\..\lib\third_party\mbedtls\library\pkparse.c">
      <Filter>lib\third_party\mbedtls</Filter>
    </ClCompile>
    <ClCompile Include="..\..\..\..\lib\third_party\mbedtls\library\pkwrite.c">
      <Filter>lib\third_party\mbedtls</Filter>
    </ClCompile>
    <ClCompile Include="..\..\..\..\lib\third_party\mbedtls\library\platform.c">
      <Filter>lib\third_party\mbedtls</Filter>
    </ClCompile>
    <ClCompile Include="..\..\..\..\lib\third_party\mbedtls\library\ripemd160.c">
      <Filter>lib\third_party\mbedtls</Filter>
    </ClCompile>
    <ClCompile Include="..\..\..\..\lib\third_party\mbedtls\library\rsa.c">
      <Filter>lib\third_party\mbedtls</Filter>
    </ClCompile>
    <ClCompile Include="..\..\..\..\lib\third_party\mbedtls\library\sha1.c">
      <Filter>lib\third_party\mbedtls</Filter>
    </ClCompile>
    <ClCompile Include="..\..\..\..\lib\third_party\mbedtls\library\sha256.c">
      <Filter>lib\third_party\mbedtls</Filter>
    </ClCompile>
    <ClCompile Include="..\..\..\..\lib\third_party\mbedtls\library\sha512.c">
      <Filter>lib\third_party\mbedtls</Filter>
    </ClCompile>
    <ClCompile Include="..\..\..\..\lib\third_party\mbedtls\library\ssl_cache.c">
      <Filter>lib\third_party\mbedtls</Filter>
    </ClCompile>
    <ClCompile Include="..\..\..\..\lib\third_party\mbedtls\library\ssl_ciphersuites.c">
      <Filter>lib\third_party\mbedtls</Filter>
    </ClCompile>
    <ClCompile Include="..\..\..\..\lib\third_party\mbedtls\library\ssl_cli.c">
      <Filter>lib\third_party\mbedtls</Filter>
    </ClCompile>
    <ClCompile Include="..\..\..\..\lib\third_party\mbedtls\library\ssl_cookie.c">
      <Filter>lib\third_party\mbedtls</Filter>
    </ClCompile>
    <ClCompile Include="..\..\..\..\lib\third_party\mbedtls\library\ssl_srv.c">
      <Filter>lib\third_party\mbedtls</Filter>
    </ClCompile>
    <ClCompile Include="..\..\..\..\lib\third_party\mbedtls\library\ssl_ticket.c">
      <Filter>lib\third_party\mbedtls</Filter>
    </ClCompile>
    <ClCompile Include="..\..\..\..\lib\third_party\mbedtls\library\ssl_tls.c">
      <Filter>lib\third_party\mbedtls</Filter>
    </ClCompile>
    <ClCompile Include="..\..\..\..\lib\third_party\mbedtls\library\threading.c">
      <Filter>lib\third_party\mbedtls</Filter>
    </ClCompile>
    <ClCompile Include="..\..\..\..\lib\third_party\mbedtls\library\timing.c">
      <Filter>lib\third_party\mbedtls</Filter>
    </ClCompile>
    <ClCompile Include="..\..\..\..\lib\third_party\mbedtls\library\version.c">
      <Filter>lib\third_party\mbedtls</Filter>
    </ClCompile>
    <ClCompile Include="..\..\..\..\lib\third_party\mbedtls\library\version_features.c">
      <Filter>lib\third_party\mbedtls</Filter>
    </ClCompile>
    <ClCompile Include="..\..\..\..\lib\third_party\mbedtls\library\x509.c">
      <Filter>lib\third_party\mbedtls</Filter>
    </ClCompile>
    <ClCompile Include="..\..\..\..\lib\third_party\mbedtls\library\x509_create.c">
      <Filter>lib\third_party\mbedtls</Filter>
    </ClCompile>
    <ClCompile Include="..\..\..\..\lib\third_party\mbedtls\library\x509_crl.c">
      <Filter>lib\third_party\mbedtls</Filter>
    </ClCompile>
    <ClCompile Include="..\..\..\..\lib\third_party\mbedtls\library\x509_crt.c">
      <Filter>lib\third_party\mbedtls</Filter>
    </ClCompile>
    <ClCompile Include="..\..\..\..\lib\third_party\mbedtls\library\x509_csr.c">
      <Filter>lib\third_party\mbedtls</Filter>
    </ClCompile>
    <ClCompile Include="..\..\..\..\lib\third_party\mbedtls\library\x509write_crt.c">
      <Filter>lib\third_party\mbedtls</Filter>
    </ClCompile>
    <ClCompile Include="..\..\..\..\lib\third_party\mbedtls\library\x509write_csr.c">
      <Filter>lib\third_party\mbedtls</Filter>
    </ClCompile>
    <ClCompile Include="..\..\..\..\lib\third_party\mbedtls\library\xtea.c">
      <Filter>lib\third_party\mbedtls</Filter>
    </ClCompile>
    <ClCompile Include="..\..\..\..\lib\third_party\tracealyzer_recorder\trcKernelPort.c">
      <Filter>lib\third_party\tracealyzer_recorder</Filter>
    </ClCompile>
    <ClCompile Include="..\..\..\..\lib\third_party\tracealyzer_recorder\trcSnapshotRecorder.c">
      <Filter>lib\third_party\tracealyzer_recorder</Filter>
    </ClCompile>
    <ClCompile Include="..\..\..\..\lib\ota\aws_ota_agent.c">
      <Filter>lib\aws\ota</Filter>
    </ClCompile>
    <ClCompile Include="..\..\..\..\lib\ota\aws_ota_cbor.c">
      <Filter>lib\aws\ota</Filter>
    </ClCompile>
    <ClCompile Include="..\..\..\..\lib\third_party\tinycbor\cborencoder.c">
      <Filter>lib\third_party\tinycbor</Filter>
    </ClCompile>
    <ClCompile Include="..\..\..\..\lib\third_party\tinycbor\cborencoder_close_container_checked.c">
      <Filter>lib\third_party\tinycbor</Filter>
    </ClCompile>
    <ClCompile Include="..\..\..\..\lib\third_party\tinycbor\cborerrorstrings.c">
      <Filter>lib\third_party\tinycbor</Filter>
    </ClCompile>
    <ClCompile Include="..\..\..\..\lib\third_party\tinycbor\cborparser.c">
      <Filter>lib\third_party\tinycbor</Filter>
    </ClCompile>
    <ClCompile Include="..\..\..\..\lib\third_party\tinycbor\cborparser_dup_string.c">
      <Filter>lib\third_party\tinycbor</Filter>
    </ClCompile>
    <ClCompile Include="..\..\..\..\lib\third_party\tinycbor\cborpretty.c">
      <Filter>lib\third_party\tinycbor</Filter>
    </ClCompile>
    <ClCompile Include="..\..\..\..\lib\bufferpool\aws_bufferpool_static_thread_safe.c">
      <Filter>lib\aws\bufferpool</Filter>
    </ClCompile>
    <ClCompile Include="..\..\..\common\demo_runner\aws_demo_runner.c">
      <Filter>application_code\common_demos\source</Filter>
    </ClCompile>
    <ClCompile Include="..\..\..\common\greengrass_connectivity\aws_greengrass_discovery_demo.c">
      <Filter>application_code\common_demos\source</Filter>
    </ClCompile>
    <ClCompile Include="..\..\..\common\ota\aws_ota_update_demo.c">
      <Filter>application_code\common_demos\source</Filter>
    </ClCompile>
    <ClCompile Include="..\..\..\common\shadow\aws_shadow_lightbulb_on_off.c">
      <Filter>application_code\common_demos\source</Filter>
    </ClCompile>
    <ClCompile Include="..\..\..\common\tcp\aws_simple_tcp_echo_server.c">
      <Filter>application_code\common_demos\source</Filter>
    </ClCompile>
    <ClCompile Include="..\..\..\common\tcp\aws_tcp_echo_client_single_task.c">
      <Filter>application_code\common_demos\source</Filter>
    </ClCompile>
    <ClCompile Include="..\..\..\common\mqtt\aws_subscribe_publish_loop.c">
      <Filter>application_code\common_demos\source</Filter>
    </ClCompile>
    <ClCompile Include="..\common\application_code\aws_demo_logging.c">
      <Filter>application_code</Filter>
    </ClCompile>
    <ClCompile Include="..\common\application_code\aws_entropy_hardware_poll.c">
      <Filter>application_code</Filter>
    </ClCompile>
    <ClCompile Include="..\common\application_code\aws_run-time-stats-utils.c">
      <Filter>application_code</Filter>
    </ClCompile>
    <ClCompile Include="..\common\application_code\main.c">
      <Filter>application_code</Filter>
    </ClCompile>
    <ClCompile Include="..\..\..\..\lib\FreeRTOS\event_groups.c">
      <Filter>lib\aws\FreeRTOS</Filter>
    </ClCompile>
    <ClCompile Include="..\..\..\..\lib\FreeRTOS\list.c">
      <Filter>lib\aws\FreeRTOS</Filter>
    </ClCompile>
    <ClCompile Include="..\..\..\..\lib\FreeRTOS\queue.c">
      <Filter>lib\aws\FreeRTOS</Filter>
    </ClCompile>
    <ClCompile Include="..\..\..\..\lib\FreeRTOS\stream_buffer.c">
      <Filter>lib\aws\FreeRTOS</Filter>
    </ClCompile>
    <ClCompile Include="..\..\..\..\lib\FreeRTOS\tasks.c">
      <Filter>lib\aws\FreeRTOS</Filter>
    </ClCompile>
    <ClCompile Include="..\..\..\..\lib\FreeRTOS\timers.c">
      <Filter>lib\aws\FreeRTOS</Filter>
    </ClCompile>
    <ClCompile Include="..\..\..\..\lib\FreeRTOS\portable\MemMang\heap_4.c">
      <Filter>lib\aws\FreeRTOS\portable\MemMang</Filter>
    </ClCompile>
    <ClCompile Include="..\..\..\..\lib\FreeRTOS\portable\MSVC-MingW\port.c">
      <Filter>lib\aws\FreeRTOS\portable\MSVC-MingW</Filter>
    </ClCompile>
    <ClCompile Include="..\..\..\..\lib\ota\portable\pc\windows\aws_ota_pal.c">
      <Filter>lib\aws\ota</Filter>
    </ClCompile>
    <ClCompile Include="..\..\..\common\mqtt\aws_hello_world.c">
      <Filter>application_code\common_demos\source</Filter>
    </ClCompile>
    <ClCompile Include="..\..\..\..\lib\mqtt\aws_mqtt_agent.c">
      <Filter>lib\aws\mqtt</Filter>
    </ClCompile>
    <ClCompile Include="..\..\..\..\lib\utils\aws_system_init.c">
      <Filter>lib\aws\utils</Filter>
    </ClCompile>
    <ClCompile Include="..\..\..\..\lib\tls\aws_tls.c">
      <Filter>lib\aws\tls</Filter>
    </ClCompile>
    <ClCompile Include="..\..\..\common\tcp\aws_tcp_echo_client_separate_tasks.c">
      <Filter>application_code\common_demos\source</Filter>
    </ClCompile>
    <ClCompile Include="..\..\..\common\devmode_key_provisioning\aws_dev_mode_key_provisioning.c">
      <Filter>application_code\common_demos\source</Filter>
    </ClCompile>
    <ClCompile Include="..\..\..\..\lib\secure_sockets\portable\freertos_plus_tcp\aws_secure_sockets.c">
      <Filter>lib\aws\secure_sockets</Filter>
    </ClCompile>
    <ClCompile Include="..\..\..\..\lib\third_party\mbedtls\library\rsa_internal.c">
      <Filter>lib\third_party\mbedtls</Filter>
    </ClCompile>
    <ClCompile Include="..\..\..\..\lib\pkcs11\mbedtls\aws_pkcs11_mbedtls.c">
      <Filter>lib\aws\pkcs11</Filter>
    </ClCompile>
    <ClCompile Include="..\..\..\..\lib\pkcs11\portable\pc\windows\aws_pkcs11_pal.c">
      <Filter>lib\aws\pkcs11</Filter>
    </ClCompile>
    <ClCompile Include="..\..\..\common\defender\aws_defender_demo.c">
      <Filter>application_code\common_demos\source</Filter>
    </ClCompile>
    <ClCompile Include="..\..\..\..\lib\cbor\src\aws_cbor.c">
      <Filter>lib\aws\cbor</Filter>
    </ClCompile>
    <ClCompile Include="..\..\..\..\lib\cbor\src\aws_cbor_alloc.c">
      <Filter>lib\aws\cbor</Filter>
    </ClCompile>
    <ClCompile Include="..\..\..\..\lib\cbor\src\aws_cbor_int.c">
      <Filter>lib\aws\cbor</Filter>
    </ClCompile>
    <ClCompile Include="..\..\..\..\lib\cbor\src\aws_cbor_iter.c">
      <Filter>lib\aws\cbor</Filter>
    </ClCompile>
    <ClCompile Include="..\..\..\..\lib\cbor\src\aws_cbor_map.c">
      <Filter>lib\aws\cbor</Filter>
    </ClCompile>
    <ClCompile Include="..\..\..\..\lib\cbor\src\aws_cbor_mem.c">
      <Filter>lib\aws\cbor</Filter>
    </ClCompile>
    <ClCompile Include="..\..\..\..\lib\cbor\src\aws_cbor_print.c">
      <Filter>lib\aws\cbor</Filter>
    </ClCompile>
    <ClCompile Include="..\..\..\..\lib\cbor\src\aws_cbor_string.c">
      <Filter>lib\aws\cbor</Filter>
    </ClCompile>
    <ClCompile Include="..\..\..\..\lib\defender\aws_defender.c">
      <Filter>lib\aws\defender</Filter>
    </ClCompile>
    <ClCompile Include="..\..\..\..\lib\defender\report\aws_defender_report_tcp_conn.c">
      <Filter>lib\aws\defender\report</Filter>
    </ClCompile>
    <ClCompile Include="..\..\..\..\lib\defender\report\aws_defender_report_uptime.c">
      <Filter>lib\aws\defender\report</Filter>
    </ClCompile>
    <ClCompile Include="..\..\..\..\lib\defender\report\aws_defender_report.c">
      <Filter>lib\aws\defender\report</Filter>
    </ClCompile>
    <ClCompile Include="..\..\..\..\lib\defender\report\aws_defender_report_cpu.c">
      <Filter>lib\aws\defender\report</Filter>
    </ClCompile>
    <ClCompile Include="..\..\..\..\lib\defender\report\aws_defender_report_header.c">
      <Filter>lib\aws\defender\report</Filter>
    </ClCompile>
    <ClCompile Include="..\..\..\..\lib\defender\portable\freertos\aws_defender_cpu.c">
      <Filter>lib\aws\defender\portable</Filter>
    </ClCompile>
    <ClCompile Include="..\..\..\..\lib\defender\portable\freertos\aws_defender_tcp_conn.c">
      <Filter>lib\aws\defender\portable</Filter>
    </ClCompile>
    <ClCompile Include="..\..\..\..\lib\defender\portable\freertos\aws_defender_uptime.c">
      <Filter>lib\aws\defender\portable</Filter>
    </ClCompile>
    <ClCompile Include="..\..\..\..\lib\third_party\mbedtls\library\platform_util.c">
      <Filter>lib\third_party\mbedtls</Filter>
    </ClCompile>
  </ItemGroup>
  <ItemGroup>
    <ClInclude Include="..\..\..\..\lib\FreeRTOS-Plus-TCP\include\FreeRTOS_ARP.h">
      <Filter>lib\aws\FreeRTOS-Plus-TCP\include</Filter>
    </ClInclude>
    <ClInclude Include="..\..\..\..\lib\FreeRTOS-Plus-TCP\include\FreeRTOS_DHCP.h">
      <Filter>lib\aws\FreeRTOS-Plus-TCP\include</Filter>
    </ClInclude>
    <ClInclude Include="..\..\..\..\lib\FreeRTOS-Plus-TCP\include\FreeRTOS_DNS.h">
      <Filter>lib\aws\FreeRTOS-Plus-TCP\include</Filter>
    </ClInclude>
    <ClInclude Include="..\..\..\..\lib\FreeRTOS-Plus-TCP\include\FreeRTOS_errno_TCP.h">
      <Filter>lib\aws\FreeRTOS-Plus-TCP\include</Filter>
    </ClInclude>
    <ClInclude Include="..\..\..\..\lib\FreeRTOS-Plus-TCP\include\FreeRTOS_IP.h">
      <Filter>lib\aws\FreeRTOS-Plus-TCP\include</Filter>
    </ClInclude>
    <ClInclude Include="..\..\..\..\lib\FreeRTOS-Plus-TCP\include\FreeRTOS_Sockets.h">
      <Filter>lib\aws\FreeRTOS-Plus-TCP\include</Filter>
    </ClInclude>
    <ClInclude Include="..\..\..\..\lib\FreeRTOS-Plus-TCP\include\FreeRTOS_Stream_Buffer.h">
      <Filter>lib\aws\FreeRTOS-Plus-TCP\include</Filter>
    </ClInclude>
    <ClInclude Include="..\..\..\..\lib\FreeRTOS-Plus-TCP\include\FreeRTOS_TCP_IP.h">
      <Filter>lib\aws\FreeRTOS-Plus-TCP\include</Filter>
    </ClInclude>
    <ClInclude Include="..\..\..\..\lib\FreeRTOS-Plus-TCP\include\FreeRTOS_TCP_WIN.h">
      <Filter>lib\aws\FreeRTOS-Plus-TCP\include</Filter>
    </ClInclude>
    <ClInclude Include="..\..\..\..\lib\FreeRTOS-Plus-TCP\include\FreeRTOS_UDP_IP.h">
      <Filter>lib\aws\FreeRTOS-Plus-TCP\include</Filter>
    </ClInclude>
    <ClInclude Include="..\..\..\..\lib\FreeRTOS-Plus-TCP\include\FreeRTOSIPConfigDefaults.h">
      <Filter>lib\aws\FreeRTOS-Plus-TCP\include</Filter>
    </ClInclude>
    <ClInclude Include="..\..\..\..\lib\FreeRTOS-Plus-TCP\include\IPTraceMacroDefaults.h">
      <Filter>lib\aws\FreeRTOS-Plus-TCP\include</Filter>
    </ClInclude>
    <ClInclude Include="..\..\..\..\lib\FreeRTOS-Plus-TCP\include\NetworkBufferManagement.h">
      <Filter>lib\aws\FreeRTOS-Plus-TCP\include</Filter>
    </ClInclude>
    <ClInclude Include="..\..\..\..\lib\FreeRTOS-Plus-TCP\include\NetworkInterface.h">
      <Filter>lib\aws\FreeRTOS-Plus-TCP\include</Filter>
    </ClInclude>
    <ClInclude Include="..\..\..\..\lib\third_party\jsmn\jsmn.h">
      <Filter>lib\third_party\jsmn</Filter>
    </ClInclude>
    <ClInclude Include="..\..\..\..\lib\third_party\mbedtls\include\mbedtls\aes.h">
      <Filter>lib\third_party\mbedtls\include\mbedtls</Filter>
    </ClInclude>
    <ClInclude Include="..\..\..\..\lib\third_party\mbedtls\include\mbedtls\aesni.h">
      <Filter>lib\third_party\mbedtls\include\mbedtls</Filter>
    </ClInclude>
    <ClInclude Include="..\..\..\..\lib\third_party\mbedtls\include\mbedtls\arc4.h">
      <Filter>lib\third_party\mbedtls\include\mbedtls</Filter>
    </ClInclude>
    <ClInclude Include="..\..\..\..\lib\third_party\mbedtls\include\mbedtls\asn1.h">
      <Filter>lib\third_party\mbedtls\include\mbedtls</Filter>
    </ClInclude>
    <ClInclude Include="..\..\..\..\lib\third_party\mbedtls\include\mbedtls\asn1write.h">
      <Filter>lib\third_party\mbedtls\include\mbedtls</Filter>
    </ClInclude>
    <ClInclude Include="..\..\..\..\lib\third_party\mbedtls\include\mbedtls\base64.h">
      <Filter>lib\third_party\mbedtls\include\mbedtls</Filter>
    </ClInclude>
    <ClInclude Include="..\..\..\..\lib\third_party\mbedtls\include\mbedtls\bignum.h">
      <Filter>lib\third_party\mbedtls\include\mbedtls</Filter>
    </ClInclude>
    <ClInclude Include="..\..\..\..\lib\third_party\mbedtls\include\mbedtls\blowfish.h">
      <Filter>lib\third_party\mbedtls\include\mbedtls</Filter>
    </ClInclude>
    <ClInclude Include="..\..\..\..\lib\third_party\mbedtls\include\mbedtls\bn_mul.h">
      <Filter>lib\third_party\mbedtls\include\mbedtls</Filter>
    </ClInclude>
    <ClInclude Include="..\..\..\..\lib\third_party\mbedtls\include\mbedtls\camellia.h">
      <Filter>lib\third_party\mbedtls\include\mbedtls</Filter>
    </ClInclude>
    <ClInclude Include="..\..\..\..\lib\third_party\mbedtls\include\mbedtls\ccm.h">
      <Filter>lib\third_party\mbedtls\include\mbedtls</Filter>
    </ClInclude>
    <ClInclude Include="..\..\..\..\lib\third_party\mbedtls\include\mbedtls\certs.h">
      <Filter>lib\third_party\mbedtls\include\mbedtls</Filter>
    </ClInclude>
    <ClInclude Include="..\..\..\..\lib\third_party\mbedtls\include\mbedtls\check_config.h">
      <Filter>lib\third_party\mbedtls\include\mbedtls</Filter>
    </ClInclude>
    <ClInclude Include="..\..\..\..\lib\third_party\mbedtls\include\mbedtls\cipher.h">
      <Filter>lib\third_party\mbedtls\include\mbedtls</Filter>
    </ClInclude>
    <ClInclude Include="..\..\..\..\lib\third_party\mbedtls\include\mbedtls\cipher_internal.h">
      <Filter>lib\third_party\mbedtls\include\mbedtls</Filter>
    </ClInclude>
    <ClInclude Include="..\..\..\..\lib\third_party\mbedtls\include\mbedtls\cmac.h">
      <Filter>lib\third_party\mbedtls\include\mbedtls</Filter>
    </ClInclude>
    <ClInclude Include="..\..\..\..\lib\third_party\mbedtls\include\mbedtls\compat-1.3.h">
      <Filter>lib\third_party\mbedtls\include\mbedtls</Filter>
    </ClInclude>
    <ClInclude Include="..\..\..\..\lib\third_party\mbedtls\include\mbedtls\config.h">
      <Filter>lib\third_party\mbedtls\include\mbedtls</Filter>
    </ClInclude>
    <ClInclude Include="..\..\..\..\lib\third_party\mbedtls\include\mbedtls\ctr_drbg.h">
      <Filter>lib\third_party\mbedtls\include\mbedtls</Filter>
    </ClInclude>
    <ClInclude Include="..\..\..\..\lib\third_party\mbedtls\include\mbedtls\debug.h">
      <Filter>lib\third_party\mbedtls\include\mbedtls</Filter>
    </ClInclude>
    <ClInclude Include="..\..\..\..\lib\third_party\mbedtls\include\mbedtls\des.h">
      <Filter>lib\third_party\mbedtls\include\mbedtls</Filter>
    </ClInclude>
    <ClInclude Include="..\..\..\..\lib\third_party\mbedtls\include\mbedtls\dhm.h">
      <Filter>lib\third_party\mbedtls\include\mbedtls</Filter>
    </ClInclude>
    <ClInclude Include="..\..\..\..\lib\third_party\mbedtls\include\mbedtls\ecdh.h">
      <Filter>lib\third_party\mbedtls\include\mbedtls</Filter>
    </ClInclude>
    <ClInclude Include="..\..\..\..\lib\third_party\mbedtls\include\mbedtls\ecdsa.h">
      <Filter>lib\third_party\mbedtls\include\mbedtls</Filter>
    </ClInclude>
    <ClInclude Include="..\..\..\..\lib\third_party\mbedtls\include\mbedtls\ecjpake.h">
      <Filter>lib\third_party\mbedtls\include\mbedtls</Filter>
    </ClInclude>
    <ClInclude Include="..\..\..\..\lib\third_party\mbedtls\include\mbedtls\ecp.h">
      <Filter>lib\third_party\mbedtls\include\mbedtls</Filter>
    </ClInclude>
    <ClInclude Include="..\..\..\..\lib\third_party\mbedtls\include\mbedtls\ecp_internal.h">
      <Filter>lib\third_party\mbedtls\include\mbedtls</Filter>
    </ClInclude>
    <ClInclude Include="..\..\..\..\lib\third_party\mbedtls\include\mbedtls\entropy.h">
      <Filter>lib\third_party\mbedtls\include\mbedtls</Filter>
    </ClInclude>
    <ClInclude Include="..\..\..\..\lib\third_party\mbedtls\include\mbedtls\entropy_poll.h">
      <Filter>lib\third_party\mbedtls\include\mbedtls</Filter>
    </ClInclude>
    <ClInclude Include="..\..\..\..\lib\third_party\mbedtls\include\mbedtls\error.h">
      <Filter>lib\third_party\mbedtls\include\mbedtls</Filter>
    </ClInclude>
    <ClInclude Include="..\..\..\..\lib\third_party\mbedtls\include\mbedtls\gcm.h">
      <Filter>lib\third_party\mbedtls\include\mbedtls</Filter>
    </ClInclude>
    <ClInclude Include="..\..\..\..\lib\third_party\mbedtls\include\mbedtls\havege.h">
      <Filter>lib\third_party\mbedtls\include\mbedtls</Filter>
    </ClInclude>
    <ClInclude Include="..\..\..\..\lib\third_party\mbedtls\include\mbedtls\hmac_drbg.h">
      <Filter>lib\third_party\mbedtls\include\mbedtls</Filter>
    </ClInclude>
    <ClInclude Include="..\..\..\..\lib\third_party\mbedtls\include\mbedtls\md.h">
      <Filter>lib\third_party\mbedtls\include\mbedtls</Filter>
    </ClInclude>
    <ClInclude Include="..\..\..\..\lib\third_party\mbedtls\include\mbedtls\md_internal.h">
      <Filter>lib\third_party\mbedtls\include\mbedtls</Filter>
    </ClInclude>
    <ClInclude Include="..\..\..\..\lib\third_party\mbedtls\include\mbedtls\md2.h">
      <Filter>lib\third_party\mbedtls\include\mbedtls</Filter>
    </ClInclude>
    <ClInclude Include="..\..\..\..\lib\third_party\mbedtls\include\mbedtls\md4.h">
      <Filter>lib\third_party\mbedtls\include\mbedtls</Filter>
    </ClInclude>
    <ClInclude Include="..\..\..\..\lib\third_party\mbedtls\include\mbedtls\md5.h">
      <Filter>lib\third_party\mbedtls\include\mbedtls</Filter>
    </ClInclude>
    <ClInclude Include="..\..\..\..\lib\third_party\mbedtls\include\mbedtls\memory_buffer_alloc.h">
      <Filter>lib\third_party\mbedtls\include\mbedtls</Filter>
    </ClInclude>
    <ClInclude Include="..\..\..\..\lib\third_party\mbedtls\include\mbedtls\net.h">
      <Filter>lib\third_party\mbedtls\include\mbedtls</Filter>
    </ClInclude>
    <ClInclude Include="..\..\..\..\lib\third_party\mbedtls\include\mbedtls\net_sockets.h">
      <Filter>lib\third_party\mbedtls\include\mbedtls</Filter>
    </ClInclude>
    <ClInclude Include="..\..\..\..\lib\third_party\mbedtls\include\mbedtls\oid.h">
      <Filter>lib\third_party\mbedtls\include\mbedtls</Filter>
    </ClInclude>
    <ClInclude Include="..\..\..\..\lib\third_party\mbedtls\include\mbedtls\padlock.h">
      <Filter>lib\third_party\mbedtls\include\mbedtls</Filter>
    </ClInclude>
    <ClInclude Include="..\..\..\..\lib\third_party\mbedtls\include\mbedtls\pem.h">
      <Filter>lib\third_party\mbedtls\include\mbedtls</Filter>
    </ClInclude>
    <ClInclude Include="..\..\..\..\lib\third_party\mbedtls\include\mbedtls\pk.h">
      <Filter>lib\third_party\mbedtls\include\mbedtls</Filter>
    </ClInclude>
    <ClInclude Include="..\..\..\..\lib\third_party\mbedtls\include\mbedtls\pk_internal.h">
      <Filter>lib\third_party\mbedtls\include\mbedtls</Filter>
    </ClInclude>
    <ClInclude Include="..\..\..\..\lib\third_party\mbedtls\include\mbedtls\pkcs5.h">
      <Filter>lib\third_party\mbedtls\include\mbedtls</Filter>
    </ClInclude>
    <ClInclude Include="..\..\..\..\lib\third_party\mbedtls\include\mbedtls\pkcs12.h">
      <Filter>lib\third_party\mbedtls\include\mbedtls</Filter>
    </ClInclude>
    <ClInclude Include="..\..\..\..\lib\third_party\mbedtls\include\mbedtls\platform.h">
      <Filter>lib\third_party\mbedtls\include\mbedtls</Filter>
    </ClInclude>
    <ClInclude Include="..\..\..\..\lib\third_party\mbedtls\include\mbedtls\platform_time.h">
      <Filter>lib\third_party\mbedtls\include\mbedtls</Filter>
    </ClInclude>
    <ClInclude Include="..\..\..\..\lib\third_party\mbedtls\include\mbedtls\ripemd160.h">
      <Filter>lib\third_party\mbedtls\include\mbedtls</Filter>
    </ClInclude>
    <ClInclude Include="..\..\..\..\lib\third_party\mbedtls\include\mbedtls\rsa.h">
      <Filter>lib\third_party\mbedtls\include\mbedtls</Filter>
    </ClInclude>
    <ClInclude Include="..\..\..\..\lib\third_party\mbedtls\include\mbedtls\sha1.h">
      <Filter>lib\third_party\mbedtls\include\mbedtls</Filter>
    </ClInclude>
    <ClInclude Include="..\..\..\..\lib\third_party\mbedtls\include\mbedtls\sha256.h">
      <Filter>lib\third_party\mbedtls\include\mbedtls</Filter>
    </ClInclude>
    <ClInclude Include="..\..\..\..\lib\third_party\mbedtls\include\mbedtls\sha512.h">
      <Filter>lib\third_party\mbedtls\include\mbedtls</Filter>
    </ClInclude>
    <ClInclude Include="..\..\..\..\lib\third_party\mbedtls\include\mbedtls\ssl.h">
      <Filter>lib\third_party\mbedtls\include\mbedtls</Filter>
    </ClInclude>
    <ClInclude Include="..\..\..\..\lib\third_party\mbedtls\include\mbedtls\ssl_cache.h">
      <Filter>lib\third_party\mbedtls\include\mbedtls</Filter>
    </ClInclude>
    <ClInclude Include="..\..\..\..\lib\third_party\mbedtls\include\mbedtls\ssl_ciphersuites.h">
      <Filter>lib\third_party\mbedtls\include\mbedtls</Filter>
    </ClInclude>
    <ClInclude Include="..\..\..\..\lib\third_party\mbedtls\include\mbedtls\ssl_cookie.h">
      <Filter>lib\third_party\mbedtls\include\mbedtls</Filter>
    </ClInclude>
    <ClInclude Include="..\..\..\..\lib\third_party\mbedtls\include\mbedtls\ssl_internal.h">
      <Filter>lib\third_party\mbedtls\include\mbedtls</Filter>
    </ClInclude>
    <ClInclude Include="..\..\..\..\lib\third_party\mbedtls\include\mbedtls\ssl_ticket.h">
      <Filter>lib\third_party\mbedtls\include\mbedtls</Filter>
    </ClInclude>
    <ClInclude Include="..\..\..\..\lib\third_party\mbedtls\include\mbedtls\threading.h">
      <Filter>lib\third_party\mbedtls\include\mbedtls</Filter>
    </ClInclude>
    <ClInclude Include="..\..\..\..\lib\third_party\mbedtls\include\mbedtls\timing.h">
      <Filter>lib\third_party\mbedtls\include\mbedtls</Filter>
    </ClInclude>
    <ClInclude Include="..\..\..\..\lib\third_party\mbedtls\include\mbedtls\version.h">
      <Filter>lib\third_party\mbedtls\include\mbedtls</Filter>
    </ClInclude>
    <ClInclude Include="..\..\..\..\lib\third_party\mbedtls\include\mbedtls\x509.h">
      <Filter>lib\third_party\mbedtls\include\mbedtls</Filter>
    </ClInclude>
    <ClInclude Include="..\..\..\..\lib\third_party\mbedtls\include\mbedtls\x509_crl.h">
      <Filter>lib\third_party\mbedtls\include\mbedtls</Filter>
    </ClInclude>
    <ClInclude Include="..\..\..\..\lib\third_party\mbedtls\include\mbedtls\x509_crt.h">
      <Filter>lib\third_party\mbedtls\include\mbedtls</Filter>
    </ClInclude>
    <ClInclude Include="..\..\..\..\lib\third_party\mbedtls\include\mbedtls\x509_csr.h">
      <Filter>lib\third_party\mbedtls\include\mbedtls</Filter>
    </ClInclude>
    <ClInclude Include="..\..\..\..\lib\third_party\mbedtls\include\mbedtls\xtea.h">
      <Filter>lib\third_party\mbedtls\include\mbedtls</Filter>
    </ClInclude>
    <ClInclude Include="..\..\..\..\lib\third_party\tinycbor\assert_p.h">
      <Filter>lib\third_party\tinycbor</Filter>
    </ClInclude>
    <ClInclude Include="..\..\..\..\lib\third_party\tinycbor\cbor.h">
      <Filter>lib\third_party\tinycbor</Filter>
    </ClInclude>
    <ClInclude Include="..\..\..\..\lib\third_party\tinycbor\cborconstants_p.h">
      <Filter>lib\third_party\tinycbor</Filter>
    </ClInclude>
    <ClInclude Include="..\..\..\..\lib\third_party\tinycbor\compilersupport_p.h">
      <Filter>lib\third_party\tinycbor</Filter>
    </ClInclude>
    <ClInclude Include="..\..\..\..\lib\third_party\tinycbor\extract_number_p.h">
      <Filter>lib\third_party\tinycbor</Filter>
    </ClInclude>
    <ClInclude Include="..\..\..\..\lib\third_party\tinycbor\math_support_p.h">
      <Filter>lib\third_party\tinycbor</Filter>
    </ClInclude>
    <ClInclude Include="..\..\..\common\include\aws_clientcredential.h">
      <Filter>application_code\common_demos\include</Filter>
    </ClInclude>
    <ClInclude Include="..\..\..\common\include\aws_demo.h">
      <Filter>application_code\common_demos\include</Filter>
    </ClInclude>
    <ClInclude Include="..\..\..\common\include\aws_demo_runner.h">
      <Filter>application_code\common_demos\include</Filter>
    </ClInclude>
    <ClInclude Include="..\..\..\common\include\aws_greengrass_discovery_demo.h">
      <Filter>application_code\common_demos\include</Filter>
    </ClInclude>
    <ClInclude Include="..\..\..\common\include\aws_logging_task.h">
      <Filter>application_code\common_demos\include</Filter>
    </ClInclude>
    <ClInclude Include="..\..\..\common\include\aws_ota_update_demo.h">
      <Filter>application_code\common_demos\include</Filter>
    </ClInclude>
    <ClInclude Include="..\..\..\common\include\aws_shadow_lightbulb_on_off.h">
      <Filter>application_code\common_demos\include</Filter>
    </ClInclude>
    <ClInclude Include="..\..\..\common\include\aws_simple_tcp_echo_server.h">
      <Filter>application_code\common_demos\include</Filter>
    </ClInclude>
    <ClInclude Include="..\..\..\common\include\aws_subscribe_publish_loop.h">
      <Filter>application_code\common_demos\include</Filter>
    </ClInclude>
    <ClInclude Include="..\..\..\common\include\aws_tcp_echo_client_single_tasks.h">
      <Filter>application_code\common_demos\include</Filter>
    </ClInclude>
    <ClInclude Include="..\common\application_code\aws_demo_logging.h">
      <Filter>application_code</Filter>
    </ClInclude>
    <ClInclude Include="..\common\application_code\stdbool.h">
      <Filter>application_code</Filter>
    </ClInclude>
    <ClInclude Include="..\common\application_code\unistd.h">
      <Filter>application_code</Filter>
    </ClInclude>
    <ClInclude Include="..\common\config_files\aws_bufferpool_config.h">
      <Filter>config_files</Filter>
    </ClInclude>
    <ClInclude Include="..\common\config_files\aws_demo_config.h">
      <Filter>config_files</Filter>
    </ClInclude>
    <ClInclude Include="..\common\config_files\aws_mqtt_config.h">
      <Filter>config_files</Filter>
    </ClInclude>
    <ClInclude Include="..\common\config_files\aws_secure_sockets_config.h">
      <Filter>config_files</Filter>
    </ClInclude>
    <ClInclude Include="..\common\config_files\aws_shadow_config.h">
      <Filter>config_files</Filter>
    </ClInclude>
    <ClInclude Include="..\common\config_files\FreeRTOSConfig.h">
      <Filter>config_files</Filter>
    </ClInclude>
    <ClInclude Include="..\common\config_files\FreeRTOSIPConfig.h">
      <Filter>config_files</Filter>
    </ClInclude>
    <ClInclude Include="..\common\config_files\trcConfig.h">
      <Filter>config_files</Filter>
    </ClInclude>
    <ClInclude Include="..\common\config_files\trcSnapshotConfig.h">
      <Filter>config_files</Filter>
    </ClInclude>
    <ClInclude Include="..\..\..\..\lib\FreeRTOS\portable\MSVC-MingW\portmacro.h">
      <Filter>lib\aws\FreeRTOS\portable\MSVC-MingW</Filter>
    </ClInclude>
    <ClInclude Include="..\..\..\common\include\aws_clientcredential_keys.h">
      <Filter>application_code\common_demos\include</Filter>
    </ClInclude>
    <ClInclude Include="..\..\..\common\include\aws_hello_world.h">
      <Filter>application_code\common_demos\include</Filter>
    </ClInclude>
    <ClInclude Include="..\common\config_files\aws_ggd_config.h">
      <Filter>config_files</Filter>
    </ClInclude>
    <ClInclude Include="..\common\config_files\aws_mqtt_agent_config.h">
      <Filter>config_files</Filter>
    </ClInclude>
    <ClInclude Include="..\..\..\..\lib\include\aws_crypto.h">
      <Filter>lib\aws\include</Filter>
    </ClInclude>
    <ClInclude Include="..\..\..\..\lib\include\aws_greengrass_discovery.h">
      <Filter>lib\aws\include</Filter>
    </ClInclude>
    <ClInclude Include="..\..\..\..\lib\include\aws_mqtt_agent.h">
      <Filter>lib\aws\include</Filter>
    </ClInclude>
    <ClInclude Include="..\..\..\..\lib\include\aws_mqtt_lib.h">
      <Filter>lib\aws\include</Filter>
    </ClInclude>
    <ClInclude Include="..\..\..\..\lib\include\aws_pkcs11.h">
      <Filter>lib\aws\include</Filter>
    </ClInclude>
    <ClInclude Include="..\..\..\..\lib\include\aws_secure_sockets.h">
      <Filter>lib\aws\include</Filter>
    </ClInclude>
    <ClInclude Include="..\..\..\..\lib\include\aws_shadow.h">
      <Filter>lib\aws\include</Filter>
    </ClInclude>
    <ClInclude Include="..\..\..\..\lib\include\aws_system_init.h">
      <Filter>lib\aws\include</Filter>
    </ClInclude>
    <ClInclude Include="..\..\..\..\lib\include\aws_tls.h">
      <Filter>lib\aws\include</Filter>
    </ClInclude>
    <ClInclude Include="..\..\..\..\lib\include\aws_ota_agent.h">
      <Filter>lib\aws\include</Filter>
    </ClInclude>
    <ClInclude Include="..\..\..\..\lib\include\aws_wifi.h">
      <Filter>lib\aws\include</Filter>
    </ClInclude>
    <ClInclude Include="..\..\..\..\lib\include\event_groups.h">
      <Filter>lib\aws\include</Filter>
    </ClInclude>
    <ClInclude Include="..\..\..\..\lib\include\FreeRTOS.h">
      <Filter>lib\aws\include</Filter>
    </ClInclude>
    <ClInclude Include="..\..\..\..\lib\include\message_buffer.h">
      <Filter>lib\aws\include</Filter>
    </ClInclude>
    <ClInclude Include="..\..\..\..\lib\include\queue.h">
      <Filter>lib\aws\include</Filter>
    </ClInclude>
    <ClInclude Include="..\..\..\..\lib\include\semphr.h">
      <Filter>lib\aws\include</Filter>
    </ClInclude>
    <ClInclude Include="..\..\..\..\lib\include\stream_buffer.h">
      <Filter>lib\aws\include</Filter>
    </ClInclude>
    <ClInclude Include="..\..\..\..\lib\include\task.h">
      <Filter>lib\aws\include</Filter>
    </ClInclude>
    <ClInclude Include="..\..\..\..\lib\include\timers.h">
      <Filter>lib\aws\include</Filter>
    </ClInclude>
    <ClInclude Include="..\..\..\..\lib\include\private\aws_bufferpool.h">
      <Filter>lib\aws\include\private</Filter>
    </ClInclude>
    <ClInclude Include="..\..\..\..\lib\include\private\aws_default_root_certificates.h">
      <Filter>lib\aws\include\private</Filter>
    </ClInclude>
    <ClInclude Include="..\..\..\..\lib\include\private\aws_doubly_linked_list.h">
      <Filter>lib\aws\include\private</Filter>
    </ClInclude>
    <ClInclude Include="..\..\..\..\lib\include\private\aws_ggd_config_defaults.h">
      <Filter>lib\aws\include\private</Filter>
    </ClInclude>
    <ClInclude Include="..\..\..\..\lib\include\private\aws_helper_secure_connect.h">
      <Filter>lib\aws\include\private</Filter>
    </ClInclude>
    <ClInclude Include="..\..\..\..\lib\include\private\aws_lib_init.h">
      <Filter>lib\aws\include\private</Filter>
    </ClInclude>
    <ClInclude Include="..\..\..\..\lib\include\private\aws_mqtt_agent_config_defaults.h">
      <Filter>lib\aws\include\private</Filter>
    </ClInclude>
    <ClInclude Include="..\..\..\..\lib\include\private\aws_mqtt_buffer.h">
      <Filter>lib\aws\include\private</Filter>
    </ClInclude>
    <ClInclude Include="..\..\..\..\lib\include\private\aws_mqtt_config_defaults.h">
      <Filter>lib\aws\include\private</Filter>
    </ClInclude>
    <ClInclude Include="..\..\..\..\lib\include\private\aws_ota_cbor.h">
      <Filter>lib\aws\include\private</Filter>
    </ClInclude>
    <ClInclude Include="..\..\..\..\lib\include\private\aws_secure_sockets_config_defaults.h">
      <Filter>lib\aws\include\private</Filter>
    </ClInclude>
    <ClInclude Include="..\..\..\..\lib\include\private\aws_shadow_config_defaults.h">
      <Filter>lib\aws\include\private</Filter>
    </ClInclude>
    <ClInclude Include="..\..\..\..\lib\include\private\aws_shadow_json.h">
      <Filter>lib\aws\include\private</Filter>
    </ClInclude>
    <ClInclude Include="..\..\..\..\lib\include\private\aws_ota_pal.h">
      <Filter>lib\aws\include\private</Filter>
    </ClInclude>
    <ClInclude Include="..\..\..\..\lib\include\private\aws_ota_types.h">
      <Filter>lib\aws\include\private</Filter>
    </ClInclude>
    <ClInclude Include="..\..\..\..\lib\include\private\deprecated_definitions.h">
      <Filter>lib\aws\include\private</Filter>
    </ClInclude>
    <ClInclude Include="..\..\..\..\lib\include\private\list.h">
      <Filter>lib\aws\include\private</Filter>
    </ClInclude>
    <ClInclude Include="..\..\..\..\lib\include\private\mpu_wrappers.h">
      <Filter>lib\aws\include\private</Filter>
    </ClInclude>
    <ClInclude Include="..\..\..\..\lib\include\private\portable.h">
      <Filter>lib\aws\include\private</Filter>
    </ClInclude>
    <ClInclude Include="..\..\..\..\lib\include\private\projdefs.h">
      <Filter>lib\aws\include\private</Filter>
    </ClInclude>
    <ClInclude Include="..\..\..\..\lib\include\private\stack_macros.h">
      <Filter>lib\aws\include\private</Filter>
    </ClInclude>
    <ClInclude Include="..\..\..\..\lib\include\private\aws_greengrass_lib_private.h">
      <Filter>lib\aws\include\private</Filter>
    </ClInclude>
    <ClInclude Include="..\..\..\..\lib\include\private\aws_mqtt_lib_private.h">
      <Filter>lib\aws\include\private</Filter>
    </ClInclude>
    <ClInclude Include="..\..\..\..\lib\third_party\mbedtls\include\mbedtls\rsa_internal.h">
      <Filter>lib\third_party\mbedtls\include\mbedtls</Filter>
    </ClInclude>
    <ClInclude Include="..\common\config_files\aws_pkcs11_config.h">
      <Filter>config_files</Filter>
    </ClInclude>
    <ClInclude Include="..\..\..\common\include\aws_application_version.h">
      <Filter>application_code\common_demos\include</Filter>
    </ClInclude>
    <ClInclude Include="..\common\config_files\aws_ota_agent_config.h">
      <Filter>config_files</Filter>
    </ClInclude>
    <ClInclude Include="..\..\..\common\include\aws_defender_demo.h">
      <Filter>application_code\common_demos\include</Filter>
    </ClInclude>
    <ClInclude Include="..\..\..\..\lib\cbor\src\aws_cbor.h">
      <Filter>lib\aws\cbor</Filter>
    </ClInclude>
    <ClInclude Include="..\..\..\..\lib\cbor\src\aws_cbor_alloc.h">
      <Filter>lib\aws\cbor</Filter>
    </ClInclude>
    <ClInclude Include="..\..\..\..\lib\cbor\src\aws_cbor_int.h">
      <Filter>lib\aws\cbor</Filter>
    </ClInclude>
    <ClInclude Include="..\..\..\..\lib\cbor\src\aws_cbor_internals.h">
      <Filter>lib\aws\cbor</Filter>
    </ClInclude>
    <ClInclude Include="..\..\..\..\lib\cbor\src\aws_cbor_iter.h">
      <Filter>lib\aws\cbor</Filter>
    </ClInclude>
    <ClInclude Include="..\..\..\..\lib\cbor\src\aws_cbor_jump_table.h">
      <Filter>lib\aws\cbor</Filter>
    </ClInclude>
    <ClInclude Include="..\..\..\..\lib\cbor\src\aws_cbor_map.h">
      <Filter>lib\aws\cbor</Filter>
    </ClInclude>
    <ClInclude Include="..\..\..\..\lib\cbor\src\aws_cbor_mem.h">
      <Filter>lib\aws\cbor</Filter>
    </ClInclude>
    <ClInclude Include="..\..\..\..\lib\cbor\src\aws_cbor_print.h">
      <Filter>lib\aws\cbor</Filter>
    </ClInclude>
    <ClInclude Include="..\..\..\..\lib\cbor\src\aws_cbor_string.h">
      <Filter>lib\aws\cbor</Filter>
    </ClInclude>
    <ClInclude Include="..\..\..\..\lib\cbor\src\aws_cbor_types.h">
      <Filter>lib\aws\cbor</Filter>
    </ClInclude>
    <ClInclude Include="..\..\..\..\lib\include\private\aws_defender_internals.h">
      <Filter>lib\aws\defender</Filter>
    </ClInclude>
    <ClInclude Include="..\..\..\..\lib\include\aws_defender.h">
      <Filter>lib\aws\defender</Filter>
    </ClInclude>
    <ClInclude Include="..\..\..\..\lib\include\private\aws_defender_report_header.h">
      <Filter>lib\aws\defender\report</Filter>
    </ClInclude>
    <ClInclude Include="..\..\..\..\lib\include\private\aws_defender_report_tcp_conn.h">
      <Filter>lib\aws\defender\report</Filter>
    </ClInclude>
    <ClInclude Include="..\..\..\..\lib\include\private\aws_defender_report_types.h">
      <Filter>lib\aws\defender\report</Filter>
    </ClInclude>
    <ClInclude Include="..\..\..\..\lib\include\private\aws_defender_report_uptime.h">
      <Filter>lib\aws\defender\report</Filter>
    </ClInclude>
    <ClInclude Include="..\..\..\..\lib\include\private\aws_defender_report_utils.h">
      <Filter>lib\aws\defender\report</Filter>
    </ClInclude>
    <ClInclude Include="..\..\..\..\lib\include\private\aws_defender_report.h">
      <Filter>lib\aws\defender\report</Filter>
    </ClInclude>
    <ClInclude Include="..\..\..\..\lib\include\private\aws_defender_report_cpu.h">
      <Filter>lib\aws\defender\report</Filter>
    </ClInclude>
    <ClInclude Include="..\..\..\..\lib\include\private\aws_defender_cpu.h">
      <Filter>lib\aws\defender\metrics</Filter>
    </ClInclude>
    <ClInclude Include="..\..\..\..\lib\include\private\aws_defender_tcp_conn.h">
      <Filter>lib\aws\defender\metrics</Filter>
    </ClInclude>
    <ClInclude Include="..\..\..\..\lib\include\private\aws_defender_uptime.h">
      <Filter>lib\aws\defender\metrics</Filter>
    </ClInclude>
    <ClInclude Include="..\..\..\..\lib\third_party\mbedtls\include\mbedtls\platform_util.h">
      <Filter>lib\third_party\mbedtls\include\mbedtls</Filter>
    </ClInclude>
  </ItemGroup>
</Project>