<?xml version="1.0" encoding="utf-8"?>
<Project ToolsVersion="4.0" xmlns="http://schemas.microsoft.com/developer/msbuild/2003">
  <ItemGroup>
    <Filter Include="lib">
      <UniqueIdentifier>{4f6743ed-862b-444b-9c61-573e33dd023e}</UniqueIdentifier>
    </Filter>
    <Filter Include="lib\aws">
      <UniqueIdentifier>{b323b43c-532f-4dc6-8b1f-2494d18784e6}</UniqueIdentifier>
    </Filter>
    <Filter Include="config_files">
      <UniqueIdentifier>{e01f95c3-1fb9-45ef-b3d1-216ff00deaea}</UniqueIdentifier>
    </Filter>
    <Filter Include="lib\aws\greengrass">
      <UniqueIdentifier>{a0326b1b-485a-4d79-a3f9-33ef2d5dd1c9}</UniqueIdentifier>
    </Filter>
    <Filter Include="lib\aws\include">
      <UniqueIdentifier>{8bc563ab-301b-4d5f-bede-0f63e43c501b}</UniqueIdentifier>
    </Filter>
    <Filter Include="lib\third_party">
      <UniqueIdentifier>{9c7bf0c2-c6d3-4b3e-aa8b-a5d5334b7b08}</UniqueIdentifier>
    </Filter>
    <Filter Include="lib\third_party\jsmn">
      <UniqueIdentifier>{e8815a9e-0aff-41c8-bd6f-fe3b879d62be}</UniqueIdentifier>
    </Filter>
    <Filter Include="application_code">
      <UniqueIdentifier>{2f67f233-71af-464d-8f21-33139ab0f827}</UniqueIdentifier>
    </Filter>
    <Filter Include="application_code\common_tests">
      <UniqueIdentifier>{3d12c6f1-d834-425e-8c1a-a2643dbfff1b}</UniqueIdentifier>
    </Filter>
    <Filter Include="lib\third_party\unity">
      <UniqueIdentifier>{8eba5424-863b-460e-a427-9d2271b4df60}</UniqueIdentifier>
    </Filter>
    <Filter Include="lib\third_party\unity\include">
      <UniqueIdentifier>{85f9ddc1-b543-457a-893d-7ed938a1d29e}</UniqueIdentifier>
    </Filter>
    <Filter Include="lib\third_party\unity\source">
      <UniqueIdentifier>{732107f4-b7e6-48c6-a192-83f3a115156c}</UniqueIdentifier>
    </Filter>
    <Filter Include="application_code\common_tests\include">
      <UniqueIdentifier>{f72ca73d-e9d4-44fa-bd55-d0d178c9e89d}</UniqueIdentifier>
    </Filter>
    <Filter Include="application_code\common_tests\crypto">
      <UniqueIdentifier>{669ef83e-9947-4b1f-8f15-d269b7400f80}</UniqueIdentifier>
    </Filter>
    <Filter Include="lib\aws\crypto">
      <UniqueIdentifier>{2086f545-5465-4093-929d-768dd1b16e92}</UniqueIdentifier>
    </Filter>
    <Filter Include="lib\aws\pkcs11">
      <UniqueIdentifier>{5f4573d5-06f7-4194-9b14-d3bce36c8258}</UniqueIdentifier>
    </Filter>
    <Filter Include="lib\third_party\mbedtls">
      <UniqueIdentifier>{a5314562-2ba2-4423-b49d-5d48b22ce46d}</UniqueIdentifier>
    </Filter>
    <Filter Include="lib\third_party\mbedtls\include">
      <UniqueIdentifier>{0a10420c-3d9d-4906-9db4-5ea165841a1e}</UniqueIdentifier>
    </Filter>
    <Filter Include="lib\third_party\mbedtls\library">
      <UniqueIdentifier>{9aa5d078-c842-4ad1-92aa-86d3a6d6c7cd}</UniqueIdentifier>
    </Filter>
    <Filter Include="lib\third_party\mbedtls\include\mbedtls">
      <UniqueIdentifier>{0019a103-8552-486e-ba4b-3d174e3c813a}</UniqueIdentifier>
    </Filter>
    <Filter Include="lib\third_party\cmock">
      <UniqueIdentifier>{7790f799-e357-4c92-a674-9601ea66be2c}</UniqueIdentifier>
    </Filter>
    <Filter Include="lib\aws\shadow">
      <UniqueIdentifier>{65fb54b1-7146-4add-afe6-0f2ba3e7145e}</UniqueIdentifier>
    </Filter>
    <Filter Include="lib\aws\mqtt">
      <UniqueIdentifier>{9755c52a-8bb0-429f-88b8-d227852e5f04}</UniqueIdentifier>
    </Filter>
    <Filter Include="application_code\common_tests\mqtt">
      <UniqueIdentifier>{dac8331d-1faf-4ac9-aeda-e9045527be47}</UniqueIdentifier>
    </Filter>
    <Filter Include="application_code\common_tests\pkcs11">
      <UniqueIdentifier>{f43331a3-5a74-4237-8ae8-a4225bca3e6e}</UniqueIdentifier>
    </Filter>
    <Filter Include="lib\third_party\tinycbor">
      <UniqueIdentifier>{51fdd057-07c6-4a10-a11d-2557fd2cc965}</UniqueIdentifier>
    </Filter>
    <Filter Include="lib\third_party\tracealyzer_recorder">
      <UniqueIdentifier>{3fcea6f7-38f3-4f4f-8ebd-539f1d47f791}</UniqueIdentifier>
    </Filter>
    <Filter Include="lib\aws\FreeRTOS">
      <UniqueIdentifier>{599df67d-d23c-4b57-b11b-5aa0295d47ff}</UniqueIdentifier>
    </Filter>
    <Filter Include="lib\aws\FreeRTOS-Plus-TCP">
      <UniqueIdentifier>{f2227145-98f3-4736-9beb-88814b3f4260}</UniqueIdentifier>
    </Filter>
    <Filter Include="lib\aws\FreeRTOS-Plus-TCP\source">
      <UniqueIdentifier>{d7487b11-d8a2-4469-90a4-178627e1c764}</UniqueIdentifier>
    </Filter>
    <Filter Include="lib\aws\FreeRTOS-Plus-TCP\include">
      <UniqueIdentifier>{3c1d3b24-4ff7-477e-ab07-0945ac69ee5c}</UniqueIdentifier>
    </Filter>
    <Filter Include="lib\aws\FreeRTOS-Plus-TCP\source\portable">
      <UniqueIdentifier>{ea457092-90b7-4701-b51d-40133aac3f8f}</UniqueIdentifier>
    </Filter>
    <Filter Include="lib\aws\secure_sockets">
      <UniqueIdentifier>{00b88df5-3531-42f8-abdc-979d708baa30}</UniqueIdentifier>
    </Filter>
    <Filter Include="lib\aws\tls">
      <UniqueIdentifier>{bff08765-a1c4-46dc-bd26-07e0875df9af}</UniqueIdentifier>
    </Filter>
    <Filter Include="lib\aws\ota">
      <UniqueIdentifier>{f156d13c-f803-41a2-a761-72917c073a86}</UniqueIdentifier>
    </Filter>
    <Filter Include="application_code\common_tests\secure_sockets">
      <UniqueIdentifier>{cb46e1f7-7cb5-47d0-bf1d-194e07779423}</UniqueIdentifier>
    </Filter>
    <Filter Include="application_code\common_tests\shadow">
      <UniqueIdentifier>{4d1139b9-573b-462a-ba98-ada14bdce894}</UniqueIdentifier>
    </Filter>
    <Filter Include="application_code\common_tests\greengrass">
      <UniqueIdentifier>{33c551d5-ebd6-4d2f-bdeb-170de0fb6bd2}</UniqueIdentifier>
    </Filter>
    <Filter Include="application_code\common_tests\framework">
      <UniqueIdentifier>{6aa135b8-67c7-40e2-b9ba-93f069c40c56}</UniqueIdentifier>
    </Filter>
    <Filter Include="lib\aws\bufferpool">
      <UniqueIdentifier>{8a41eccb-2acf-4721-ba83-e33c8522dd2c}</UniqueIdentifier>
    </Filter>
    <Filter Include="lib\aws\utils">
      <UniqueIdentifier>{ade27d3b-2828-409d-85fc-cb5e2c59a225}</UniqueIdentifier>
    </Filter>
    <Filter Include="application_code\common_tests\ota">
      <UniqueIdentifier>{4b3e8b96-e160-43c3-a922-2ed5fc5a1b3e}</UniqueIdentifier>
    </Filter>
    <Filter Include="application_code\common_tests\ota\test_files">
      <UniqueIdentifier>{e357f3d2-530a-4d98-b640-a2de00518302}</UniqueIdentifier>
    </Filter>
    <Filter Include="application_code\common_tests\test_runner">
      <UniqueIdentifier>{627eb0b2-7310-4887-a75b-095a95e110d3}</UniqueIdentifier>
    </Filter>
    <Filter Include="lib\aws\include\private">
      <UniqueIdentifier>{9a5eac0d-5e38-403c-a2e2-e0c19761bfc6}</UniqueIdentifier>
    </Filter>
    <Filter Include="lib\aws\FreeRTOS\portable">
      <UniqueIdentifier>{edde69d5-2288-485e-8f49-47afed2c80d9}</UniqueIdentifier>
    </Filter>
    <Filter Include="lib\aws\FreeRTOS\portable\MemMang">
      <UniqueIdentifier>{017eb320-fe94-4a02-a4fb-d77d3d4a7886}</UniqueIdentifier>
    </Filter>
    <Filter Include="lib\aws\FreeRTOS\portable\MSVC-Ming">
      <UniqueIdentifier>{e1004645-b4f3-4320-b3be-c9565e76edaa}</UniqueIdentifier>
    </Filter>
    <Filter Include="application_code\common_tests\tls">
      <UniqueIdentifier>{897e75b2-f7b4-4197-ac2c-17a732c4ceba}</UniqueIdentifier>
    </Filter>
    <Filter Include="application_code\common_tests\cbor">
      <UniqueIdentifier>{c4bed5f5-b0fe-4576-b330-ab8cf0f0520b}</UniqueIdentifier>
    </Filter>
    <Filter Include="lib\aws\cbor">
      <UniqueIdentifier>{9c480535-b70d-4366-8249-af9dc057f100}</UniqueIdentifier>
    </Filter>
    <Filter Include="application_code\common_tests\posix">
      <UniqueIdentifier>{b77c495a-ec7d-4512-b5f1-0cb382f091c7}</UniqueIdentifier>
    </Filter>
    <Filter Include="lib\aws\FreeRTOS-Plus-POSIX">
      <UniqueIdentifier>{c3079946-8fd8-425b-95a2-f39d7f0c6f3b}</UniqueIdentifier>
    </Filter>
    <Filter Include="lib\aws\FreeRTOS-Plus-POSIX\source">
      <UniqueIdentifier>{29394687-41c8-4da6-a296-350a2ae7f239}</UniqueIdentifier>
    </Filter>
    <Filter Include="lib\aws\FreeRTOS-Plus-POSIX\include">
      <UniqueIdentifier>{309496d1-da18-4f94-a7d0-db744d489d65}</UniqueIdentifier>
    </Filter>
    <Filter Include="lib\aws\include\FreeRTOS_POSIX">
      <UniqueIdentifier>{4b3cabab-5f83-478b-a89b-54c4b90b904d}</UniqueIdentifier>
    </Filter>
    <Filter Include="lib\aws\include\FreeRTOS_POSIX\sys">
      <UniqueIdentifier>{90d738ee-c579-4389-85be-456a3da2645e}</UniqueIdentifier>
    </Filter>
    <Filter Include="application_code\common_tests\freertos_tcp">
      <UniqueIdentifier>{9d7593b1-eeef-4869-93ad-387a2893e0d2}</UniqueIdentifier>
    </Filter>
    <Filter Include="lib\aws\defender">
      <UniqueIdentifier>{b78e8e57-2049-4e57-bef8-7e64f23acca0}</UniqueIdentifier>
    </Filter>
    <Filter Include="application_code\common_tests\defender">
      <UniqueIdentifier>{92069cf8-0f97-4d25-af0b-97cc939488e9}</UniqueIdentifier>
    </Filter>
    <Filter Include="lib\aws\defender\metrics">
      <UniqueIdentifier>{11105c9f-19c1-46ce-b9b8-379946270cd2}</UniqueIdentifier>
    </Filter>
    <Filter Include="lib\aws\defender\portable">
      <UniqueIdentifier>{df05623d-57ec-4672-9744-23bafd1076bd}</UniqueIdentifier>
    </Filter>
    <Filter Include="lib\aws\defender\report">
      <UniqueIdentifier>{934b53b0-1b60-450d-9f24-004ee3340673}</UniqueIdentifier>
    </Filter>
    <Filter Include="application_code\common_tests\memory_leak">
      <UniqueIdentifier>{5131d122-df24-4aef-9924-853498fadda5}</UniqueIdentifier>
    </Filter>
  </ItemGroup>
  <ItemGroup>
    <ClInclude Include="..\..\..\..\lib\third_party\unity\extras\fixture\src\unity_fixture.h">
      <Filter>lib\third_party\unity\include</Filter>
    </ClInclude>
    <ClInclude Include="..\..\..\..\lib\third_party\unity\extras\fixture\src\unity_fixture_internals.h">
      <Filter>lib\third_party\unity\include</Filter>
    </ClInclude>
    <ClInclude Include="..\..\..\..\lib\third_party\unity\extras\fixture\src\unity_fixture_malloc_overrides.h">
      <Filter>lib\third_party\unity\include</Filter>
    </ClInclude>
    <ClInclude Include="..\..\..\..\lib\third_party\unity\src\unity.h">
      <Filter>lib\third_party\unity\include</Filter>
    </ClInclude>
    <ClInclude Include="..\..\..\..\lib\third_party\unity\src\unity_internals.h">
      <Filter>lib\third_party\unity\include</Filter>
    </ClInclude>
    <ClInclude Include="..\..\..\Common\include\aws_test_runner.h">
      <Filter>application_code\common_tests\include</Filter>
    </ClInclude>
    <ClInclude Include="..\..\..\..\lib\third_party\mbedtls\include\mbedtls\aes.h">
      <Filter>lib\third_party\mbedtls\include\mbedtls</Filter>
    </ClInclude>
    <ClInclude Include="..\..\..\..\lib\third_party\mbedtls\include\mbedtls\aesni.h">
      <Filter>lib\third_party\mbedtls\include\mbedtls</Filter>
    </ClInclude>
    <ClInclude Include="..\..\..\..\lib\third_party\mbedtls\include\mbedtls\arc4.h">
      <Filter>lib\third_party\mbedtls\include\mbedtls</Filter>
    </ClInclude>
    <ClInclude Include="..\..\..\..\lib\third_party\mbedtls\include\mbedtls\asn1.h">
      <Filter>lib\third_party\mbedtls\include\mbedtls</Filter>
    </ClInclude>
    <ClInclude Include="..\..\..\..\lib\third_party\mbedtls\include\mbedtls\asn1write.h">
      <Filter>lib\third_party\mbedtls\include\mbedtls</Filter>
    </ClInclude>
    <ClInclude Include="..\..\..\..\lib\third_party\mbedtls\include\mbedtls\base64.h">
      <Filter>lib\third_party\mbedtls\include\mbedtls</Filter>
    </ClInclude>
    <ClInclude Include="..\..\..\..\lib\third_party\mbedtls\include\mbedtls\bignum.h">
      <Filter>lib\third_party\mbedtls\include\mbedtls</Filter>
    </ClInclude>
    <ClInclude Include="..\..\..\..\lib\third_party\mbedtls\include\mbedtls\blowfish.h">
      <Filter>lib\third_party\mbedtls\include\mbedtls</Filter>
    </ClInclude>
    <ClInclude Include="..\..\..\..\lib\third_party\mbedtls\include\mbedtls\bn_mul.h">
      <Filter>lib\third_party\mbedtls\include\mbedtls</Filter>
    </ClInclude>
    <ClInclude Include="..\..\..\..\lib\third_party\mbedtls\include\mbedtls\camellia.h">
      <Filter>lib\third_party\mbedtls\include\mbedtls</Filter>
    </ClInclude>
    <ClInclude Include="..\..\..\..\lib\third_party\mbedtls\include\mbedtls\ccm.h">
      <Filter>lib\third_party\mbedtls\include\mbedtls</Filter>
    </ClInclude>
    <ClInclude Include="..\..\..\..\lib\third_party\mbedtls\include\mbedtls\certs.h">
      <Filter>lib\third_party\mbedtls\include\mbedtls</Filter>
    </ClInclude>
    <ClInclude Include="..\..\..\..\lib\third_party\mbedtls\include\mbedtls\check_config.h">
      <Filter>lib\third_party\mbedtls\include\mbedtls</Filter>
    </ClInclude>
    <ClInclude Include="..\..\..\..\lib\third_party\mbedtls\include\mbedtls\cipher.h">
      <Filter>lib\third_party\mbedtls\include\mbedtls</Filter>
    </ClInclude>
    <ClInclude Include="..\..\..\..\lib\third_party\mbedtls\include\mbedtls\cipher_internal.h">
      <Filter>lib\third_party\mbedtls\include\mbedtls</Filter>
    </ClInclude>
    <ClInclude Include="..\..\..\..\lib\third_party\mbedtls\include\mbedtls\cmac.h">
      <Filter>lib\third_party\mbedtls\include\mbedtls</Filter>
    </ClInclude>
    <ClInclude Include="..\..\..\..\lib\third_party\mbedtls\include\mbedtls\compat-1.3.h">
      <Filter>lib\third_party\mbedtls\include\mbedtls</Filter>
    </ClInclude>
    <ClInclude Include="..\..\..\..\lib\third_party\mbedtls\include\mbedtls\config.h">
      <Filter>lib\third_party\mbedtls\include\mbedtls</Filter>
    </ClInclude>
    <ClInclude Include="..\..\..\..\lib\third_party\mbedtls\include\mbedtls\ctr_drbg.h">
      <Filter>lib\third_party\mbedtls\include\mbedtls</Filter>
    </ClInclude>
    <ClInclude Include="..\..\..\..\lib\third_party\mbedtls\include\mbedtls\debug.h">
      <Filter>lib\third_party\mbedtls\include\mbedtls</Filter>
    </ClInclude>
    <ClInclude Include="..\..\..\..\lib\third_party\mbedtls\include\mbedtls\des.h">
      <Filter>lib\third_party\mbedtls\include\mbedtls</Filter>
    </ClInclude>
    <ClInclude Include="..\..\..\..\lib\third_party\mbedtls\include\mbedtls\dhm.h">
      <Filter>lib\third_party\mbedtls\include\mbedtls</Filter>
    </ClInclude>
    <ClInclude Include="..\..\..\..\lib\third_party\mbedtls\include\mbedtls\ecdh.h">
      <Filter>lib\third_party\mbedtls\include\mbedtls</Filter>
    </ClInclude>
    <ClInclude Include="..\..\..\..\lib\third_party\mbedtls\include\mbedtls\ecdsa.h">
      <Filter>lib\third_party\mbedtls\include\mbedtls</Filter>
    </ClInclude>
    <ClInclude Include="..\..\..\..\lib\third_party\mbedtls\include\mbedtls\ecjpake.h">
      <Filter>lib\third_party\mbedtls\include\mbedtls</Filter>
    </ClInclude>
    <ClInclude Include="..\..\..\..\lib\third_party\mbedtls\include\mbedtls\ecp.h">
      <Filter>lib\third_party\mbedtls\include\mbedtls</Filter>
    </ClInclude>
    <ClInclude Include="..\..\..\..\lib\third_party\mbedtls\include\mbedtls\ecp_internal.h">
      <Filter>lib\third_party\mbedtls\include\mbedtls</Filter>
    </ClInclude>
    <ClInclude Include="..\..\..\..\lib\third_party\mbedtls\include\mbedtls\entropy.h">
      <Filter>lib\third_party\mbedtls\include\mbedtls</Filter>
    </ClInclude>
    <ClInclude Include="..\..\..\..\lib\third_party\mbedtls\include\mbedtls\entropy_poll.h">
      <Filter>lib\third_party\mbedtls\include\mbedtls</Filter>
    </ClInclude>
    <ClInclude Include="..\..\..\..\lib\third_party\mbedtls\include\mbedtls\error.h">
      <Filter>lib\third_party\mbedtls\include\mbedtls</Filter>
    </ClInclude>
    <ClInclude Include="..\..\..\..\lib\third_party\mbedtls\include\mbedtls\gcm.h">
      <Filter>lib\third_party\mbedtls\include\mbedtls</Filter>
    </ClInclude>
    <ClInclude Include="..\..\..\..\lib\third_party\mbedtls\include\mbedtls\havege.h">
      <Filter>lib\third_party\mbedtls\include\mbedtls</Filter>
    </ClInclude>
    <ClInclude Include="..\..\..\..\lib\third_party\mbedtls\include\mbedtls\hmac_drbg.h">
      <Filter>lib\third_party\mbedtls\include\mbedtls</Filter>
    </ClInclude>
    <ClInclude Include="..\..\..\..\lib\third_party\mbedtls\include\mbedtls\md.h">
      <Filter>lib\third_party\mbedtls\include\mbedtls</Filter>
    </ClInclude>
    <ClInclude Include="..\..\..\..\lib\third_party\mbedtls\include\mbedtls\md_internal.h">
      <Filter>lib\third_party\mbedtls\include\mbedtls</Filter>
    </ClInclude>
    <ClInclude Include="..\..\..\..\lib\third_party\mbedtls\include\mbedtls\md2.h">
      <Filter>lib\third_party\mbedtls\include\mbedtls</Filter>
    </ClInclude>
    <ClInclude Include="..\..\..\..\lib\third_party\mbedtls\include\mbedtls\md4.h">
      <Filter>lib\third_party\mbedtls\include\mbedtls</Filter>
    </ClInclude>
    <ClInclude Include="..\..\..\..\lib\third_party\mbedtls\include\mbedtls\md5.h">
      <Filter>lib\third_party\mbedtls\include\mbedtls</Filter>
    </ClInclude>
    <ClInclude Include="..\..\..\..\lib\third_party\mbedtls\include\mbedtls\memory_buffer_alloc.h">
      <Filter>lib\third_party\mbedtls\include\mbedtls</Filter>
    </ClInclude>
    <ClInclude Include="..\..\..\..\lib\third_party\mbedtls\include\mbedtls\net.h">
      <Filter>lib\third_party\mbedtls\include\mbedtls</Filter>
    </ClInclude>
    <ClInclude Include="..\..\..\..\lib\third_party\mbedtls\include\mbedtls\net_sockets.h">
      <Filter>lib\third_party\mbedtls\include\mbedtls</Filter>
    </ClInclude>
    <ClInclude Include="..\..\..\..\lib\third_party\mbedtls\include\mbedtls\oid.h">
      <Filter>lib\third_party\mbedtls\include\mbedtls</Filter>
    </ClInclude>
    <ClInclude Include="..\..\..\..\lib\third_party\mbedtls\include\mbedtls\padlock.h">
      <Filter>lib\third_party\mbedtls\include\mbedtls</Filter>
    </ClInclude>
    <ClInclude Include="..\..\..\..\lib\third_party\mbedtls\include\mbedtls\pem.h">
      <Filter>lib\third_party\mbedtls\include\mbedtls</Filter>
    </ClInclude>
    <ClInclude Include="..\..\..\..\lib\third_party\mbedtls\include\mbedtls\pk.h">
      <Filter>lib\third_party\mbedtls\include\mbedtls</Filter>
    </ClInclude>
    <ClInclude Include="..\..\..\..\lib\third_party\mbedtls\include\mbedtls\pk_internal.h">
      <Filter>lib\third_party\mbedtls\include\mbedtls</Filter>
    </ClInclude>
    <ClInclude Include="..\..\..\..\lib\third_party\mbedtls\include\mbedtls\pkcs5.h">
      <Filter>lib\third_party\mbedtls\include\mbedtls</Filter>
    </ClInclude>
    <ClInclude Include="..\..\..\..\lib\third_party\mbedtls\include\mbedtls\aws_pkcs11.h">
      <Filter>lib\third_party\mbedtls\include\mbedtls</Filter>
    </ClInclude>
    <ClInclude Include="..\..\..\..\lib\third_party\mbedtls\include\mbedtls\pkcs12.h">
      <Filter>lib\third_party\mbedtls\include\mbedtls</Filter>
    </ClInclude>
    <ClInclude Include="..\..\..\..\lib\third_party\mbedtls\include\mbedtls\platform.h">
      <Filter>lib\third_party\mbedtls\include\mbedtls</Filter>
    </ClInclude>
    <ClInclude Include="..\..\..\..\lib\third_party\mbedtls\include\mbedtls\platform_time.h">
      <Filter>lib\third_party\mbedtls\include\mbedtls</Filter>
    </ClInclude>
    <ClInclude Include="..\..\..\..\lib\third_party\mbedtls\include\mbedtls\ripemd160.h">
      <Filter>lib\third_party\mbedtls\include\mbedtls</Filter>
    </ClInclude>
    <ClInclude Include="..\..\..\..\lib\third_party\mbedtls\include\mbedtls\rsa.h">
      <Filter>lib\third_party\mbedtls\include\mbedtls</Filter>
    </ClInclude>
    <ClInclude Include="..\..\..\..\lib\third_party\mbedtls\include\mbedtls\sha1.h">
      <Filter>lib\third_party\mbedtls\include\mbedtls</Filter>
    </ClInclude>
    <ClInclude Include="..\..\..\..\lib\third_party\mbedtls\include\mbedtls\sha256.h">
      <Filter>lib\third_party\mbedtls\include\mbedtls</Filter>
    </ClInclude>
    <ClInclude Include="..\..\..\..\lib\third_party\mbedtls\include\mbedtls\sha512.h">
      <Filter>lib\third_party\mbedtls\include\mbedtls</Filter>
    </ClInclude>
    <ClInclude Include="..\..\..\..\lib\third_party\mbedtls\include\mbedtls\ssl.h">
      <Filter>lib\third_party\mbedtls\include\mbedtls</Filter>
    </ClInclude>
    <ClInclude Include="..\..\..\..\lib\third_party\mbedtls\include\mbedtls\ssl_cache.h">
      <Filter>lib\third_party\mbedtls\include\mbedtls</Filter>
    </ClInclude>
    <ClInclude Include="..\..\..\..\lib\third_party\mbedtls\include\mbedtls\ssl_ciphersuites.h">
      <Filter>lib\third_party\mbedtls\include\mbedtls</Filter>
    </ClInclude>
    <ClInclude Include="..\..\..\..\lib\third_party\mbedtls\include\mbedtls\ssl_cookie.h">
      <Filter>lib\third_party\mbedtls\include\mbedtls</Filter>
    </ClInclude>
    <ClInclude Include="..\..\..\..\lib\third_party\mbedtls\include\mbedtls\ssl_internal.h">
      <Filter>lib\third_party\mbedtls\include\mbedtls</Filter>
    </ClInclude>
    <ClInclude Include="..\..\..\..\lib\third_party\mbedtls\include\mbedtls\ssl_ticket.h">
      <Filter>lib\third_party\mbedtls\include\mbedtls</Filter>
    </ClInclude>
    <ClInclude Include="..\..\..\..\lib\third_party\mbedtls\include\mbedtls\threading.h">
      <Filter>lib\third_party\mbedtls\include\mbedtls</Filter>
    </ClInclude>
    <ClInclude Include="..\..\..\..\lib\third_party\mbedtls\include\mbedtls\timing.h">
      <Filter>lib\third_party\mbedtls\include\mbedtls</Filter>
    </ClInclude>
    <ClInclude Include="..\..\..\..\lib\third_party\mbedtls\include\mbedtls\version.h">
      <Filter>lib\third_party\mbedtls\include\mbedtls</Filter>
    </ClInclude>
    <ClInclude Include="..\..\..\..\lib\third_party\mbedtls\include\mbedtls\x509.h">
      <Filter>lib\third_party\mbedtls\include\mbedtls</Filter>
    </ClInclude>
    <ClInclude Include="..\..\..\..\lib\third_party\mbedtls\include\mbedtls\x509_crl.h">
      <Filter>lib\third_party\mbedtls\include\mbedtls</Filter>
    </ClInclude>
    <ClInclude Include="..\..\..\..\lib\third_party\mbedtls\include\mbedtls\x509_crt.h">
      <Filter>lib\third_party\mbedtls\include\mbedtls</Filter>
    </ClInclude>
    <ClInclude Include="..\..\..\..\lib\third_party\mbedtls\include\mbedtls\x509_csr.h">
      <Filter>lib\third_party\mbedtls\include\mbedtls</Filter>
    </ClInclude>
    <ClInclude Include="..\..\..\..\lib\third_party\mbedtls\include\mbedtls\xtea.h">
      <Filter>lib\third_party\mbedtls\include\mbedtls</Filter>
    </ClInclude>
    <ClInclude Include="..\..\..\..\lib\third_party\cmock\src\cmock.h">
      <Filter>lib\third_party\cmock</Filter>
    </ClInclude>
    <ClInclude Include="..\..\..\..\lib\FreeRTOS-Plus-TCP\include\FreeRTOS_UDP_IP.h">
      <Filter>lib\aws\FreeRTOS-Plus-TCP\include</Filter>
    </ClInclude>
    <ClInclude Include="..\..\..\..\lib\FreeRTOS-Plus-TCP\include\FreeRTOSIPConfigDefaults.h">
      <Filter>lib\aws\FreeRTOS-Plus-TCP\include</Filter>
    </ClInclude>
    <ClInclude Include="..\..\..\..\lib\FreeRTOS-Plus-TCP\include\IPTraceMacroDefaults.h">
      <Filter>lib\aws\FreeRTOS-Plus-TCP\include</Filter>
    </ClInclude>
    <ClInclude Include="..\..\..\..\lib\FreeRTOS-Plus-TCP\include\NetworkBufferManagement.h">
      <Filter>lib\aws\FreeRTOS-Plus-TCP\include</Filter>
    </ClInclude>
    <ClInclude Include="..\..\..\..\lib\FreeRTOS-Plus-TCP\include\NetworkInterface.h">
      <Filter>lib\aws\FreeRTOS-Plus-TCP\include</Filter>
    </ClInclude>
    <ClInclude Include="..\..\..\..\lib\FreeRTOS-Plus-TCP\include\FreeRTOS_ARP.h">
      <Filter>lib\aws\FreeRTOS-Plus-TCP\include</Filter>
    </ClInclude>
    <ClInclude Include="..\..\..\..\lib\FreeRTOS-Plus-TCP\include\FreeRTOS_DHCP.h">
      <Filter>lib\aws\FreeRTOS-Plus-TCP\include</Filter>
    </ClInclude>
    <ClInclude Include="..\..\..\..\lib\FreeRTOS-Plus-TCP\include\FreeRTOS_DNS.h">
      <Filter>lib\aws\FreeRTOS-Plus-TCP\include</Filter>
    </ClInclude>
    <ClInclude Include="..\..\..\..\lib\FreeRTOS-Plus-TCP\include\FreeRTOS_errno_TCP.h">
      <Filter>lib\aws\FreeRTOS-Plus-TCP\include</Filter>
    </ClInclude>
    <ClInclude Include="..\..\..\..\lib\FreeRTOS-Plus-TCP\include\FreeRTOS_IP.h">
      <Filter>lib\aws\FreeRTOS-Plus-TCP\include</Filter>
    </ClInclude>
    <ClInclude Include="..\..\..\..\lib\FreeRTOS-Plus-TCP\include\FreeRTOS_IP_Private.h">
      <Filter>lib\aws\FreeRTOS-Plus-TCP\include</Filter>
    </ClInclude>
    <ClInclude Include="..\..\..\..\lib\FreeRTOS-Plus-TCP\include\FreeRTOS_Sockets.h">
      <Filter>lib\aws\FreeRTOS-Plus-TCP\include</Filter>
    </ClInclude>
    <ClInclude Include="..\..\..\..\lib\FreeRTOS-Plus-TCP\include\FreeRTOS_Stream_Buffer.h">
      <Filter>lib\aws\FreeRTOS-Plus-TCP\include</Filter>
    </ClInclude>
    <ClInclude Include="..\..\..\..\lib\FreeRTOS-Plus-TCP\include\FreeRTOS_TCP_IP.h">
      <Filter>lib\aws\FreeRTOS-Plus-TCP\include</Filter>
    </ClInclude>
    <ClInclude Include="..\..\..\..\lib\FreeRTOS-Plus-TCP\include\FreeRTOS_TCP_WIN.h">
      <Filter>lib\aws\FreeRTOS-Plus-TCP\include</Filter>
    </ClInclude>
    <ClInclude Include="..\common\config_files\aws_bufferpool_config.h">
      <Filter>config_files</Filter>
    </ClInclude>
    <ClInclude Include="..\common\config_files\aws_demo_config.h">
      <Filter>config_files</Filter>
    </ClInclude>
    <ClInclude Include="..\common\config_files\aws_mqtt_config.h">
      <Filter>config_files</Filter>
    </ClInclude>
    <ClInclude Include="..\common\config_files\aws_secure_sockets_config.h">
      <Filter>config_files</Filter>
    </ClInclude>
    <ClInclude Include="..\common\config_files\aws_shadow_config.h">
      <Filter>config_files</Filter>
    </ClInclude>
    <ClInclude Include="..\common\config_files\FreeRTOSConfig.h">
      <Filter>config_files</Filter>
    </ClInclude>
    <ClInclude Include="..\common\config_files\FreeRTOSIPConfig.h">
      <Filter>config_files</Filter>
    </ClInclude>
    <ClInclude Include="..\common\config_files\trcConfig.h">
      <Filter>config_files</Filter>
    </ClInclude>
    <ClInclude Include="..\common\config_files\trcSnapshotConfig.h">
      <Filter>config_files</Filter>
    </ClInclude>
    <ClInclude Include="..\common\config_files\unity_config.h">
      <Filter>config_files</Filter>
    </ClInclude>
    <ClInclude Include="..\..\..\..\lib\FreeRTOS\portable\MSVC-MingW\portmacro.h">
      <Filter>lib\aws\FreeRTOS\portable\MSVC-Ming</Filter>
    </ClInclude>
    <ClInclude Include="..\..\..\common\include\aws_clientcredential.h">
      <Filter>application_code\common_tests\include</Filter>
    </ClInclude>
    <ClInclude Include="..\..\..\common\include\aws_logging_task.h">
      <Filter>application_code\common_tests\include</Filter>
    </ClInclude>
    <ClInclude Include="..\..\..\common\include\aws_test_framework.h">
      <Filter>application_code\common_tests\include</Filter>
    </ClInclude>
    <ClInclude Include="..\common\config_files\aws_ggd_config.h">
      <Filter>config_files</Filter>
    </ClInclude>
    <ClInclude Include="..\common\config_files\aws_mqtt_agent_config.h">
      <Filter>config_files</Filter>
    </ClInclude>
    <ClInclude Include="..\..\..\..\lib\include\aws_crypto.h">
      <Filter>lib\aws\include</Filter>
    </ClInclude>
    <ClInclude Include="..\..\..\..\lib\include\aws_greengrass_discovery.h">
      <Filter>lib\aws\include</Filter>
    </ClInclude>
    <ClInclude Include="..\..\..\..\lib\include\aws_mqtt_agent.h">
      <Filter>lib\aws\include</Filter>
    </ClInclude>
    <ClInclude Include="..\..\..\..\lib\include\aws_mqtt_lib.h">
      <Filter>lib\aws\include</Filter>
    </ClInclude>
    <ClInclude Include="..\..\..\..\lib\include\aws_pkcs11.h">
      <Filter>lib\aws\include</Filter>
    </ClInclude>
    <ClInclude Include="..\..\..\..\lib\include\aws_secure_sockets.h">
      <Filter>lib\aws\include</Filter>
    </ClInclude>
    <ClInclude Include="..\..\..\..\lib\include\aws_shadow.h">
      <Filter>lib\aws\include</Filter>
    </ClInclude>
    <ClInclude Include="..\..\..\..\lib\include\aws_system_init.h">
      <Filter>lib\aws\include</Filter>
    </ClInclude>
    <ClInclude Include="..\..\..\..\lib\include\aws_tls.h">
      <Filter>lib\aws\include</Filter>
    </ClInclude>
    <ClInclude Include="..\..\..\..\lib\include\aws_ota_agent.h">
      <Filter>lib\aws\include</Filter>
    </ClInclude>
    <ClInclude Include="..\..\..\..\lib\include\aws_wifi.h">
      <Filter>lib\aws\include</Filter>
    </ClInclude>
    <ClInclude Include="..\..\..\..\lib\include\event_groups.h">
      <Filter>lib\aws\include</Filter>
    </ClInclude>
    <ClInclude Include="..\..\..\..\lib\include\FreeRTOS.h">
      <Filter>lib\aws\include</Filter>
    </ClInclude>
    <ClInclude Include="..\..\..\..\lib\include\message_buffer.h">
      <Filter>lib\aws\include</Filter>
    </ClInclude>
    <ClInclude Include="..\..\..\..\lib\include\queue.h">
      <Filter>lib\aws\include</Filter>
    </ClInclude>
    <ClInclude Include="..\..\..\..\lib\include\semphr.h">
      <Filter>lib\aws\include</Filter>
    </ClInclude>
    <ClInclude Include="..\..\..\..\lib\include\stream_buffer.h">
      <Filter>lib\aws\include</Filter>
    </ClInclude>
    <ClInclude Include="..\..\..\..\lib\include\task.h">
      <Filter>lib\aws\include</Filter>
    </ClInclude>
    <ClInclude Include="..\..\..\..\lib\include\timers.h">
      <Filter>lib\aws\include</Filter>
    </ClInclude>
    <ClInclude Include="..\..\..\..\lib\include\private\aws_bufferpool.h">
      <Filter>lib\aws\include\private</Filter>
    </ClInclude>
    <ClInclude Include="..\..\..\..\lib\include\private\aws_default_root_certificates.h">
      <Filter>lib\aws\include\private</Filter>
    </ClInclude>
    <ClInclude Include="..\..\..\..\lib\include\private\aws_doubly_linked_list.h">
      <Filter>lib\aws\include\private</Filter>
    </ClInclude>
    <ClInclude Include="..\..\..\..\lib\include\private\aws_ggd_config_defaults.h">
      <Filter>lib\aws\include\private</Filter>
    </ClInclude>
    <ClInclude Include="..\..\..\..\lib\include\private\aws_helper_secure_connect.h">
      <Filter>lib\aws\include\private</Filter>
    </ClInclude>
    <ClInclude Include="..\..\..\..\lib\include\private\aws_lib_init.h">
      <Filter>lib\aws\include\private</Filter>
    </ClInclude>
    <ClInclude Include="..\..\..\..\lib\include\private\aws_mqtt_agent_config_defaults.h">
      <Filter>lib\aws\include\private</Filter>
    </ClInclude>
    <ClInclude Include="..\..\..\..\lib\include\private\aws_mqtt_buffer.h">
      <Filter>lib\aws\include\private</Filter>
    </ClInclude>
    <ClInclude Include="..\..\..\..\lib\include\private\aws_mqtt_config_defaults.h">
      <Filter>lib\aws\include\private</Filter>
    </ClInclude>
    <ClInclude Include="..\..\..\..\lib\include\private\aws_ota_cbor.h">
      <Filter>lib\aws\include\private</Filter>
    </ClInclude>
    <ClInclude Include="..\..\..\..\lib\include\private\aws_secure_sockets_config_defaults.h">
      <Filter>lib\aws\include\private</Filter>
    </ClInclude>
    <ClInclude Include="..\..\..\..\lib\include\private\aws_shadow_config_defaults.h">
      <Filter>lib\aws\include\private</Filter>
    </ClInclude>
    <ClInclude Include="..\..\..\..\lib\include\private\aws_shadow_json.h">
      <Filter>lib\aws\include\private</Filter>
    </ClInclude>
    <ClInclude Include="..\..\..\..\lib\include\private\aws_ota_pal.h">
      <Filter>lib\aws\include\private</Filter>
    </ClInclude>
    <ClInclude Include="..\..\..\..\lib\include\private\aws_ota_types.h">
      <Filter>lib\aws\include\private</Filter>
    </ClInclude>
    <ClInclude Include="..\..\..\..\lib\include\private\deprecated_definitions.h">
      <Filter>lib\aws\include\private</Filter>
    </ClInclude>
    <ClInclude Include="..\..\..\..\lib\include\private\list.h">
      <Filter>lib\aws\include\private</Filter>
    </ClInclude>
    <ClInclude Include="..\..\..\..\lib\include\private\mpu_wrappers.h">
      <Filter>lib\aws\include\private</Filter>
    </ClInclude>
    <ClInclude Include="..\..\..\..\lib\include\private\portable.h">
      <Filter>lib\aws\include\private</Filter>
    </ClInclude>
    <ClInclude Include="..\..\..\..\lib\include\private\projdefs.h">
      <Filter>lib\aws\include\private</Filter>
    </ClInclude>
    <ClInclude Include="..\..\..\..\lib\include\private\stack_macros.h">
      <Filter>lib\aws\include\private</Filter>
    </ClInclude>
    <ClInclude Include="..\..\..\..\lib\third_party\jsmn\jsmn.h">
      <Filter>lib\third_party\jsmn</Filter>
    </ClInclude>
    <ClInclude Include="..\..\..\common\include\aws_clientcredential_keys.h">
      <Filter>application_code\common_tests\include</Filter>
    </ClInclude>
    <ClInclude Include="..\common\config_files\aws_test_runner_config.h">
      <Filter>config_files</Filter>
    </ClInclude>
    <ClInclude Include="..\common\config_files\aws_test_tcp_config.h">
      <Filter>config_files</Filter>
    </ClInclude>
    <ClInclude Include="..\..\..\..\lib\third_party\mbedtls\include\mbedtls\rsa_internal.h">
      <Filter>lib\third_party\mbedtls\include\mbedtls</Filter>
    </ClInclude>
    <ClInclude Include="..\common\config_files\aws_test_pkcs11_config.h">
      <Filter>config_files</Filter>
    </ClInclude>
    <ClInclude Include="..\common\config_files\aws_pkcs11_config.h">
      <Filter>config_files</Filter>
    </ClInclude>
    <ClInclude Include="..\..\..\common\include\aws_test_tcp.h">
      <Filter>application_code\common_tests\include</Filter>
    </ClInclude>
    <ClInclude Include="..\..\..\..\lib\cbor\src\aws_cbor.h">
      <Filter>lib\aws\include</Filter>
    </ClInclude>
    <ClInclude Include="..\..\..\..\lib\cbor\src\aws_cbor_jump_table.h">
      <Filter>lib\aws\include\private</Filter>
    </ClInclude>
    <ClInclude Include="..\..\..\..\lib\cbor\src\aws_cbor_map.h">
      <Filter>lib\aws\include\private</Filter>
    </ClInclude>
    <ClInclude Include="..\..\..\..\lib\cbor\src\aws_cbor_mem.h">
      <Filter>lib\aws\include\private</Filter>
    </ClInclude>
    <ClInclude Include="..\..\..\..\lib\cbor\src\aws_cbor_string.h">
      <Filter>lib\aws\include\private</Filter>
    </ClInclude>
    <ClInclude Include="..\..\..\..\lib\cbor\src\aws_cbor_types.h">
      <Filter>lib\aws\include\private</Filter>
    </ClInclude>
    <ClInclude Include="..\..\..\..\lib\cbor\src\aws_cbor_int.h">
      <Filter>lib\aws\include\private</Filter>
    </ClInclude>
    <ClInclude Include="..\..\..\..\lib\cbor\src\aws_cbor_internals.h">
      <Filter>lib\aws\include\private</Filter>
    </ClInclude>
    <ClInclude Include="..\..\..\..\lib\cbor\src\aws_cbor_iter.h">
      <Filter>lib\aws\include\private</Filter>
    </ClInclude>
    <ClInclude Include="..\common\config_files\aws_test_ota_config.h">
      <Filter>config_files</Filter>
    </ClInclude>
    <ClInclude Include="..\common\config_files\aws_ota_agent_config.h">
      <Filter>config_files</Filter>
    </ClInclude>
    <ClInclude Include="..\..\..\common\include\aws_application_version.h">
      <Filter>application_code\common_tests\include</Filter>
    </ClInclude>
    <ClInclude Include="..\..\..\common\ota\aws_test_ota_pal_rsa_sha256_signature.h">
      <Filter>application_code\common_tests\ota</Filter>
    </ClInclude>
    <ClInclude Include="..\..\..\..\lib\FreeRTOS-Plus-POSIX\include\FreeRTOS_POSIX.h">
      <Filter>lib\aws\FreeRTOS-Plus-POSIX\include</Filter>
    </ClInclude>
    <ClInclude Include="..\..\..\..\lib\FreeRTOS-Plus-POSIX\include\portable\FreeRTOS_POSIX_portable_default.h">
      <Filter>lib\aws\FreeRTOS-Plus-POSIX\include</Filter>
    </ClInclude>
    <ClInclude Include="..\..\..\..\lib\FreeRTOS-Plus-POSIX\include\portable\pc\windows\FreeRTOS_POSIX_portable.h">
      <Filter>lib\aws\FreeRTOS-Plus-POSIX\include</Filter>
    </ClInclude>
    <ClInclude Include="..\..\..\..\lib\FreeRTOS-Plus-POSIX\include\FreeRTOS_POSIX_internal.h">
      <Filter>lib\aws\FreeRTOS-Plus-POSIX\include</Filter>
    </ClInclude>
    <ClInclude Include="..\..\..\..\lib\include\FreeRTOS_POSIX\errno.h">
      <Filter>lib\aws\include\FreeRTOS_POSIX</Filter>
    </ClInclude>
    <ClInclude Include="..\..\..\..\lib\include\FreeRTOS_POSIX\pthread.h">
      <Filter>lib\aws\include\FreeRTOS_POSIX</Filter>
    </ClInclude>
    <ClInclude Include="..\..\..\..\lib\include\FreeRTOS_POSIX\sched.h">
      <Filter>lib\aws\include\FreeRTOS_POSIX</Filter>
    </ClInclude>
    <ClInclude Include="..\..\..\..\lib\include\FreeRTOS_POSIX\time.h">
      <Filter>lib\aws\include\FreeRTOS_POSIX</Filter>
    </ClInclude>
    <ClInclude Include="..\..\..\..\lib\include\FreeRTOS_POSIX\utils.h">
      <Filter>lib\aws\include\FreeRTOS_POSIX</Filter>
    </ClInclude>
    <ClInclude Include="..\..\..\..\lib\include\FreeRTOS_POSIX\sys\types.h">
      <Filter>lib\aws\include\FreeRTOS_POSIX\sys</Filter>
    </ClInclude>
    <ClInclude Include="..\..\..\..\lib\include\FreeRTOS_POSIX\mqueue.h">
      <Filter>lib\aws\include\FreeRTOS_POSIX</Filter>
    </ClInclude>
    <ClInclude Include="..\..\..\..\lib\include\FreeRTOS_POSIX\fcntl.h">
      <Filter>lib\aws\include\FreeRTOS_POSIX</Filter>
    </ClInclude>
    <ClInclude Include="..\..\..\..\lib\include\aws_defender.h">
      <Filter>lib\aws\defender</Filter>
    </ClInclude>
    <ClInclude Include="..\..\..\..\lib\include\private\aws_defender_internals.h">
      <Filter>lib\aws\defender</Filter>
    </ClInclude>
    <ClInclude Include="..\..\..\..\lib\include\private\aws_defender_cpu.h">
      <Filter>lib\aws\defender\metrics</Filter>
    </ClInclude>
    <ClInclude Include="..\..\..\..\lib\include\private\aws_defender_tcp_conn.h">
      <Filter>lib\aws\defender\metrics</Filter>
    </ClInclude>
    <ClInclude Include="..\..\..\..\lib\include\private\aws_defender_uptime.h">
      <Filter>lib\aws\defender\metrics</Filter>
    </ClInclude>
    <ClInclude Include="..\..\..\..\lib\include\private\aws_defender_report.h">
      <Filter>lib\aws\defender\report</Filter>
    </ClInclude>
    <ClInclude Include="..\..\..\..\lib\include\private\aws_defender_report_cpu.h">
      <Filter>lib\aws\defender\report</Filter>
    </ClInclude>
    <ClInclude Include="..\..\..\..\lib\include\private\aws_defender_report_header.h">
      <Filter>lib\aws\defender\report</Filter>
    </ClInclude>
    <ClInclude Include="..\..\..\..\lib\include\private\aws_defender_report_tcp_conn.h">
      <Filter>lib\aws\defender\report</Filter>
    </ClInclude>
    <ClInclude Include="..\..\..\..\lib\include\private\aws_defender_report_types.h">
      <Filter>lib\aws\defender\report</Filter>
    </ClInclude>
    <ClInclude Include="..\..\..\..\lib\include\private\aws_defender_report_uptime.h">
      <Filter>lib\aws\defender\report</Filter>
    </ClInclude>
    <ClInclude Include="..\..\..\..\lib\include\private\aws_defender_report_utils.h">
      <Filter>lib\aws\defender\report</Filter>
    </ClInclude>
    <ClInclude Include="..\..\..\..\lib\include\FreeRTOS_POSIX\signal.h">
      <Filter>lib\aws\include\FreeRTOS_POSIX</Filter>
    </ClInclude>
    <ClInclude Include="..\..\..\..\lib\include\FreeRTOS_POSIX\semaphore.h">
      <Filter>lib\aws\include\FreeRTOS_POSIX</Filter>
    </ClInclude>
    <ClInclude Include="..\..\..\..\lib\third_party\mbedtls\include\mbedtls\platform_util.h">
      <Filter>lib\third_party\mbedtls\include\mbedtls</Filter>
    </ClInclude>
  </ItemGroup>
  <ItemGroup>
    <ClCompile Include="..\..\..\..\lib\third_party\unity\extras\fixture\src\unity_fixture.c">
      <Filter>lib\third_party\unity\source</Filter>
    </ClCompile>
    <ClCompile Include="..\..\..\..\lib\third_party\unity\src\unity.c">
      <Filter>lib\third_party\unity\source</Filter>
    </ClCompile>
    <ClCompile Include="..\..\..\..\lib\crypto\aws_crypto.c">
      <Filter>lib\aws\crypto</Filter>
    </ClCompile>
    <ClCompile Include="..\..\..\..\lib\third_party\mbedtls\library\aes.c">
      <Filter>lib\third_party\mbedtls\library</Filter>
    </ClCompile>
    <ClCompile Include="..\..\..\..\lib\third_party\mbedtls\library\aesni.c">
      <Filter>lib\third_party\mbedtls\library</Filter>
    </ClCompile>
    <ClCompile Include="..\..\..\..\lib\third_party\mbedtls\library\arc4.c">
      <Filter>lib\third_party\mbedtls\library</Filter>
    </ClCompile>
    <ClCompile Include="..\..\..\..\lib\third_party\mbedtls\library\asn1parse.c">
      <Filter>lib\third_party\mbedtls\library</Filter>
    </ClCompile>
    <ClCompile Include="..\..\..\..\lib\third_party\mbedtls\library\asn1write.c">
      <Filter>lib\third_party\mbedtls\library</Filter>
    </ClCompile>
    <ClCompile Include="..\..\..\..\lib\third_party\mbedtls\library\base64.c">
      <Filter>lib\third_party\mbedtls\library</Filter>
    </ClCompile>
    <ClCompile Include="..\..\..\..\lib\third_party\mbedtls\library\bignum.c">
      <Filter>lib\third_party\mbedtls\library</Filter>
    </ClCompile>
    <ClCompile Include="..\..\..\..\lib\third_party\mbedtls\library\blowfish.c">
      <Filter>lib\third_party\mbedtls\library</Filter>
    </ClCompile>
    <ClCompile Include="..\..\..\..\lib\third_party\mbedtls\library\camellia.c">
      <Filter>lib\third_party\mbedtls\library</Filter>
    </ClCompile>
    <ClCompile Include="..\..\..\..\lib\third_party\mbedtls\library\ccm.c">
      <Filter>lib\third_party\mbedtls\library</Filter>
    </ClCompile>
    <ClCompile Include="..\..\..\..\lib\third_party\mbedtls\library\certs.c">
      <Filter>lib\third_party\mbedtls\library</Filter>
    </ClCompile>
    <ClCompile Include="..\..\..\..\lib\third_party\mbedtls\library\cipher.c">
      <Filter>lib\third_party\mbedtls\library</Filter>
    </ClCompile>
    <ClCompile Include="..\..\..\..\lib\third_party\mbedtls\library\cipher_wrap.c">
      <Filter>lib\third_party\mbedtls\library</Filter>
    </ClCompile>
    <ClCompile Include="..\..\..\..\lib\third_party\mbedtls\library\cmac.c">
      <Filter>lib\third_party\mbedtls\library</Filter>
    </ClCompile>
    <ClCompile Include="..\..\..\..\lib\third_party\mbedtls\library\ctr_drbg.c">
      <Filter>lib\third_party\mbedtls\library</Filter>
    </ClCompile>
    <ClCompile Include="..\..\..\..\lib\third_party\mbedtls\library\debug.c">
      <Filter>lib\third_party\mbedtls\library</Filter>
    </ClCompile>
    <ClCompile Include="..\..\..\..\lib\third_party\mbedtls\library\des.c">
      <Filter>lib\third_party\mbedtls\library</Filter>
    </ClCompile>
    <ClCompile Include="..\..\..\..\lib\third_party\mbedtls\library\dhm.c">
      <Filter>lib\third_party\mbedtls\library</Filter>
    </ClCompile>
    <ClCompile Include="..\..\..\..\lib\third_party\mbedtls\library\ecdh.c">
      <Filter>lib\third_party\mbedtls\library</Filter>
    </ClCompile>
    <ClCompile Include="..\..\..\..\lib\third_party\mbedtls\library\ecdsa.c">
      <Filter>lib\third_party\mbedtls\library</Filter>
    </ClCompile>
    <ClCompile Include="..\..\..\..\lib\third_party\mbedtls\library\ecjpake.c">
      <Filter>lib\third_party\mbedtls\library</Filter>
    </ClCompile>
    <ClCompile Include="..\..\..\..\lib\third_party\mbedtls\library\ecp.c">
      <Filter>lib\third_party\mbedtls\library</Filter>
    </ClCompile>
    <ClCompile Include="..\..\..\..\lib\third_party\mbedtls\library\ecp_curves.c">
      <Filter>lib\third_party\mbedtls\library</Filter>
    </ClCompile>
    <ClCompile Include="..\..\..\..\lib\third_party\mbedtls\library\entropy.c">
      <Filter>lib\third_party\mbedtls\library</Filter>
    </ClCompile>
    <ClCompile Include="..\..\..\..\lib\third_party\mbedtls\library\entropy_poll.c">
      <Filter>lib\third_party\mbedtls\library</Filter>
    </ClCompile>
    <ClCompile Include="..\..\..\..\lib\third_party\mbedtls\library\error.c">
      <Filter>lib\third_party\mbedtls\library</Filter>
    </ClCompile>
    <ClCompile Include="..\..\..\..\lib\third_party\mbedtls\library\gcm.c">
      <Filter>lib\third_party\mbedtls\library</Filter>
    </ClCompile>
    <ClCompile Include="..\..\..\..\lib\third_party\mbedtls\library\havege.c">
      <Filter>lib\third_party\mbedtls\library</Filter>
    </ClCompile>
    <ClCompile Include="..\..\..\..\lib\third_party\mbedtls\library\hmac_drbg.c">
      <Filter>lib\third_party\mbedtls\library</Filter>
    </ClCompile>
    <ClCompile Include="..\..\..\..\lib\third_party\mbedtls\library\md.c">
      <Filter>lib\third_party\mbedtls\library</Filter>
    </ClCompile>
    <ClCompile Include="..\..\..\..\lib\third_party\mbedtls\library\md_wrap.c">
      <Filter>lib\third_party\mbedtls\library</Filter>
    </ClCompile>
    <ClCompile Include="..\..\..\..\lib\third_party\mbedtls\library\md2.c">
      <Filter>lib\third_party\mbedtls\library</Filter>
    </ClCompile>
    <ClCompile Include="..\..\..\..\lib\third_party\mbedtls\library\md4.c">
      <Filter>lib\third_party\mbedtls\library</Filter>
    </ClCompile>
    <ClCompile Include="..\..\..\..\lib\third_party\mbedtls\library\md5.c">
      <Filter>lib\third_party\mbedtls\library</Filter>
    </ClCompile>
    <ClCompile Include="..\..\..\..\lib\third_party\mbedtls\library\memory_buffer_alloc.c">
      <Filter>lib\third_party\mbedtls\library</Filter>
    </ClCompile>
    <ClCompile Include="..\..\..\..\lib\third_party\mbedtls\library\net_sockets.c">
      <Filter>lib\third_party\mbedtls\library</Filter>
    </ClCompile>
    <ClCompile Include="..\..\..\..\lib\third_party\mbedtls\library\oid.c">
      <Filter>lib\third_party\mbedtls\library</Filter>
    </ClCompile>
    <ClCompile Include="..\..\..\..\lib\third_party\mbedtls\library\padlock.c">
      <Filter>lib\third_party\mbedtls\library</Filter>
    </ClCompile>
    <ClCompile Include="..\..\..\..\lib\third_party\mbedtls\library\pem.c">
      <Filter>lib\third_party\mbedtls\library</Filter>
    </ClCompile>
    <ClCompile Include="..\..\..\..\lib\third_party\mbedtls\library\pk.c">
      <Filter>lib\third_party\mbedtls\library</Filter>
    </ClCompile>
    <ClCompile Include="..\..\..\..\lib\third_party\mbedtls\library\pk_wrap.c">
      <Filter>lib\third_party\mbedtls\library</Filter>
    </ClCompile>
    <ClCompile Include="..\..\..\..\lib\third_party\mbedtls\library\pkcs5.c">
      <Filter>lib\third_party\mbedtls\library</Filter>
    </ClCompile>
    <ClCompile Include="..\..\..\..\lib\third_party\mbedtls\library\pkcs12.c">
      <Filter>lib\third_party\mbedtls\library</Filter>
    </ClCompile>
    <ClCompile Include="..\..\..\..\lib\third_party\mbedtls\library\pkparse.c">
      <Filter>lib\third_party\mbedtls\library</Filter>
    </ClCompile>
    <ClCompile Include="..\..\..\..\lib\third_party\mbedtls\library\pkwrite.c">
      <Filter>lib\third_party\mbedtls\library</Filter>
    </ClCompile>
    <ClCompile Include="..\..\..\..\lib\third_party\mbedtls\library\platform.c">
      <Filter>lib\third_party\mbedtls\library</Filter>
    </ClCompile>
    <ClCompile Include="..\..\..\..\lib\third_party\mbedtls\library\ripemd160.c">
      <Filter>lib\third_party\mbedtls\library</Filter>
    </ClCompile>
    <ClCompile Include="..\..\..\..\lib\third_party\mbedtls\library\rsa.c">
      <Filter>lib\third_party\mbedtls\library</Filter>
    </ClCompile>
    <ClCompile Include="..\..\..\..\lib\third_party\mbedtls\library\sha1.c">
      <Filter>lib\third_party\mbedtls\library</Filter>
    </ClCompile>
    <ClCompile Include="..\..\..\..\lib\third_party\mbedtls\library\sha256.c">
      <Filter>lib\third_party\mbedtls\library</Filter>
    </ClCompile>
    <ClCompile Include="..\..\..\..\lib\third_party\mbedtls\library\sha512.c">
      <Filter>lib\third_party\mbedtls\library</Filter>
    </ClCompile>
    <ClCompile Include="..\..\..\..\lib\third_party\mbedtls\library\ssl_cache.c">
      <Filter>lib\third_party\mbedtls\library</Filter>
    </ClCompile>
    <ClCompile Include="..\..\..\..\lib\third_party\mbedtls\library\ssl_ciphersuites.c">
      <Filter>lib\third_party\mbedtls\library</Filter>
    </ClCompile>
    <ClCompile Include="..\..\..\..\lib\third_party\mbedtls\library\ssl_cli.c">
      <Filter>lib\third_party\mbedtls\library</Filter>
    </ClCompile>
    <ClCompile Include="..\..\..\..\lib\third_party\mbedtls\library\ssl_cookie.c">
      <Filter>lib\third_party\mbedtls\library</Filter>
    </ClCompile>
    <ClCompile Include="..\..\..\..\lib\third_party\mbedtls\library\ssl_srv.c">
      <Filter>lib\third_party\mbedtls\library</Filter>
    </ClCompile>
    <ClCompile Include="..\..\..\..\lib\third_party\mbedtls\library\ssl_ticket.c">
      <Filter>lib\third_party\mbedtls\library</Filter>
    </ClCompile>
    <ClCompile Include="..\..\..\..\lib\third_party\mbedtls\library\ssl_tls.c">
      <Filter>lib\third_party\mbedtls\library</Filter>
    </ClCompile>
    <ClCompile Include="..\..\..\..\lib\third_party\mbedtls\library\threading.c">
      <Filter>lib\third_party\mbedtls\library</Filter>
    </ClCompile>
    <ClCompile Include="..\..\..\..\lib\third_party\mbedtls\library\timing.c">
      <Filter>lib\third_party\mbedtls\library</Filter>
    </ClCompile>
    <ClCompile Include="..\..\..\..\lib\third_party\mbedtls\library\version.c">
      <Filter>lib\third_party\mbedtls\library</Filter>
    </ClCompile>
    <ClCompile Include="..\..\..\..\lib\third_party\mbedtls\library\version_features.c">
      <Filter>lib\third_party\mbedtls\library</Filter>
    </ClCompile>
    <ClCompile Include="..\..\..\..\lib\third_party\mbedtls\library\x509.c">
      <Filter>lib\third_party\mbedtls\library</Filter>
    </ClCompile>
    <ClCompile Include="..\..\..\..\lib\third_party\mbedtls\library\x509_create.c">
      <Filter>lib\third_party\mbedtls\library</Filter>
    </ClCompile>
    <ClCompile Include="..\..\..\..\lib\third_party\mbedtls\library\x509_crl.c">
      <Filter>lib\third_party\mbedtls\library</Filter>
    </ClCompile>
    <ClCompile Include="..\..\..\..\lib\third_party\mbedtls\library\x509_crt.c">
      <Filter>lib\third_party\mbedtls\library</Filter>
    </ClCompile>
    <ClCompile Include="..\..\..\..\lib\third_party\mbedtls\library\x509_csr.c">
      <Filter>lib\third_party\mbedtls\library</Filter>
    </ClCompile>
    <ClCompile Include="..\..\..\..\lib\third_party\mbedtls\library\x509write_crt.c">
      <Filter>lib\third_party\mbedtls\library</Filter>
    </ClCompile>
    <ClCompile Include="..\..\..\..\lib\third_party\mbedtls\library\x509write_csr.c">
      <Filter>lib\third_party\mbedtls\library</Filter>
    </ClCompile>
    <ClCompile Include="..\..\..\..\lib\third_party\mbedtls\library\xtea.c">
      <Filter>lib\third_party\mbedtls\library</Filter>
    </ClCompile>
    <ClCompile Include="..\..\..\..\lib\third_party\cmock\src\cmock.c">
      <Filter>lib\third_party\cmock</Filter>
    </ClCompile>
    <ClCompile Include="..\..\..\..\lib\greengrass\aws_greengrass_discovery.c">
      <Filter>lib\aws\greengrass</Filter>
    </ClCompile>
    <ClCompile Include="..\..\..\..\lib\shadow\aws_shadow_json.c">
      <Filter>lib\aws\shadow</Filter>
    </ClCompile>
    <ClCompile Include="..\..\..\..\lib\shadow\aws_shadow.c">
      <Filter>lib\aws\shadow</Filter>
    </ClCompile>
    <ClCompile Include="..\..\..\..\lib\mqtt\aws_mqtt_lib.c">
      <Filter>lib\aws\mqtt</Filter>
    </ClCompile>
    <ClCompile Include="..\..\..\..\lib\third_party\tinycbor\cborpretty.c">
      <Filter>lib\third_party\tinycbor</Filter>
    </ClCompile>
    <ClCompile Include="..\..\..\..\lib\third_party\tinycbor\cborencoder.c">
      <Filter>lib\third_party\tinycbor</Filter>
    </ClCompile>
    <ClCompile Include="..\..\..\..\lib\third_party\tinycbor\cborencoder_close_container_checked.c">
      <Filter>lib\third_party\tinycbor</Filter>
    </ClCompile>
    <ClCompile Include="..\..\..\..\lib\third_party\tinycbor\cborerrorstrings.c">
      <Filter>lib\third_party\tinycbor</Filter>
    </ClCompile>
    <ClCompile Include="..\..\..\..\lib\third_party\tinycbor\cborparser.c">
      <Filter>lib\third_party\tinycbor</Filter>
    </ClCompile>
    <ClCompile Include="..\..\..\..\lib\third_party\tinycbor\cborparser_dup_string.c">
      <Filter>lib\third_party\tinycbor</Filter>
    </ClCompile>
    <ClCompile Include="..\..\..\..\lib\third_party\tracealyzer_recorder\trcSnapshotRecorder.c">
      <Filter>lib\third_party\tracealyzer_recorder</Filter>
    </ClCompile>
    <ClCompile Include="..\..\..\..\lib\third_party\tracealyzer_recorder\trcKernelPort.c">
      <Filter>lib\third_party\tracealyzer_recorder</Filter>
    </ClCompile>
    <ClCompile Include="..\..\..\..\lib\FreeRTOS-Plus-TCP\source\FreeRTOS_Sockets.c">
      <Filter>lib\aws\FreeRTOS-Plus-TCP\source</Filter>
    </ClCompile>
    <ClCompile Include="..\..\..\..\lib\FreeRTOS-Plus-TCP\source\FreeRTOS_Stream_Buffer.c">
      <Filter>lib\aws\FreeRTOS-Plus-TCP\source</Filter>
    </ClCompile>
    <ClCompile Include="..\..\..\..\lib\FreeRTOS-Plus-TCP\source\FreeRTOS_TCP_IP.c">
      <Filter>lib\aws\FreeRTOS-Plus-TCP\source</Filter>
    </ClCompile>
    <ClCompile Include="..\..\..\..\lib\FreeRTOS-Plus-TCP\source\FreeRTOS_TCP_WIN.c">
      <Filter>lib\aws\FreeRTOS-Plus-TCP\source</Filter>
    </ClCompile>
    <ClCompile Include="..\..\..\..\lib\FreeRTOS-Plus-TCP\source\FreeRTOS_UDP_IP.c">
      <Filter>lib\aws\FreeRTOS-Plus-TCP\source</Filter>
    </ClCompile>
    <ClCompile Include="..\..\..\..\lib\FreeRTOS-Plus-TCP\source\FreeRTOS_ARP.c">
      <Filter>lib\aws\FreeRTOS-Plus-TCP\source</Filter>
    </ClCompile>
    <ClCompile Include="..\..\..\..\lib\FreeRTOS-Plus-TCP\source\FreeRTOS_DHCP.c">
      <Filter>lib\aws\FreeRTOS-Plus-TCP\source</Filter>
    </ClCompile>
    <ClCompile Include="..\..\..\..\lib\FreeRTOS-Plus-TCP\source\FreeRTOS_DNS.c">
      <Filter>lib\aws\FreeRTOS-Plus-TCP\source</Filter>
    </ClCompile>
    <ClCompile Include="..\..\..\..\lib\FreeRTOS-Plus-TCP\source\FreeRTOS_IP.c">
      <Filter>lib\aws\FreeRTOS-Plus-TCP\source</Filter>
    </ClCompile>
    <ClCompile Include="..\..\..\..\lib\FreeRTOS-Plus-TCP\source\portable\NetworkInterface\WinPCap\NetworkInterface.c">
      <Filter>lib\aws\FreeRTOS-Plus-TCP\source\portable</Filter>
    </ClCompile>
    <ClCompile Include="..\..\..\..\lib\FreeRTOS-Plus-TCP\source\portable\BufferManagement\BufferAllocation_2.c">
      <Filter>lib\aws\FreeRTOS-Plus-TCP\source\portable</Filter>
    </ClCompile>
    <ClCompile Include="..\..\..\..\lib\ota\aws_ota_cbor.c">
      <Filter>lib\aws\ota</Filter>
    </ClCompile>
    <ClCompile Include="..\..\..\..\lib\ota\aws_ota_agent.c">
      <Filter>lib\aws\ota</Filter>
    </ClCompile>
    <ClCompile Include="..\..\..\..\lib\bufferpool\aws_bufferpool_static_thread_safe.c">
      <Filter>lib\aws\bufferpool</Filter>
    </ClCompile>
    <ClCompile Include="..\..\..\..\demos\pc\windows\common\application_code\aws_entropy_hardware_poll.c">
      <Filter>application_code\common_tests\pkcs11</Filter>
    </ClCompile>
    <ClCompile Include="..\..\..\common\test_runner\aws_test_runner.c">
      <Filter>application_code\common_tests\test_runner</Filter>
    </ClCompile>
    <ClCompile Include="..\common\application_code\aws_run-time-stats-utils.c">
      <Filter>application_code</Filter>
    </ClCompile>
    <ClCompile Include="..\common\application_code\main.c">
      <Filter>application_code</Filter>
    </ClCompile>
    <ClCompile Include="..\..\..\..\demos\pc\windows\common\application_code\aws_demo_logging.c">
      <Filter>application_code</Filter>
    </ClCompile>
    <ClCompile Include="..\..\..\..\lib\FreeRTOS\portable\MSVC-MingW\port.c">
      <Filter>lib\aws\FreeRTOS\portable\MSVC-Ming</Filter>
    </ClCompile>
    <ClCompile Include="..\..\..\..\lib\FreeRTOS\event_groups.c">
      <Filter>lib\aws\FreeRTOS</Filter>
    </ClCompile>
    <ClCompile Include="..\..\..\..\lib\FreeRTOS\list.c">
      <Filter>lib\aws\FreeRTOS</Filter>
    </ClCompile>
    <ClCompile Include="..\..\..\..\lib\FreeRTOS\queue.c">
      <Filter>lib\aws\FreeRTOS</Filter>
    </ClCompile>
    <ClCompile Include="..\..\..\..\lib\FreeRTOS\stream_buffer.c">
      <Filter>lib\aws\FreeRTOS</Filter>
    </ClCompile>
    <ClCompile Include="..\..\..\..\lib\FreeRTOS\tasks.c">
      <Filter>lib\aws\FreeRTOS</Filter>
    </ClCompile>
    <ClCompile Include="..\..\..\..\lib\FreeRTOS\timers.c">
      <Filter>lib\aws\FreeRTOS</Filter>
    </ClCompile>
    <ClCompile Include="..\..\..\common\crypto\aws_test_crypto.c">
      <Filter>application_code\common_tests\crypto</Filter>
    </ClCompile>
    <ClCompile Include="..\..\..\common\greengrass\aws_test_greengrass_discovery.c">
      <Filter>application_code\common_tests\greengrass</Filter>
    </ClCompile>
    <ClCompile Include="..\..\..\common\greengrass\aws_test_helper_secure_connect.c">
      <Filter>application_code\common_tests\greengrass</Filter>
    </ClCompile>
    <ClCompile Include="..\..\..\common\mqtt\aws_test_mqtt_lib.c">
      <Filter>application_code\common_tests\mqtt</Filter>
    </ClCompile>
    <ClCompile Include="..\..\..\common\ota\aws_test_ota_agent.c">
      <Filter>application_code\common_tests\ota</Filter>
    </ClCompile>
    <ClCompile Include="..\..\..\common\ota\aws_test_ota_pal.c">
      <Filter>application_code\common_tests\ota</Filter>
    </ClCompile>
    <ClCompile Include="..\..\..\common\pkcs11\aws_test_pkcs11.c">
      <Filter>application_code\common_tests\pkcs11</Filter>
    </ClCompile>
    <ClCompile Include="..\..\..\common\secure_sockets\aws_test_tcp.c">
      <Filter>application_code\common_tests\secure_sockets</Filter>
    </ClCompile>
    <ClCompile Include="..\..\..\common\shadow\aws_test_shadow.c">
      <Filter>application_code\common_tests\shadow</Filter>
    </ClCompile>
    <ClCompile Include="..\..\..\common\tls\aws_test_tls.c">
      <Filter>application_code\common_tests\tls</Filter>
    </ClCompile>
    <ClCompile Include="..\..\..\common\framework\aws_test_framework.c">
      <Filter>application_code\common_tests\framework</Filter>
    </ClCompile>
    <ClCompile Include="..\..\..\..\lib\tls\aws_tls.c">
      <Filter>lib\aws\tls</Filter>
    </ClCompile>
    <ClCompile Include="..\..\..\..\lib\utils\aws_system_init.c">
      <Filter>lib\aws\utils</Filter>
    </ClCompile>
    <ClCompile Include="..\..\..\..\lib\mqtt\aws_mqtt_agent.c">
      <Filter>lib\aws\mqtt</Filter>
    </ClCompile>
    <ClCompile Include="..\..\..\..\lib\third_party\jsmn\jsmn.c">
      <Filter>lib\third_party\jsmn</Filter>
    </ClCompile>
    <ClCompile Include="..\..\..\..\lib\greengrass\aws_helper_secure_connect.c">
      <Filter>lib\aws\greengrass</Filter>
    </ClCompile>
    <ClCompile Include="..\..\..\common\mqtt\aws_test_mqtt_agent.c">
      <Filter>application_code\common_tests\mqtt</Filter>
    </ClCompile>
    <ClCompile Include="..\..\..\..\demos\common\devmode_key_provisioning\aws_dev_mode_key_provisioning.c">
      <Filter>application_code</Filter>
    </ClCompile>
    <ClCompile Include="..\..\..\..\lib\secure_sockets\portable\freertos_plus_tcp\aws_secure_sockets.c">
      <Filter>lib\aws\secure_sockets</Filter>
    </ClCompile>
    <ClCompile Include="..\..\..\..\lib\third_party\mbedtls\library\rsa_internal.c">
      <Filter>lib\third_party\mbedtls\library</Filter>
    </ClCompile>
    <ClCompile Include="..\..\..\..\lib\ota\portable\pc\windows\aws_ota_pal.c">
      <Filter>lib\aws\ota</Filter>
    </ClCompile>
    <ClCompile Include="..\..\..\..\lib\pkcs11\portable\pc\windows\aws_pkcs11_pal.c">
      <Filter>lib\aws\pkcs11</Filter>
    </ClCompile>
    <ClCompile Include="..\..\..\..\lib\pkcs11\mbedtls\aws_pkcs11_mbedtls.c">
      <Filter>lib\aws\pkcs11</Filter>
    </ClCompile>
    <ClCompile Include="..\..\..\..\lib\cbor\test\test_aws_cbor_acc.c">
      <Filter>application_code\common_tests\cbor</Filter>
    </ClCompile>
    <ClCompile Include="..\..\..\..\lib\cbor\src\aws_cbor_iter.c">
      <Filter>lib\aws\cbor</Filter>
    </ClCompile>
    <ClCompile Include="..\..\..\..\lib\cbor\src\aws_cbor_map.c">
      <Filter>lib\aws\cbor</Filter>
    </ClCompile>
    <ClCompile Include="..\..\..\..\lib\cbor\src\aws_cbor_mem.c">
      <Filter>lib\aws\cbor</Filter>
    </ClCompile>
    <ClCompile Include="..\..\..\..\lib\cbor\src\aws_cbor_string.c">
      <Filter>lib\aws\cbor</Filter>
    </ClCompile>
    <ClCompile Include="..\..\..\..\lib\cbor\src\aws_cbor.c">
      <Filter>lib\aws\cbor</Filter>
    </ClCompile>
    <ClCompile Include="..\..\..\..\lib\cbor\src\aws_cbor_int.c">
      <Filter>lib\aws\cbor</Filter>
    </ClCompile>
    <ClCompile Include="..\..\..\common\cbor\aws_test_cbor.c">
      <Filter>application_code\common_tests\cbor</Filter>
    </ClCompile>
    <ClCompile Include="..\..\..\common\ota\aws_test_ota_cbor.c">
      <Filter>application_code\common_tests\ota</Filter>
    </ClCompile>
    <ClCompile Include="..\..\..\common\posix\aws_test_posix_utils.c">
      <Filter>application_code\common_tests\posix</Filter>
    </ClCompile>
    <ClCompile Include="..\..\..\..\lib\FreeRTOS-Plus-POSIX\source\FreeRTOS_POSIX_utils.c">
      <Filter>lib\aws\FreeRTOS-Plus-POSIX\source</Filter>
    </ClCompile>
    <ClCompile Include="..\..\..\..\lib\FreeRTOS-Plus-POSIX\source\FreeRTOS_POSIX_clock.c">
      <Filter>lib\aws\FreeRTOS-Plus-POSIX\source</Filter>
    </ClCompile>
    <ClCompile Include="..\..\..\common\posix\aws_test_posix_clock.c">
      <Filter>application_code\common_tests\posix</Filter>
    </ClCompile>
    <ClCompile Include="..\..\..\..\lib\FreeRTOS-Plus-POSIX\source\FreeRTOS_POSIX_sched.c">
      <Filter>lib\aws\FreeRTOS-Plus-POSIX\source</Filter>
    </ClCompile>
    <ClCompile Include="..\..\..\..\lib\FreeRTOS-Plus-POSIX\source\FreeRTOS_POSIX_pthread.c">
      <Filter>lib\aws\FreeRTOS-Plus-POSIX\source</Filter>
    </ClCompile>
    <ClCompile Include="..\..\..\common\posix\aws_test_posix_pthread.c">
      <Filter>application_code\common_tests\posix</Filter>
    </ClCompile>
    <ClCompile Include="..\..\..\..\lib\FreeRTOS-Plus-POSIX\source\FreeRTOS_POSIX_pthread_mutex.c">
      <Filter>lib\aws\FreeRTOS-Plus-POSIX\source</Filter>
    </ClCompile>
    <ClCompile Include="..\..\..\..\lib\FreeRTOS-Plus-POSIX\source\FreeRTOS_POSIX_pthread_barrier.c">
      <Filter>lib\aws\FreeRTOS-Plus-POSIX\source</Filter>
    </ClCompile>
    <ClCompile Include="..\..\..\common\posix\aws_test_posix_stress.c">
      <Filter>application_code\common_tests\posix</Filter>
    </ClCompile>
    <ClCompile Include="..\..\..\..\lib\FreeRTOS-Plus-POSIX\source\FreeRTOS_POSIX_mqueue.c">
      <Filter>lib\aws\FreeRTOS-Plus-POSIX\source</Filter>
    </ClCompile>
    <ClCompile Include="..\..\..\common\posix\aws_test_posix_mqueue.c">
      <Filter>application_code\common_tests\posix</Filter>
    </ClCompile>
    <ClCompile Include="..\..\..\common\freertos_tcp\aws_test_freertos_tcp.c">
      <Filter>application_code\common_tests\freertos_tcp</Filter>
    </ClCompile>
    <ClCompile Include="..\..\..\..\lib\FreeRTOS\portable\MemMang\heap_4.c">
      <Filter>lib\aws\FreeRTOS\portable\MemMang</Filter>
    </ClCompile>
    <ClCompile Include="..\..\..\..\lib\cbor\src\aws_cbor_alloc.c">
      <Filter>lib\aws\cbor</Filter>
    </ClCompile>
    <ClCompile Include="..\..\..\..\lib\cbor\src\aws_cbor_print.c">
      <Filter>lib\aws\cbor</Filter>
    </ClCompile>
    <ClCompile Include="..\..\..\common\defender\aws_test_defender.c">
      <Filter>application_code\common_tests\defender</Filter>
    </ClCompile>
    <ClCompile Include="..\..\..\..\lib\FreeRTOS-Plus-POSIX\source\FreeRTOS_POSIX_pthread_cond.c">
      <Filter>lib\aws\FreeRTOS-Plus-POSIX\source</Filter>
    </ClCompile>
    <ClCompile Include="..\..\..\..\lib\defender\aws_defender.c">
      <Filter>lib\aws\defender</Filter>
    </ClCompile>
    <ClCompile Include="..\..\..\..\lib\defender\portable\freertos\aws_defender_cpu.c">
      <Filter>lib\aws\defender\portable</Filter>
    </ClCompile>
    <ClCompile Include="..\..\..\..\lib\defender\portable\freertos\aws_defender_tcp_conn.c">
      <Filter>lib\aws\defender\portable</Filter>
    </ClCompile>
    <ClCompile Include="..\..\..\..\lib\defender\portable\freertos\aws_defender_uptime.c">
      <Filter>lib\aws\defender\portable</Filter>
    </ClCompile>
    <ClCompile Include="..\..\..\..\lib\defender\report\aws_defender_report.c">
      <Filter>lib\aws\defender\report</Filter>
    </ClCompile>
    <ClCompile Include="..\..\..\..\lib\defender\report\aws_defender_report_cpu.c">
      <Filter>lib\aws\defender\report</Filter>
    </ClCompile>
    <ClCompile Include="..\..\..\..\lib\defender\report\aws_defender_report_header.c">
      <Filter>lib\aws\defender\report</Filter>
    </ClCompile>
    <ClCompile Include="..\..\..\..\lib\defender\report\aws_defender_report_tcp_conn.c">
      <Filter>lib\aws\defender\report</Filter>
    </ClCompile>
    <ClCompile Include="..\..\..\..\lib\defender\report\aws_defender_report_uptime.c">
      <Filter>lib\aws\defender\report</Filter>
    </ClCompile>
    <ClCompile Include="..\..\..\..\lib\FreeRTOS-Plus-POSIX\source\FreeRTOS_POSIX_timer.c">
      <Filter>lib\aws\FreeRTOS-Plus-POSIX\source</Filter>
    </ClCompile>
    <ClCompile Include="..\..\..\common\posix\aws_test_posix_timer.c">
      <Filter>application_code\common_tests\posix</Filter>
    </ClCompile>
    <ClCompile Include="..\..\..\..\lib\FreeRTOS-Plus-POSIX\source\FreeRTOS_POSIX_semaphore.c">
      <Filter>lib\aws\FreeRTOS-Plus-POSIX\source</Filter>
    </ClCompile>
    <ClCompile Include="..\..\..\common\posix\aws_test_posix_semaphore.c">
      <Filter>application_code\common_tests\posix</Filter>
    </ClCompile>
    <ClCompile Include="..\..\..\..\demos\common\ota\aws_ota_update_demo.c">
      <Filter>application_code\common_tests\ota</Filter>
    </ClCompile>
    <ClCompile Include="..\..\..\common\memory_leak\aws_memory_leak.c">
      <Filter>application_code\common_tests\memory_leak</Filter>
    </ClCompile>
    <ClCompile Include="..\..\..\..\lib\third_party\mbedtls\library\platform_util.c">
      <Filter>lib\third_party\mbedtls\library</Filter>
    </ClCompile>
  </ItemGroup>
</Project>