<?xml version="1.0" encoding="utf-8"?>
<Project ToolsVersion="4.0" xmlns="http://schemas.microsoft.com/developer/msbuild/2003">
  <ItemGroup>
    <Filter Include="test">
      <UniqueIdentifier>{1dee881c-0de9-4692-b845-7583d67ba016}</UniqueIdentifier>
    </Filter>
    <Filter Include="test\include">
      <UniqueIdentifier>{37f1f9d9-9bce-4f97-8884-ea28da4825fd}</UniqueIdentifier>
    </Filter>
    <Filter Include="test\src">
      <UniqueIdentifier>{7b070ae9-729c-43da-b65b-ff060e37afbc}</UniqueIdentifier>
    </Filter>
    <Filter Include="config_files">
      <UniqueIdentifier>{d4dcf3a2-3b04-421e-a9b4-682eb9c701e3}</UniqueIdentifier>
    </Filter>
    <Filter Include="modules">
      <UniqueIdentifier>{8f4cfdb2-238e-4e5c-a9ac-e51751f5c9bf}</UniqueIdentifier>
    </Filter>
    <Filter Include="modules\libraries">
      <UniqueIdentifier>{95c9b109-b2f8-44d0-94b9-c64f3943f5d6}</UniqueIdentifier>
    </Filter>
    <Filter Include="freertos_kernel">
      <UniqueIdentifier>{a3c324a7-7658-4e12-bb2f-d51abbd075d2}</UniqueIdentifier>
    </Filter>
    <Filter Include="freertos_kernel\include">
      <UniqueIdentifier>{505dc106-4bf4-43ef-8f99-53598dc3da51}</UniqueIdentifier>
    </Filter>
    <Filter Include="modules\ports">
      <UniqueIdentifier>{ed62dd5a-8604-48a6-baa7-52c04a9481be}</UniqueIdentifier>
    </Filter>
    <Filter Include="modules\libraries\3rdparty">
      <UniqueIdentifier>{6aecca5c-4189-4250-b9b6-b07363dfe4ac}</UniqueIdentifier>
    </Filter>
    <Filter Include="modules\libraries\aws">
      <UniqueIdentifier>{3b0a3564-46f5-4897-973c-92edd3632499}</UniqueIdentifier>
    </Filter>
    <Filter Include="modules\libraries\standard">
      <UniqueIdentifier>{64846671-11e6-48cd-a337-935a7c4c3a71}</UniqueIdentifier>
    </Filter>
    <Filter Include="modules\libraries\standard\freertos_plus_tcp">
      <UniqueIdentifier>{2e550a34-a4a0-4a3c-a009-842a54fdfdaf}</UniqueIdentifier>
    </Filter>
    <Filter Include="modules\libraries\standard\freertos_plus_tcp\include">
      <UniqueIdentifier>{253818b0-e0e5-45a0-8d89-77ff9d5ead99}</UniqueIdentifier>
    </Filter>
    <Filter Include="modules\libraries\standard\freertos_plus_tcp\source">
      <UniqueIdentifier>{162a7750-7d91-425c-9f2c-21a81a625ccf}</UniqueIdentifier>
    </Filter>
    <Filter Include="modules\libraries\standard\freertos_plus_tcp\test">
      <UniqueIdentifier>{693a77f2-9acf-4858-bdf3-e43fe64014f5}</UniqueIdentifier>
    </Filter>
    <Filter Include="modules\libraries\standard\freertos_plus_tcp\source\portable">
      <UniqueIdentifier>{9479eaca-98fe-4d29-bf5a-438fd9c2d959}</UniqueIdentifier>
    </Filter>
    <Filter Include="freertos_kernel\portable">
      <UniqueIdentifier>{297d5128-635a-4291-a54d-06aff74ea0ca}</UniqueIdentifier>
    </Filter>
    <Filter Include="freertos_kernel\portable\MemMang">
      <UniqueIdentifier>{0a6f227d-9cb7-486d-b5bd-2922704de232}</UniqueIdentifier>
    </Filter>
    <Filter Include="freertos_kernel\portable\MSVC-MingW">
      <UniqueIdentifier>{194636ac-dedf-4e33-bbbb-bbeb1af73237}</UniqueIdentifier>
    </Filter>
    <Filter Include="modules\libraries\3rdparty\unity">
      <UniqueIdentifier>{1a6eff20-09dd-408e-b8d0-8ec006912785}</UniqueIdentifier>
    </Filter>
    <Filter Include="modules\libraries\3rdparty\unity\src">
      <UniqueIdentifier>{72f7d891-276d-4728-9037-95523599470a}</UniqueIdentifier>
    </Filter>
    <Filter Include="modules\libraries\3rdparty\unity\fixture">
      <UniqueIdentifier>{442295de-23ed-47d1-b493-43c20e9ae330}</UniqueIdentifier>
    </Filter>
    <Filter Include="application_code">
      <UniqueIdentifier>{95399cf8-0b6b-43c9-b087-b5ac0cc14496}</UniqueIdentifier>
    </Filter>
    <Filter Include="application_code\include">
      <UniqueIdentifier>{75622433-02ff-47cd-9735-a20a98248ddb}</UniqueIdentifier>
    </Filter>
    <Filter Include="application_code\src">
      <UniqueIdentifier>{9aecdfce-ca24-4cea-878a-90114f3e6f3b}</UniqueIdentifier>
    </Filter>
    <Filter Include="modules\libraries\standard\utils">
      <UniqueIdentifier>{20f98d6e-3811-466c-bce0-3ed806502b30}</UniqueIdentifier>
    </Filter>
    <Filter Include="modules\libraries\standard\utils\src">
      <UniqueIdentifier>{be575f4a-22e1-487e-953b-ab532751c16a}</UniqueIdentifier>
    </Filter>
    <Filter Include="modules\libraries\standard\utils\include">
      <UniqueIdentifier>{4e7b48df-1672-41fd-ac15-f80ee0c275ae}</UniqueIdentifier>
    </Filter>
    <Filter Include="modules\libraries\standard\provisioning">
      <UniqueIdentifier>{0c825f95-a172-4d35-b673-19b2ba9639f7}</UniqueIdentifier>
    </Filter>
    <Filter Include="modules\libraries\standard\provisioning\include">
      <UniqueIdentifier>{1c754e81-958b-4dd6-89b7-114f6271a57f}</UniqueIdentifier>
    </Filter>
    <Filter Include="modules\libraries\standard\provisioning\src">
      <UniqueIdentifier>{304d5611-2fbd-47ea-a8d9-7bdeef848a1e}</UniqueIdentifier>
    </Filter>
    <Filter Include="modules\libraries\3rdparty\tracealyzer_recorder">
      <UniqueIdentifier>{c6ff8129-b3ad-456c-8197-996f3a84057c}</UniqueIdentifier>
    </Filter>
    <Filter Include="modules\libraries\3rdparty\tracealyzer_recorder\Include">
      <UniqueIdentifier>{c40c3d66-29f3-46db-9ab8-b4796fd7a15f}</UniqueIdentifier>
    </Filter>
    <Filter Include="modules\libraries\standard\freertos_plus_tcp\source\portable\MSVC">
      <UniqueIdentifier>{91d20184-b089-433a-849a-f206fe2793b4}</UniqueIdentifier>
    </Filter>
    <Filter Include="modules\ports\pkcs11">
      <UniqueIdentifier>{28c5d667-4854-47c8-93df-95a1b135b50d}</UniqueIdentifier>
    </Filter>
    <Filter Include="modules\ports\pkcs11\include">
      <UniqueIdentifier>{70394fea-b7bd-4723-8ed3-312a89fa3a90}</UniqueIdentifier>
    </Filter>
    <Filter Include="modules\ports\pkcs11\mbedtls">
      <UniqueIdentifier>{107577da-1d07-40cb-bc87-a42552953981}</UniqueIdentifier>
    </Filter>
    <Filter Include="modules\ports\pkcs11\test">
      <UniqueIdentifier>{16d07790-9240-4155-84e1-81aa91ba72af}</UniqueIdentifier>
    </Filter>
    <Filter Include="modules\ports\secure_sockets">
      <UniqueIdentifier>{04d72506-4818-474b-b1f6-30c5e78694e8}</UniqueIdentifier>
    </Filter>
    <Filter Include="modules\ports\secure_sockets\include">
      <UniqueIdentifier>{d1eac612-5479-4ab6-8660-d88294bc4e0e}</UniqueIdentifier>
    </Filter>
    <Filter Include="modules\ports\secure_sockets\src">
      <UniqueIdentifier>{a4475d19-b1e7-4130-aa7d-b68d77ad068c}</UniqueIdentifier>
    </Filter>
    <Filter Include="modules\ports\secure_sockets\test">
      <UniqueIdentifier>{2671b1b1-e7db-4c8b-886a-8837892e3a07}</UniqueIdentifier>
    </Filter>
    <Filter Include="modules\libraries\standard\common">
      <UniqueIdentifier>{2da377ce-ea57-4006-9b30-b8845d9f2452}</UniqueIdentifier>
    </Filter>
    <Filter Include="modules\libraries\standard\common\include">
      <UniqueIdentifier>{527dc486-02b9-4cf4-8b0c-b179997808d4}</UniqueIdentifier>
    </Filter>
    <Filter Include="modules\libraries\standard\common\include\private">
      <UniqueIdentifier>{3cbe35ac-ca76-4ea0-8a46-9e9100d8b5ec}</UniqueIdentifier>
    </Filter>
    <Filter Include="modules\libraries\3rdparty\mbedtls">
      <UniqueIdentifier>{cabc5698-ccf7-4222-9ac3-b209bf9a1725}</UniqueIdentifier>
    </Filter>
    <Filter Include="modules\libraries\3rdparty\mbedtls\include">
      <UniqueIdentifier>{31949caf-e99b-4391-a041-17942402b674}</UniqueIdentifier>
    </Filter>
    <Filter Include="modules\libraries\3rdparty\mbedtls\include\mbedtls">
      <UniqueIdentifier>{761c3d83-4762-4df1-b389-eddd230dac8c}</UniqueIdentifier>
    </Filter>
    <Filter Include="modules\libraries\3rdparty\mbedtls\library">
      <UniqueIdentifier>{63d5f8c7-9548-48bc-a6dc-3938e21e2ece}</UniqueIdentifier>
    </Filter>
    <Filter Include="modules\libraries\standard\crypto">
      <UniqueIdentifier>{07563180-7d37-4111-9b15-a3b55a675542}</UniqueIdentifier>
    </Filter>
    <Filter Include="modules\libraries\standard\crypto\include">
      <UniqueIdentifier>{a8884f85-374f-428a-b209-c18ece4b0007}</UniqueIdentifier>
    </Filter>
    <Filter Include="modules\libraries\standard\crypto\src">
      <UniqueIdentifier>{05956b82-c1e9-4e11-9c00-d0bec7ab6736}</UniqueIdentifier>
    </Filter>
    <Filter Include="modules\libraries\standard\crypto\test">
      <UniqueIdentifier>{e7da7092-5f41-4290-801f-660da5a8ee09}</UniqueIdentifier>
    </Filter>
    <Filter Include="modules\libraries\standard\tls">
      <UniqueIdentifier>{a4342758-5229-4b0c-9ea3-ecc0f7e3b18b}</UniqueIdentifier>
    </Filter>
    <Filter Include="modules\libraries\standard\tls\include">
      <UniqueIdentifier>{321a169e-4312-47a4-b48b-18e1b8b4e8bb}</UniqueIdentifier>
    </Filter>
    <Filter Include="modules\libraries\standard\tls\src">
      <UniqueIdentifier>{2e7b440c-14d8-4a14-9b3f-789a7379c93c}</UniqueIdentifier>
    </Filter>
    <Filter Include="modules\libraries\standard\tls\test">
      <UniqueIdentifier>{86726390-de70-4adc-aa64-4127486ec0c9}</UniqueIdentifier>
    </Filter>
    <Filter Include="modules\libraries\standard\common\test">
      <UniqueIdentifier>{d8194fff-9f68-401f-97b0-8cbc82534b3b}</UniqueIdentifier>
    </Filter>
    <Filter Include="modules\libraries\aws\defender">
      <UniqueIdentifier>{f1bed97c-91e3-4fd4-ac61-a74202ec235f}</UniqueIdentifier>
    </Filter>
    <Filter Include="modules\libraries\aws\defender\include">
      <UniqueIdentifier>{5f35e4de-19b5-4d40-bacf-01299b796c18}</UniqueIdentifier>
    </Filter>
    <Filter Include="modules\libraries\aws\defender\src">
      <UniqueIdentifier>{19abea77-f228-401f-a2e2-4d2e8e479d0a}</UniqueIdentifier>
    </Filter>
    <Filter Include="modules\libraries\aws\defender\test">
      <UniqueIdentifier>{c7815f5b-ec6e-4875-a2cf-0b12ed5f26c3}</UniqueIdentifier>
    </Filter>
    <Filter Include="modules\libraries\aws\greengrass">
      <UniqueIdentifier>{f755c567-a19e-48d7-afc7-2f5083304737}</UniqueIdentifier>
    </Filter>
    <Filter Include="modules\libraries\aws\greengrass\include">
      <UniqueIdentifier>{e53fbf70-437e-4d15-b178-839a6d5813ea}</UniqueIdentifier>
    </Filter>
    <Filter Include="modules\libraries\aws\greengrass\src">
      <UniqueIdentifier>{f2697e14-40a6-4738-b98b-5629c1673312}</UniqueIdentifier>
    </Filter>
    <Filter Include="modules\libraries\aws\greengrass\test">
      <UniqueIdentifier>{1ed2a7e3-7899-45f9-94cd-52bb319d564b}</UniqueIdentifier>
    </Filter>
    <Filter Include="modules\libraries\aws\ota">
      <UniqueIdentifier>{ceed0903-4b45-46b9-a6c6-78d7ba339193}</UniqueIdentifier>
    </Filter>
    <Filter Include="modules\libraries\aws\ota\include">
      <UniqueIdentifier>{e1a08902-a04d-4467-b608-86721ccbe9d4}</UniqueIdentifier>
    </Filter>
    <Filter Include="modules\libraries\aws\ota\src">
      <UniqueIdentifier>{6fd06a5a-c6c1-4bd8-9226-1d1dd82bd7a3}</UniqueIdentifier>
    </Filter>
    <Filter Include="modules\libraries\aws\ota\test">
      <UniqueIdentifier>{14bc89c1-e8b4-4d80-b4a3-411e2b18ee1d}</UniqueIdentifier>
    </Filter>
    <Filter Include="modules\libraries\aws\shadow">
      <UniqueIdentifier>{37b5dab7-d99d-4803-b575-9fd8ad1bc564}</UniqueIdentifier>
    </Filter>
    <Filter Include="modules\libraries\aws\shadow\include">
      <UniqueIdentifier>{965fa11b-015c-46f9-a5b7-b6b21eb80cc1}</UniqueIdentifier>
    </Filter>
    <Filter Include="modules\libraries\aws\shadow\include\types">
      <UniqueIdentifier>{4a1d9824-c03f-4aac-9f22-72e6478c4cb8}</UniqueIdentifier>
    </Filter>
    <Filter Include="modules\libraries\aws\shadow\src">
      <UniqueIdentifier>{c665cff0-4ae8-4473-b914-85d7273aa677}</UniqueIdentifier>
    </Filter>
    <Filter Include="modules\libraries\aws\shadow\test">
      <UniqueIdentifier>{ad06c9ea-b598-46ff-900e-cff789238f7d}</UniqueIdentifier>
    </Filter>
    <Filter Include="modules\libraries\aws\shadow\src\private">
      <UniqueIdentifier>{d48530a2-5a99-480a-91c6-dcdc6b666406}</UniqueIdentifier>
    </Filter>
    <Filter Include="modules\libraries\aws\shadow\test\unit">
      <UniqueIdentifier>{245c4b42-37c5-4429-9e94-60650af65e7d}</UniqueIdentifier>
    </Filter>
    <Filter Include="modules\libraries\aws\shadow\test\system">
      <UniqueIdentifier>{da7aed06-9718-409a-be39-3df7285e313d}</UniqueIdentifier>
    </Filter>
    <Filter Include="modules\libraries\standard\common\logging">
      <UniqueIdentifier>{a5efa7c8-6140-4867-a211-de299aea29cf}</UniqueIdentifier>
    </Filter>
    <Filter Include="modules\libraries\standard\common\platform">
      <UniqueIdentifier>{4552ae09-ad75-472e-8307-e20e071138c1}</UniqueIdentifier>
    </Filter>
    <Filter Include="modules\libraries\standard\common\taskpool">
      <UniqueIdentifier>{67b996cc-d816-4e1b-a210-6e3dd36ebde9}</UniqueIdentifier>
    </Filter>
    <Filter Include="modules\libraries\standard\freertos_plus_posix">
      <UniqueIdentifier>{53dde712-1917-4564-9dfb-77636c9145ed}</UniqueIdentifier>
    </Filter>
    <Filter Include="modules\libraries\standard\freertos_plus_posix\include">
      <UniqueIdentifier>{1f400fd5-acc4-40d6-ad96-a2c78d6bcb6c}</UniqueIdentifier>
    </Filter>
    <Filter Include="modules\libraries\standard\freertos_plus_posix\source">
      <UniqueIdentifier>{04091fc7-b21b-4aa1-89c1-4dbfe55f63c3}</UniqueIdentifier>
    </Filter>
    <Filter Include="modules\libraries\standard\freertos_plus_posix\test">
      <UniqueIdentifier>{d4e4886b-6654-4c6a-b3f0-bb3664156b84}</UniqueIdentifier>
    </Filter>
    <Filter Include="modules\libraries\standard\freertos_plus_posix\include\portable">
      <UniqueIdentifier>{78e26a07-077f-43ce-a8b2-711177724179}</UniqueIdentifier>
    </Filter>
    <Filter Include="modules\libraries\standard\metrics">
      <UniqueIdentifier>{e949f399-a559-4e59-9406-b0f55bd4d983}</UniqueIdentifier>
    </Filter>
    <Filter Include="modules\libraries\standard\metrics\src">
      <UniqueIdentifier>{5c8ba422-18ad-4e62-962a-7ca6819ce311}</UniqueIdentifier>
    </Filter>
    <Filter Include="modules\libraries\standard\mqtt">
      <UniqueIdentifier>{d12598aa-02c9-404f-8667-523fe162aa30}</UniqueIdentifier>
    </Filter>
    <Filter Include="modules\libraries\standard\mqtt\include">
      <UniqueIdentifier>{c93a52d2-f446-40b2-a80e-46ae98dd72e1}</UniqueIdentifier>
    </Filter>
    <Filter Include="modules\libraries\standard\mqtt\src">
      <UniqueIdentifier>{7310b94e-741f-4495-981d-59ecd40484f2}</UniqueIdentifier>
    </Filter>
    <Filter Include="modules\libraries\standard\mqtt\test">
      <UniqueIdentifier>{bb299b91-3b00-4874-bc2f-a2a9bd58ba40}</UniqueIdentifier>
    </Filter>
    <Filter Include="modules\libraries\standard\mqtt\include\types">
      <UniqueIdentifier>{b509cda9-f2d8-4132-99d4-968e4d6124d1}</UniqueIdentifier>
    </Filter>
    <Filter Include="modules\libraries\standard\mqtt\src\private">
      <UniqueIdentifier>{2febb40f-6a88-4cc9-8df7-6ba52fc1a2bf}</UniqueIdentifier>
    </Filter>
    <Filter Include="modules\libraries\standard\mqtt\test\system">
      <UniqueIdentifier>{8d31762a-0da7-4e20-8fe8-60f726dd6e84}</UniqueIdentifier>
    </Filter>
    <Filter Include="modules\libraries\standard\mqtt\test\unit">
      <UniqueIdentifier>{a9e77b34-b418-4f80-9883-7550a86b7a71}</UniqueIdentifier>
    </Filter>
    <Filter Include="modules\libraries\standard\serializer">
      <UniqueIdentifier>{a9d12888-1a89-4f72-9bae-606ae2621060}</UniqueIdentifier>
    </Filter>
    <Filter Include="modules\libraries\standard\serializer\include">
      <UniqueIdentifier>{1906a4e6-def7-4830-8666-378d6370313c}</UniqueIdentifier>
    </Filter>
    <Filter Include="modules\libraries\standard\serializer\src">
      <UniqueIdentifier>{119d0999-9e3a-4bb6-9565-8361a85c5a05}</UniqueIdentifier>
    </Filter>
    <Filter Include="modules\libraries\standard\serializer\test">
      <UniqueIdentifier>{a1a9f06f-2ce9-4e48-9da6-61f0eb3f34b4}</UniqueIdentifier>
    </Filter>
    <Filter Include="modules\libraries\standard\serializer\src\cbor">
      <UniqueIdentifier>{efa65374-86f6-4438-b8c6-61aa37da8925}</UniqueIdentifier>
    </Filter>
    <Filter Include="modules\libraries\standard\serializer\src\json">
      <UniqueIdentifier>{07eabb63-f338-4e31-bedb-cd92bf7b07c6}</UniqueIdentifier>
    </Filter>
    <Filter Include="modules\libraries\3rdparty\cmock">
      <UniqueIdentifier>{fdd6085c-bf26-4311-b9fe-978120439479}</UniqueIdentifier>
    </Filter>
    <Filter Include="modules\libraries\3rdparty\jsmn">
      <UniqueIdentifier>{ad149169-c721-43ec-b60a-f8763f9cbadd}</UniqueIdentifier>
    </Filter>
    <Filter Include="modules\libraries\3rdparty\tinycbor">
      <UniqueIdentifier>{5c6fe3b7-e4f1-4582-be46-f4484f65cd2a}</UniqueIdentifier>
    </Filter>
    <Filter Include="modules\ports\posix">
      <UniqueIdentifier>{61d984e4-6ec3-4fae-9dbc-e5812a9a5483}</UniqueIdentifier>
    </Filter>
    <Filter Include="modules\ports\posix\include">
      <UniqueIdentifier>{7c84ad72-f95b-4441-b9a0-14d64bb22a05}</UniqueIdentifier>
    </Filter>
    <Filter Include="modules\ports\posix\include\FreeRTOS_POSIX">
      <UniqueIdentifier>{dad2d17d-d238-49a9-bccb-4b9657bbeab7}</UniqueIdentifier>
    </Filter>
    <Filter Include="modules\ports\posix\include\FreeRTOS_POSIX\sys">
      <UniqueIdentifier>{fb578507-7b6b-4840-adad-1c753b15c28d}</UniqueIdentifier>
    </Filter>
    <Filter Include="modules\libraries\aws\defender\src\private">
      <UniqueIdentifier>{2820337f-58fb-4d0e-bc75-307f2303fff7}</UniqueIdentifier>
    </Filter>
    <Filter Include="modules\libraries\standard\common\static_memory">
      <UniqueIdentifier>{4c98e370-fa18-4982-b5d4-d31ec02c235b}</UniqueIdentifier>
    </Filter>
  </ItemGroup>
  <ItemGroup>
    <ClInclude Include="..\..\..\..\..\freertos_kernel\include\FreeRTOS.h" />
    <ClInclude Include="..\..\..\..\..\freertos_kernel\include\atomic.h" />
    <ClInclude Include="..\..\..\..\..\freertos_kernel\include\deprecated_definitions.h" />
    <ClInclude Include="..\..\..\..\..\freertos_kernel\include\event_groups.h" />
    <ClInclude Include="..\..\..\..\..\freertos_kernel\include\list.h" />
    <ClInclude Include="..\..\..\..\..\freertos_kernel\include\message_buffer.h" />
    <ClInclude Include="..\..\..\..\..\freertos_kernel\include\mpu_prototypes.h" />
    <ClInclude Include="..\..\..\..\..\freertos_kernel\include\mpu_wrappers.h" />
    <ClInclude Include="..\..\..\..\..\freertos_kernel\include\portable.h" />
    <ClInclude Include="..\..\..\..\..\freertos_kernel\include\projdefs.h" />
    <ClInclude Include="..\..\..\..\..\freertos_kernel\include\queue.h" />
    <ClInclude Include="..\..\..\..\..\freertos_kernel\include\semphr.h" />
    <ClInclude Include="..\..\..\..\..\freertos_kernel\include\stack_macros.h" />
    <ClInclude Include="..\..\..\..\..\freertos_kernel\include\stream_buffer.h" />
    <ClInclude Include="..\..\..\..\..\freertos_kernel\include\task.h" />
    <ClInclude Include="..\..\..\..\..\freertos_kernel\include\timers.h" />
    <ClInclude Include="..\..\..\..\..\freertos_kernel\portable\MSVC-MingW\portmacro.h" />
    <ClInclude Include="..\..\..\..\..\tests\include\aws_application_version.h" />
    <ClInclude Include="..\..\..\..\..\tests\include\aws_clientcredential.h" />
    <ClInclude Include="..\..\..\..\..\tests\include\aws_clientcredential_keys.h" />
    <ClInclude Include="..\..\..\..\..\tests\include\aws_test_runner.h" />
    <ClInclude Include="..\..\..\..\..\tests\include\aws_test_framework.h" />
    <ClInclude Include="..\..\..\..\..\tests\include\aws_test_tcp.h" />
    <ClInclude Include="..\..\..\..\..\tests\include\aws_test_utils.h" />
    <ClInclude Include="..\..\..\..\..\tests\include\aws_unity_config.h" />
    <ClInclude Include="..\..\..\..\..\tests\include\iot_config_common.h" />
    <ClInclude Include="..\..\..\..\..\libraries\c_sdk\standard\common\include\aws_appversion32.h" />
    <ClInclude Include="..\..\..\..\..\libraries\c_sdk\standard\common\include\iot_init.h" />
    <ClInclude Include="..\..\..\..\..\libraries\c_sdk\standard\common\include\iot_linear_containers.h" />
    <ClInclude Include="..\..\..\..\..\libraries\c_sdk\standard\common\include\private\iot_logging.h" />
    <ClInclude Include="..\..\..\..\..\libraries\c_sdk\standard\common\include\aws_logging_task.h" />
    <ClInclude Include="..\..\..\..\..\libraries\c_sdk\standard\common\include\iot_logging_setup.h" />
    <ClInclude Include="..\..\..\..\..\libraries\c_sdk\standard\common\include\types\iot_network_types.h" />
    <ClInclude Include="..\..\..\..\..\libraries\c_sdk\standard\common\include\iot_taskpool.h" />
    <ClInclude Include="..\..\..\..\..\libraries\c_sdk\standard\common\include\types\iot_taskpool_types.h" />
    <ClInclude Include="..\..\..\..\..\libraries\c_sdk\standard\common\include\private\iot_taskpool_internal.h" />
    <ClInclude Include="..\..\..\..\..\libraries\abstractions\platform\include\platform\iot_clock.h" />
    <ClInclude Include="..\..\..\..\..\libraries\abstractions\platform\include\platform\iot_network.h" />
    <ClInclude Include="..\..\..\..\..\libraries\abstractions\platform\include\platform\iot_threads.h" />
    <ClInclude Include="..\..\..\..\..\libraries\abstractions\platform\include\types\iot_platform_types.h" />
    <ClInclude Include="..\..\..\..\..\libraries\abstractions\platform\freertos\include\platform\iot_platform_types_afr.h" />
    <ClInclude Include="..\..\..\..\..\libraries\abstractions\platform\include\platform\iot_metrics.h" />
    <ClInclude Include="..\..\..\..\..\libraries\abstractions\platform\freertos\include\platform\iot_network_afr.h" />
    <ClInclude Include="..\..\..\..\..\libraries\abstractions\secure_sockets\include\aws_secure_sockets.h" />
    <ClInclude Include="..\..\..\..\..\libraries\abstractions\secure_sockets\include\aws_secure_sockets_config_defaults.h" />
    <ClInclude Include="..\..\..\..\..\libraries\abstractions\secure_sockets\include\aws_secure_sockets_wrapper_metrics.h" />
    <ClInclude Include="..\..\..\..\..\libraries\freertos_plus\standard\freertos_plus_tcp\include\FreeRTOS_ARP.h" />
    <ClInclude Include="..\..\..\..\..\libraries\freertos_plus\standard\freertos_plus_tcp\include\FreeRTOS_DHCP.h" />
    <ClInclude Include="..\..\..\..\..\libraries\freertos_plus\standard\freertos_plus_tcp\include\FreeRTOS_DNS.h" />
    <ClInclude Include="..\..\..\..\..\libraries\freertos_plus\standard\freertos_plus_tcp\include\FreeRTOS_errno_TCP.h" />
    <ClInclude Include="..\..\..\..\..\libraries\freertos_plus\standard\freertos_plus_tcp\include\FreeRTOSIPConfigDefaults.h" />
    <ClInclude Include="..\..\..\..\..\libraries\freertos_plus\standard\freertos_plus_tcp\include\FreeRTOS_IP.h" />
    <ClInclude Include="..\..\..\..\..\libraries\freertos_plus\standard\freertos_plus_tcp\include\FreeRTOS_IP_Private.h" />
    <ClInclude Include="..\..\..\..\..\libraries\freertos_plus\standard\freertos_plus_tcp\include\FreeRTOS_Sockets.h" />
    <ClInclude Include="..\..\..\..\..\libraries\freertos_plus\standard\freertos_plus_tcp\include\FreeRTOS_Stream_Buffer.h" />
    <ClInclude Include="..\..\..\..\..\libraries\freertos_plus\standard\freertos_plus_tcp\include\FreeRTOS_TCP_IP.h" />
    <ClInclude Include="..\..\..\..\..\libraries\freertos_plus\standard\freertos_plus_tcp\include\FreeRTOS_TCP_WIN.h" />
    <ClInclude Include="..\..\..\..\..\libraries\freertos_plus\standard\freertos_plus_tcp\include\FreeRTOS_UDP_IP.h" />
    <ClInclude Include="..\..\..\..\..\libraries\freertos_plus\standard\freertos_plus_tcp\include\IPTraceMacroDefaults.h" />
    <ClInclude Include="..\..\..\..\..\libraries\freertos_plus\standard\freertos_plus_tcp\include\NetworkBufferManagement.h" />
    <ClInclude Include="..\..\..\..\..\libraries\freertos_plus\standard\freertos_plus_tcp\include\NetworkInterface.h" />
    <ClInclude Include="..\..\..\..\..\libraries\freertos_plus\standard\tls\include\aws_tls.h" />
    <ClInclude Include="..\..\..\..\..\libraries\freertos_plus\standard\crypto\include\aws_crypto.h" />
    <ClInclude Include="..\..\..\..\..\libraries\freertos_plus\standard\pkcs11\include\aws_pkcs11.h" />
    <ClInclude Include="..\..\..\..\..\libraries\abstractions\pkcs11\mbedtls\threading_alt.h" />
    <ClInclude Include="..\..\..\..\..\libraries\freertos_plus\standard\utils\include\aws_system_init.h" />
    <ClInclude Include="..\..\..\..\..\libraries\freertos_plus\standard\utils\include\aws_pki_utils.h" />
    <ClInclude Include="..\..\..\..\..\demos\dev_mode_key_provisioning\include\aws_dev_mode_key_provisioning.h" />
    <ClInclude Include="..\..\..\..\..\libraries\c_sdk\aws\defender\src\private\aws_iot_defender_internal.h" />
    <ClInclude Include="..\..\..\..\..\libraries\c_sdk\aws\defender\include\aws_iot_defender.h" />
    <ClInclude Include="..\..\..\..\..\libraries\c_sdk\standard\serializer\include\iot_serializer.h" />
    <ClInclude Include="..\..\..\..\..\libraries\c_sdk\standard\serializer\include\iot_json_utils.h" />
    <ClInclude Include="..\..\..\..\..\libraries\c_sdk\aws\shadow\include\aws_iot_shadow.h" />
    <ClInclude Include="..\..\..\..\..\libraries\c_sdk\aws\shadow\src\aws_shadow_config_defaults.h" />
    <ClInclude Include="..\..\..\..\..\libraries\c_sdk\aws\shadow\include\aws_shadow.h" />
    <ClInclude Include="..\..\..\..\..\libraries\freertos_plus\aws\greengrass\src\aws_helper_secure_connect.h" />
    <ClInclude Include="..\..\..\..\..\libraries\freertos_plus\aws\greengrass\include\aws_ggd_config_defaults.h" />
    <ClInclude Include="..\..\..\..\..\libraries\freertos_plus\aws\greengrass\include\aws_greengrass_discovery.h" />
    <ClInclude Include="..\..\..\..\..\libraries\freertos_plus\aws\ota\src\aws_ota_cbor.h" />
    <ClInclude Include="..\..\..\..\..\libraries\freertos_plus\aws\ota\src\aws_ota_pal.h" />
    <ClInclude Include="..\..\..\..\..\libraries\freertos_plus\aws\ota\src\aws_ota_agent_internal.h" />
    <ClInclude Include="..\..\..\..\..\libraries\freertos_plus\aws\ota\src\aws_ota_cbor_internal.h" />
    <ClInclude Include="..\..\..\..\..\libraries\freertos_plus\aws\ota\include\aws_ota_agent.h" />
    <ClInclude Include="..\..\..\..\..\libraries\freertos_plus\aws\ota\include\aws_ota_types.h" />
    <ClInclude Include="..\..\..\..\..\libraries\abstractions\posix\include\FreeRTOS_POSIX\errno.h" />
    <ClInclude Include="..\..\..\..\..\libraries\abstractions\posix\include\FreeRTOS_POSIX\fcntl.h" />
    <ClInclude Include="..\..\..\..\..\libraries\abstractions\posix\include\FreeRTOS_POSIX\mqueue.h" />
    <ClInclude Include="..\..\..\..\..\libraries\abstractions\posix\include\FreeRTOS_POSIX\pthread.h" />
    <ClInclude Include="..\..\..\..\..\libraries\abstractions\posix\include\FreeRTOS_POSIX\sched.h" />
    <ClInclude Include="..\..\..\..\..\libraries\abstractions\posix\include\FreeRTOS_POSIX\semaphore.h" />
    <ClInclude Include="..\..\..\..\..\libraries\abstractions\posix\include\FreeRTOS_POSIX\signal.h" />
    <ClInclude Include="..\..\..\..\..\libraries\abstractions\posix\include\FreeRTOS_POSIX\sys\types.h" />
    <ClInclude Include="..\..\..\..\..\libraries\abstractions\posix\include\FreeRTOS_POSIX\time.h" />
    <ClInclude Include="..\..\..\..\..\libraries\abstractions\posix\include\FreeRTOS_POSIX\unistd.h" />
    <ClInclude Include="..\..\..\..\..\libraries\abstractions\posix\include\FreeRTOS_POSIX\utils.h" />
    <ClInclude Include="..\..\..\..\..\vendors\pc\boards\windows\ports\posix\FreeRTOS_POSIX_portable.h" />
    <ClInclude Include="..\..\..\..\..\libraries\freertos_plus\standard\freertos_plus_posix\include\FreeRTOS_POSIX.h" />
    <ClInclude Include="..\..\..\..\..\libraries\freertos_plus\standard\freertos_plus_posix\include\FreeRTOS_POSIX_types.h" />
    <ClInclude Include="..\..\..\..\..\libraries\freertos_plus\standard\freertos_plus_posix\include\FreeRTOS_POSIX_internal.h" />
    <ClInclude Include="..\..\..\..\..\libraries\freertos_plus\standard\freertos_plus_posix\include\FreeRTOS_POSIX_portable_default.h" />
    <ClInclude Include="..\..\..\..\..\vendors\pc\boards\windows\aws_demos\application_code\aws_demo_logging.h" />
    <ClInclude Include="..\..\..\..\..\libraries\3rdparty\mbedtls\include\mbedtls\aes.h" />
    <ClInclude Include="..\..\..\..\..\libraries\3rdparty\mbedtls\include\mbedtls\aesni.h" />
    <ClInclude Include="..\..\..\..\..\libraries\3rdparty\mbedtls\include\mbedtls\arc4.h" />
    <ClInclude Include="..\..\..\..\..\libraries\3rdparty\mbedtls\include\mbedtls\asn1.h" />
    <ClInclude Include="..\..\..\..\..\libraries\3rdparty\mbedtls\include\mbedtls\asn1write.h" />
    <ClInclude Include="..\..\..\..\..\libraries\3rdparty\mbedtls\include\mbedtls\base64.h" />
    <ClInclude Include="..\..\..\..\..\libraries\3rdparty\mbedtls\include\mbedtls\bignum.h" />
    <ClInclude Include="..\..\..\..\..\libraries\3rdparty\mbedtls\include\mbedtls\blowfish.h" />
    <ClInclude Include="..\..\..\..\..\libraries\3rdparty\mbedtls\include\mbedtls\bn_mul.h" />
    <ClInclude Include="..\..\..\..\..\libraries\3rdparty\mbedtls\include\mbedtls\camellia.h" />
    <ClInclude Include="..\..\..\..\..\libraries\3rdparty\mbedtls\include\mbedtls\ccm.h" />
    <ClInclude Include="..\..\..\..\..\libraries\3rdparty\mbedtls\include\mbedtls\certs.h" />
    <ClInclude Include="..\..\..\..\..\libraries\3rdparty\mbedtls\include\mbedtls\check_config.h" />
    <ClInclude Include="..\..\..\..\..\libraries\3rdparty\mbedtls\include\mbedtls\cipher.h" />
    <ClInclude Include="..\..\..\..\..\libraries\3rdparty\mbedtls\include\mbedtls\cipher_internal.h" />
    <ClInclude Include="..\..\..\..\..\libraries\3rdparty\mbedtls\include\mbedtls\cmac.h" />
    <ClInclude Include="..\..\..\..\..\libraries\3rdparty\mbedtls\include\mbedtls\compat-1.3.h" />
    <ClInclude Include="..\..\..\..\..\libraries\3rdparty\mbedtls\include\mbedtls\config.h" />
    <ClInclude Include="..\..\..\..\..\libraries\3rdparty\mbedtls\include\mbedtls\ctr_drbg.h" />
    <ClInclude Include="..\..\..\..\..\libraries\3rdparty\mbedtls\include\mbedtls\debug.h" />
    <ClInclude Include="..\..\..\..\..\libraries\3rdparty\mbedtls\include\mbedtls\des.h" />
    <ClInclude Include="..\..\..\..\..\libraries\3rdparty\mbedtls\include\mbedtls\dhm.h" />
    <ClInclude Include="..\..\..\..\..\libraries\3rdparty\mbedtls\include\mbedtls\ecdh.h" />
    <ClInclude Include="..\..\..\..\..\libraries\3rdparty\mbedtls\include\mbedtls\ecdsa.h" />
    <ClInclude Include="..\..\..\..\..\libraries\3rdparty\mbedtls\include\mbedtls\ecjpake.h" />
    <ClInclude Include="..\..\..\..\..\libraries\3rdparty\mbedtls\include\mbedtls\ecp.h" />
    <ClInclude Include="..\..\..\..\..\libraries\3rdparty\mbedtls\include\mbedtls\ecp_internal.h" />
    <ClInclude Include="..\..\..\..\..\libraries\3rdparty\mbedtls\include\mbedtls\entropy.h" />
    <ClInclude Include="..\..\..\..\..\libraries\3rdparty\mbedtls\include\mbedtls\entropy_poll.h" />
    <ClInclude Include="..\..\..\..\..\libraries\3rdparty\mbedtls\include\mbedtls\error.h" />
    <ClInclude Include="..\..\..\..\..\libraries\3rdparty\mbedtls\include\mbedtls\gcm.h" />
    <ClInclude Include="..\..\..\..\..\libraries\3rdparty\mbedtls\include\mbedtls\havege.h" />
    <ClInclude Include="..\..\..\..\..\libraries\3rdparty\mbedtls\include\mbedtls\hmac_drbg.h" />
    <ClInclude Include="..\..\..\..\..\libraries\3rdparty\mbedtls\include\mbedtls\md.h" />
    <ClInclude Include="..\..\..\..\..\libraries\3rdparty\mbedtls\include\mbedtls\md2.h" />
    <ClInclude Include="..\..\..\..\..\libraries\3rdparty\mbedtls\include\mbedtls\md4.h" />
    <ClInclude Include="..\..\..\..\..\libraries\3rdparty\mbedtls\include\mbedtls\md5.h" />
    <ClInclude Include="..\..\..\..\..\libraries\3rdparty\mbedtls\include\mbedtls\md_internal.h" />
    <ClInclude Include="..\..\..\..\..\libraries\3rdparty\mbedtls\include\mbedtls\memory_buffer_alloc.h" />
    <ClInclude Include="..\..\..\..\..\libraries\3rdparty\mbedtls\include\mbedtls\net.h" />
    <ClInclude Include="..\..\..\..\..\libraries\3rdparty\mbedtls\include\mbedtls\net_sockets.h" />
    <ClInclude Include="..\..\..\..\..\libraries\3rdparty\mbedtls\include\mbedtls\oid.h" />
    <ClInclude Include="..\..\..\..\..\libraries\3rdparty\mbedtls\include\mbedtls\padlock.h" />
    <ClInclude Include="..\..\..\..\..\libraries\3rdparty\mbedtls\include\mbedtls\pem.h" />
    <ClInclude Include="..\..\..\..\..\libraries\3rdparty\mbedtls\include\mbedtls\pk.h" />
    <ClInclude Include="..\..\..\..\..\libraries\3rdparty\mbedtls\include\mbedtls\pk_internal.h" />
    <ClInclude Include="..\..\..\..\..\libraries\3rdparty\mbedtls\include\mbedtls\pkcs12.h" />
    <ClInclude Include="..\..\..\..\..\libraries\3rdparty\mbedtls\include\mbedtls\pkcs5.h" />
    <ClInclude Include="..\..\..\..\..\libraries\3rdparty\mbedtls\include\mbedtls\platform.h" />
    <ClInclude Include="..\..\..\..\..\libraries\3rdparty\mbedtls\include\mbedtls\platform_time.h" />
    <ClInclude Include="..\..\..\..\..\libraries\3rdparty\mbedtls\include\mbedtls\platform_util.h" />
    <ClInclude Include="..\..\..\..\..\libraries\3rdparty\mbedtls\include\mbedtls\ripemd160.h" />
    <ClInclude Include="..\..\..\..\..\libraries\3rdparty\mbedtls\include\mbedtls\rsa.h" />
    <ClInclude Include="..\..\..\..\..\libraries\3rdparty\mbedtls\include\mbedtls\rsa_internal.h" />
    <ClInclude Include="..\..\..\..\..\libraries\3rdparty\mbedtls\include\mbedtls\sha1.h" />
    <ClInclude Include="..\..\..\..\..\libraries\3rdparty\mbedtls\include\mbedtls\sha256.h" />
    <ClInclude Include="..\..\..\..\..\libraries\3rdparty\mbedtls\include\mbedtls\sha512.h" />
    <ClInclude Include="..\..\..\..\..\libraries\3rdparty\mbedtls\include\mbedtls\ssl.h" />
    <ClInclude Include="..\..\..\..\..\libraries\3rdparty\mbedtls\include\mbedtls\ssl_cache.h" />
    <ClInclude Include="..\..\..\..\..\libraries\3rdparty\mbedtls\include\mbedtls\ssl_ciphersuites.h" />
    <ClInclude Include="..\..\..\..\..\libraries\3rdparty\mbedtls\include\mbedtls\ssl_cookie.h" />
    <ClInclude Include="..\..\..\..\..\libraries\3rdparty\mbedtls\include\mbedtls\ssl_internal.h" />
    <ClInclude Include="..\..\..\..\..\libraries\3rdparty\mbedtls\include\mbedtls\ssl_ticket.h" />
    <ClInclude Include="..\..\..\..\..\libraries\3rdparty\mbedtls\include\mbedtls\threading.h" />
    <ClInclude Include="..\..\..\..\..\libraries\3rdparty\mbedtls\include\mbedtls\timing.h" />
    <ClInclude Include="..\..\..\..\..\libraries\3rdparty\mbedtls\include\mbedtls\version.h" />
    <ClInclude Include="..\..\..\..\..\libraries\3rdparty\mbedtls\include\mbedtls\x509.h" />
    <ClInclude Include="..\..\..\..\..\libraries\3rdparty\mbedtls\include\mbedtls\x509_crl.h" />
    <ClInclude Include="..\..\..\..\..\libraries\3rdparty\mbedtls\include\mbedtls\x509_crt.h" />
    <ClInclude Include="..\..\..\..\..\libraries\3rdparty\mbedtls\include\mbedtls\x509_csr.h" />
    <ClInclude Include="..\..\..\..\..\libraries\3rdparty\mbedtls\include\mbedtls\xtea.h" />
    <ClInclude Include="..\..\..\..\..\libraries\3rdparty\pkcs11\pkcs11.h" />
    <ClInclude Include="..\..\..\..\..\libraries\3rdparty\pkcs11\pkcs11f.h" />
    <ClInclude Include="..\..\..\..\..\libraries\3rdparty\pkcs11\pkcs11t.h" />
    <ClInclude Include="..\..\..\..\..\libraries\3rdparty\unity\src\unity.h" />
    <ClInclude Include="..\..\..\..\..\libraries\3rdparty\unity\src\unity_internals.h" />
    <ClInclude Include="..\..\..\..\..\libraries\3rdparty\unity\extras\fixture\src\unity_fixture.h" />
    <ClInclude Include="..\..\..\..\..\libraries\3rdparty\unity\extras\fixture\src\unity_fixture_internals.h" />
    <ClInclude Include="..\..\..\..\..\libraries\3rdparty\unity\extras\fixture\src\unity_fixture_malloc_overrides.h" />
    <ClInclude Include="..\..\..\..\..\libraries\3rdparty\jsmn\jsmn.h" />
  </ItemGroup>
  <ItemGroup>
    <ClCompile Include="..\..\..\..\..\freertos_kernel\event_groups.c" />
    <ClCompile Include="..\..\..\..\..\freertos_kernel\list.c" />
    <ClCompile Include="..\..\..\..\..\freertos_kernel\queue.c" />
    <ClCompile Include="..\..\..\..\..\freertos_kernel\stream_buffer.c" />
    <ClCompile Include="..\..\..\..\..\freertos_kernel\tasks.c" />
    <ClCompile Include="..\..\..\..\..\freertos_kernel\timers.c" />
    <ClCompile Include="..\..\..\..\..\freertos_kernel\portable\MSVC-MingW\port.c" />
    <ClCompile Include="..\..\..\..\..\freertos_kernel\portable\MemMang\heap_4.c" />
    <ClCompile Include="..\..\..\..\..\tests\common\aws_test_framework.c" />
    <ClCompile Include="..\..\..\..\..\tests\common\aws_test_runner.c" />
    <ClCompile Include="..\..\..\..\..\tests\common\aws_test.c" />
    <ClCompile Include="..\..\..\..\..\tests\common\iot_test_afr.c" />
    <ClCompile Include="..\..\..\..\..\tests\common\iot_tests_network.c" />
    <ClCompile Include="..\..\..\..\..\libraries\c_sdk\standard\common\iot_init.c" />
    <ClCompile Include="..\..\..\..\..\libraries\c_sdk\standard\common\logging\iot_logging.c" />
    <ClCompile Include="..\..\..\..\..\libraries\c_sdk\standard\common\iot_static_memory_common.c" />
    <ClCompile Include="..\..\..\..\..\libraries\c_sdk\standard\common\taskpool\iot_taskpool.c" />
    <ClCompile Include="..\..\..\..\..\libraries\c_sdk\standard\common\taskpool\iot_taskpool_static_memory.c" />
    <ClCompile Include="..\..\..\..\..\libraries\abstractions\platform\freertos\iot_clock_afr.c" />
    <ClCompile Include="..\..\..\..\..\libraries\abstractions\platform\freertos\iot_threads_afr.c" />
    <ClCompile Include="..\..\..\..\..\libraries\abstractions\platform\freertos\iot_metrics.c" />
    <ClCompile Include="..\..\..\..\..\libraries\abstractions\platform\freertos\iot_network_afr.c" />
    <ClCompile Include="..\..\..\..\..\libraries\abstractions\secure_sockets\freertos_plus_tcp\aws_secure_sockets.c" />
    <ClCompile Include="..\..\..\..\..\libraries\freertos_plus\standard\freertos_plus_tcp\source\FreeRTOS_ARP.c" />
    <ClCompile Include="..\..\..\..\..\libraries\freertos_plus\standard\freertos_plus_tcp\source\FreeRTOS_DHCP.c" />
    <ClCompile Include="..\..\..\..\..\libraries\freertos_plus\standard\freertos_plus_tcp\source\FreeRTOS_DNS.c" />
    <ClCompile Include="..\..\..\..\..\libraries\freertos_plus\standard\freertos_plus_tcp\source\FreeRTOS_IP.c" />
    <ClCompile Include="..\..\..\..\..\libraries\freertos_plus\standard\freertos_plus_tcp\source\FreeRTOS_Sockets.c" />
    <ClCompile Include="..\..\..\..\..\libraries\freertos_plus\standard\freertos_plus_tcp\source\FreeRTOS_Stream_Buffer.c" />
    <ClCompile Include="..\..\..\..\..\libraries\freertos_plus\standard\freertos_plus_tcp\source\FreeRTOS_TCP_IP.c" />
    <ClCompile Include="..\..\..\..\..\libraries\freertos_plus\standard\freertos_plus_tcp\source\FreeRTOS_TCP_WIN.c" />
    <ClCompile Include="..\..\..\..\..\libraries\freertos_plus\standard\freertos_plus_tcp\source\FreeRTOS_UDP_IP.c" />
    <ClCompile Include="..\..\..\..\..\libraries\freertos_plus\standard\freertos_plus_tcp\source\portable\BufferManagement\BufferAllocation_2.c" />
    <ClCompile Include="..\..\..\..\..\libraries\freertos_plus\standard\freertos_plus_tcp\source\portable\NetworkInterface\WinPCap\NetworkInterface.c" />
    <ClCompile Include="..\..\..\..\..\libraries\freertos_plus\standard\tls\src\aws_tls.c" />
    <ClCompile Include="..\..\..\..\..\libraries\freertos_plus\standard\crypto\src\aws_crypto.c" />
    <ClCompile Include="..\..\..\..\..\libraries\freertos_plus\standard\pkcs11\src\aws_pkcs11.c" />
    <ClCompile Include="..\..\..\..\..\vendors\pc\boards\windows\ports\pkcs11_implementation\aws_pkcs11_pal.c" />
    <ClCompile Include="..\..\..\..\..\libraries\abstractions\pkcs11\mbedtls\aws_pkcs11_mbedtls.c" />
    <ClCompile Include="..\..\..\..\..\libraries\freertos_plus\standard\utils\src\aws_system_init.c" />
    <ClCompile Include="..\..\..\..\..\libraries\freertos_plus\standard\utils\src\aws_pki_utils.c" />
    <ClCompile Include="..\..\..\..\..\demos\dev_mode_key_provisioning\src\aws_dev_mode_key_provisioning.c" />
    <ClCompile Include="..\..\..\..\..\demos\dev_mode_key_provisioning\src\pem2der.c" />
    <ClCompile Include="..\..\..\..\..\libraries\c_sdk\aws\defender\src\aws_iot_defender_api.c" />
    <ClCompile Include="..\..\..\..\..\libraries\c_sdk\aws\defender\src\aws_iot_defender_collector.c" />
    <ClCompile Include="..\..\..\..\..\libraries\c_sdk\aws\defender\src\aws_iot_defender_mqtt.c" />
    <ClCompile Include="..\..\..\..\..\libraries\c_sdk\aws\defender\src\aws_iot_defender_v1.c" />
    <ClCompile Include="..\..\..\..\..\libraries\c_sdk\standard\mqtt\src\iot_mqtt_api.c" />
    <ClCompile Include="..\..\..\..\..\libraries\c_sdk\standard\mqtt\src\iot_mqtt_network.c" />
    <ClCompile Include="..\..\..\..\..\libraries\c_sdk\standard\mqtt\src\iot_mqtt_operation.c" />
    <ClCompile Include="..\..\..\..\..\libraries\c_sdk\standard\mqtt\src\iot_mqtt_serialize.c" />
    <ClCompile Include="..\..\..\..\..\libraries\c_sdk\standard\mqtt\src\iot_mqtt_static_memory.c" />
    <ClCompile Include="..\..\..\..\..\libraries\c_sdk\standard\mqtt\src\iot_mqtt_subscription.c" />
    <ClCompile Include="..\..\..\..\..\libraries\c_sdk\standard\mqtt\src\iot_mqtt_validate.c" />
    <ClCompile Include="..\..\..\..\..\libraries\c_sdk\standard\mqtt\src\aws_mqtt_agent.c" />
    <ClCompile Include="..\..\..\..\..\libraries\c_sdk\standard\serializer\src\cbor\iot_serializer_tinycbor_decoder.c" />
    <ClCompile Include="..\..\..\..\..\libraries\c_sdk\standard\serializer\src\cbor\iot_serializer_tinycbor_encoder.c" />
    <ClCompile Include="..\..\..\..\..\libraries\c_sdk\standard\serializer\src\json\aws_iot_serializer_json_decoder.c" />
    <ClCompile Include="..\..\..\..\..\libraries\c_sdk\standard\serializer\src\json\aws_iot_serializer_json_encoder.c" />
    <ClCompile Include="..\..\..\..\..\libraries\c_sdk\standard\serializer\src\iot_serializer_static_memory.c" />
    <ClCompile Include="..\..\..\..\..\libraries\c_sdk\standard\serializer\src\iot_json_utils.c" />
    <ClCompile Include="..\..\..\..\..\libraries\c_sdk\aws\shadow\src\aws_iot_shadow_api.c" />
    <ClCompile Include="..\..\..\..\..\libraries\c_sdk\aws\shadow\src\aws_iot_shadow_operation.c" />
    <ClCompile Include="..\..\..\..\..\libraries\c_sdk\aws\shadow\src\aws_iot_shadow_parser.c" />
    <ClCompile Include="..\..\..\..\..\libraries\c_sdk\aws\shadow\src\aws_iot_shadow_static_memory.c" />
    <ClCompile Include="..\..\..\..\..\libraries\c_sdk\aws\shadow\src\aws_iot_shadow_subscription.c" />
    <ClCompile Include="..\..\..\..\..\libraries\c_sdk\aws\shadow\src\aws_shadow.c" />
    <ClCompile Include="..\..\..\..\..\libraries\freertos_plus\aws\greengrass\src\aws_greengrass_discovery.c" />
    <ClCompile Include="..\..\..\..\..\libraries\freertos_plus\aws\greengrass\src\aws_helper_secure_connect.c" />
    <ClCompile Include="..\..\..\..\..\libraries\freertos_plus\aws\ota\src\aws_iot_ota_agent.c" />
    <ClCompile Include="..\..\..\..\..\libraries\freertos_plus\aws\ota\src\aws_ota_cbor.c" />
    <ClCompile Include="..\..\..\..\..\libraries\3rdparty\mbedtls\library\base64.c" />
    <ClCompile Include="..\..\..\..\..\vendors\pc\boards\windows\ports\ota\aws_ota_pal.c" />
    <ClCompile Include="..\..\..\..\..\libraries\freertos_plus\standard\freertos_plus_posix\source\FreeRTOS_POSIX_clock.c" />
    <ClCompile Include="..\..\..\..\..\libraries\freertos_plus\standard\freertos_plus_posix\source\FreeRTOS_POSIX_mqueue.c" />
    <ClCompile Include="..\..\..\..\..\libraries\freertos_plus\standard\freertos_plus_posix\source\FreeRTOS_POSIX_pthread_barrier.c" />
    <ClCompile Include="..\..\..\..\..\libraries\freertos_plus\standard\freertos_plus_posix\source\FreeRTOS_POSIX_pthread.c" />
    <ClCompile Include="..\..\..\..\..\libraries\freertos_plus\standard\freertos_plus_posix\source\FreeRTOS_POSIX_pthread_cond.c" />
    <ClCompile Include="..\..\..\..\..\libraries\freertos_plus\standard\freertos_plus_posix\source\FreeRTOS_POSIX_pthread_mutex.c" />
    <ClCompile Include="..\..\..\..\..\libraries\freertos_plus\standard\freertos_plus_posix\source\FreeRTOS_POSIX_sched.c" />
    <ClCompile Include="..\..\..\..\..\libraries\freertos_plus\standard\freertos_plus_posix\source\FreeRTOS_POSIX_semaphore.c" />
    <ClCompile Include="..\..\..\..\..\libraries\freertos_plus\standard\freertos_plus_posix\source\FreeRTOS_POSIX_timer.c" />
    <ClCompile Include="..\..\..\..\..\libraries\freertos_plus\standard\freertos_plus_posix\source\FreeRTOS_POSIX_unistd.c" />
    <ClCompile Include="..\..\..\..\..\libraries\freertos_plus\standard\freertos_plus_posix\source\FreeRTOS_POSIX_utils.c" />
    <ClCompile Include="..\..\..\..\..\libraries\c_sdk\aws\defender\test\aws_iot_tests_defender_api.c" />
    <ClCompile Include="..\..\..\..\..\libraries\c_sdk\aws\shadow\test\unit\aws_iot_tests_shadow_api.c" />
    <ClCompile Include="..\..\..\..\..\libraries\c_sdk\aws\shadow\test\unit\aws_iot_tests_shadow_parser.c" />
    <ClCompile Include="..\..\..\..\..\libraries\c_sdk\aws\shadow\test\system\aws_iot_tests_shadow_system.c" />
    <ClCompile Include="..\..\..\..\..\libraries\c_sdk\aws\shadow\test\aws_test_shadow.c" />
    <ClCompile Include="..\..\..\..\..\libraries\c_sdk\standard\common\test\aws_memory_leak.c" />
    <ClCompile Include="..\..\..\..\..\libraries\c_sdk\standard\common\test\iot_tests_taskpool.c" />
    <ClCompile Include="..\..\..\..\..\libraries\c_sdk\standard\mqtt\test\unit\iot_tests_mqtt_api.c" />
    <ClCompile Include="..\..\..\..\..\libraries\c_sdk\standard\mqtt\test\unit\iot_tests_mqtt_receive.c" />
    <ClCompile Include="..\..\..\..\..\libraries\c_sdk\standard\mqtt\test\unit\iot_tests_mqtt_subscription.c" />
    <ClCompile Include="..\..\..\..\..\libraries\c_sdk\standard\mqtt\test\unit\iot_tests_mqtt_validate.c" />
    <ClCompile Include="..\..\..\..\..\libraries\c_sdk\standard\mqtt\test\system\iot_tests_mqtt_system.c" />
    <ClCompile Include="..\..\..\..\..\libraries\c_sdk\standard\mqtt\test\aws_test_mqtt_agent.c" />
    <ClCompile Include="..\..\..\..\..\libraries\c_sdk\standard\serializer\test\iot_tests_serializer_cbor.c" />
    <ClCompile Include="..\..\..\..\..\libraries\c_sdk\standard\serializer\test\iot_tests_serializer_json.c" />
    <ClCompile Include="..\..\..\..\..\libraries\freertos_plus\aws\greengrass\test\aws_test_greengrass_discovery.c" />
    <ClCompile Include="..\..\..\..\..\libraries\freertos_plus\aws\greengrass\test\aws_test_helper_secure_connect.c" />
    <ClCompile Include="..\..\..\..\..\libraries\freertos_plus\aws\ota\test\aws_test_ota_cbor.c" />
    <ClCompile Include="..\..\..\..\..\libraries\freertos_plus\aws\ota\test\aws_test_ota_agent.c" />
    <ClCompile Include="..\..\..\..\..\libraries\freertos_plus\aws\ota\test\aws_test_ota_pal.c" />
    <ClCompile Include="..\..\..\..\..\libraries\freertos_plus\standard\crypto\test\aws_test_crypto.c" />
    <ClCompile Include="..\..\..\..\..\libraries\freertos_plus\standard\freertos_plus_posix\test\aws_test_posix_clock.c" />
    <ClCompile Include="..\..\..\..\..\libraries\freertos_plus\standard\freertos_plus_posix\test\aws_test_posix_mqueue.c" />
    <ClCompile Include="..\..\..\..\..\libraries\freertos_plus\standard\freertos_plus_posix\test\aws_test_posix_pthread.c" />
    <ClCompile Include="..\..\..\..\..\libraries\freertos_plus\standard\freertos_plus_posix\test\aws_test_posix_semaphore.c" />
    <ClCompile Include="..\..\..\..\..\libraries\freertos_plus\standard\freertos_plus_posix\test\aws_test_posix_stress.c" />
    <ClCompile Include="..\..\..\..\..\libraries\freertos_plus\standard\freertos_plus_posix\test\aws_test_posix_timer.c" />
    <ClCompile Include="..\..\..\..\..\libraries\freertos_plus\standard\freertos_plus_posix\test\aws_test_posix_unistd.c" />
    <ClCompile Include="..\..\..\..\..\libraries\freertos_plus\standard\freertos_plus_posix\test\aws_test_posix_utils.c" />
    <ClCompile Include="..\..\..\..\..\libraries\freertos_plus\standard\freertos_plus_tcp\test\aws_test_freertos_tcp.c" />
    <ClCompile Include="..\..\..\..\..\libraries\freertos_plus\standard\tls\test\aws_test_tls.c" />
    <ClCompile Include="..\..\..\..\..\libraries\abstractions\pkcs11\test\aws_test_pkcs11.c" />
    <ClCompile Include="..\..\..\..\..\libraries\abstractions\platform\test\iot_test_platform_clock.c" />
    <ClCompile Include="..\..\..\..\..\libraries\abstractions\platform\test\iot_test_platform_threads.c" />
    <ClCompile Include="..\..\..\..\..\libraries\abstractions\secure_sockets\test\aws_test_tcp.c" />
    <ClCompile Include="..\..\..\..\..\vendors\pc\boards\windows\aws_tests\application_code\main.c" />
    <ClCompile Include="..\..\..\..\..\vendors\pc\boards\windows\aws_demos\application_code\aws_demo_logging.c" />
    <ClCompile Include="..\..\..\..\..\vendors\pc\boards\windows\aws_demos\application_code\aws_entropy_hardware_poll.c" />
    <ClCompile Include="..\..\..\..\..\vendors\pc\boards\windows\aws_demos\application_code\aws_run-time-stats-utils.c" />
    <ClCompile Include="..\..\..\..\..\libraries\3rdparty\tracealyzer_recorder\trcKernelPort.c" />
    <ClCompile Include="..\..\..\..\..\libraries\3rdparty\tracealyzer_recorder\trcSnapshotRecorder.c" />
    <ClCompile Include="..\..\..\..\..\libraries\3rdparty\mbedtls\library\aes.c" />
    <ClCompile Include="..\..\..\..\..\libraries\3rdparty\mbedtls\library\aesni.c" />
    <ClCompile Include="..\..\..\..\..\libraries\3rdparty\mbedtls\library\arc4.c" />
    <ClCompile Include="..\..\..\..\..\libraries\3rdparty\mbedtls\library\asn1parse.c" />
    <ClCompile Include="..\..\..\..\..\libraries\3rdparty\mbedtls\library\asn1write.c" />
    <ClCompile Include="..\..\..\..\..\libraries\3rdparty\mbedtls\library\bignum.c" />
    <ClCompile Include="..\..\..\..\..\libraries\3rdparty\mbedtls\library\blowfish.c" />
    <ClCompile Include="..\..\..\..\..\libraries\3rdparty\mbedtls\library\camellia.c" />
    <ClCompile Include="..\..\..\..\..\libraries\3rdparty\mbedtls\library\ccm.c" />
    <ClCompile Include="..\..\..\..\..\libraries\3rdparty\mbedtls\library\certs.c" />
    <ClCompile Include="..\..\..\..\..\libraries\3rdparty\mbedtls\library\cipher.c" />
    <ClCompile Include="..\..\..\..\..\libraries\3rdparty\mbedtls\library\cipher_wrap.c" />
    <ClCompile Include="..\..\..\..\..\libraries\3rdparty\mbedtls\library\cmac.c" />
    <ClCompile Include="..\..\..\..\..\libraries\3rdparty\mbedtls\library\ctr_drbg.c" />
    <ClCompile Include="..\..\..\..\..\libraries\3rdparty\mbedtls\library\debug.c" />
    <ClCompile Include="..\..\..\..\..\libraries\3rdparty\mbedtls\library\des.c" />
    <ClCompile Include="..\..\..\..\..\libraries\3rdparty\mbedtls\library\dhm.c" />
    <ClCompile Include="..\..\..\..\..\libraries\3rdparty\mbedtls\library\ecdh.c" />
    <ClCompile Include="..\..\..\..\..\libraries\3rdparty\mbedtls\library\ecdsa.c" />
    <ClCompile Include="..\..\..\..\..\libraries\3rdparty\mbedtls\library\ecjpake.c" />
    <ClCompile Include="..\..\..\..\..\libraries\3rdparty\mbedtls\library\ecp.c" />
    <ClCompile Include="..\..\..\..\..\libraries\3rdparty\mbedtls\library\ecp_curves.c" />
    <ClCompile Include="..\..\..\..\..\libraries\3rdparty\mbedtls\library\entropy.c" />
    <ClCompile Include="..\..\..\..\..\libraries\3rdparty\mbedtls\library\entropy_poll.c" />
    <ClCompile Include="..\..\..\..\..\libraries\3rdparty\mbedtls\library\error.c" />
    <ClCompile Include="..\..\..\..\..\libraries\3rdparty\mbedtls\library\gcm.c" />
    <ClCompile Include="..\..\..\..\..\libraries\3rdparty\mbedtls\library\havege.c" />
    <ClCompile Include="..\..\..\..\..\libraries\3rdparty\mbedtls\library\hmac_drbg.c" />
    <ClCompile Include="..\..\..\..\..\libraries\3rdparty\mbedtls\library\md.c" />
    <ClCompile Include="..\..\..\..\..\libraries\3rdparty\mbedtls\library\md2.c" />
    <ClCompile Include="..\..\..\..\..\libraries\3rdparty\mbedtls\library\md4.c" />
    <ClCompile Include="..\..\..\..\..\libraries\3rdparty\mbedtls\library\md5.c" />
    <ClCompile Include="..\..\..\..\..\libraries\3rdparty\mbedtls\library\md_wrap.c" />
    <ClCompile Include="..\..\..\..\..\libraries\3rdparty\mbedtls\library\memory_buffer_alloc.c" />
    <ClCompile Include="..\..\..\..\..\libraries\3rdparty\mbedtls\library\net_sockets.c" />
    <ClCompile Include="..\..\..\..\..\libraries\3rdparty\mbedtls\library\oid.c" />
    <ClCompile Include="..\..\..\..\..\libraries\3rdparty\mbedtls\library\padlock.c" />
    <ClCompile Include="..\..\..\..\..\libraries\3rdparty\mbedtls\library\pem.c" />
    <ClCompile Include="..\..\..\..\..\libraries\3rdparty\mbedtls\library\pk.c" />
    <ClCompile Include="..\..\..\..\..\libraries\3rdparty\mbedtls\library\pk_wrap.c" />
    <ClCompile Include="..\..\..\..\..\libraries\3rdparty\mbedtls\library\pkcs12.c" />
    <ClCompile Include="..\..\..\..\..\libraries\3rdparty\mbedtls\library\pkcs5.c" />
    <ClCompile Include="..\..\..\..\..\libraries\3rdparty\mbedtls\library\pkparse.c" />
    <ClCompile Include="..\..\..\..\..\libraries\3rdparty\mbedtls\library\pkwrite.c" />
    <ClCompile Include="..\..\..\..\..\libraries\3rdparty\mbedtls\library\platform.c" />
    <ClCompile Include="..\..\..\..\..\libraries\3rdparty\mbedtls\library\platform_util.c" />
    <ClCompile Include="..\..\..\..\..\libraries\3rdparty\mbedtls\library\ripemd160.c" />
    <ClCompile Include="..\..\..\..\..\libraries\3rdparty\mbedtls\library\rsa.c" />
    <ClCompile Include="..\..\..\..\..\libraries\3rdparty\mbedtls\library\rsa_internal.c" />
    <ClCompile Include="..\..\..\..\..\libraries\3rdparty\mbedtls\library\sha1.c" />
    <ClCompile Include="..\..\..\..\..\libraries\3rdparty\mbedtls\library\sha256.c" />
    <ClCompile Include="..\..\..\..\..\libraries\3rdparty\mbedtls\library\sha512.c" />
    <ClCompile Include="..\..\..\..\..\libraries\3rdparty\mbedtls\library\ssl_cache.c" />
    <ClCompile Include="..\..\..\..\..\libraries\3rdparty\mbedtls\library\ssl_ciphersuites.c" />
    <ClCompile Include="..\..\..\..\..\libraries\3rdparty\mbedtls\library\ssl_cli.c" />
    <ClCompile Include="..\..\..\..\..\libraries\3rdparty\mbedtls\library\ssl_cookie.c" />
    <ClCompile Include="..\..\..\..\..\libraries\3rdparty\mbedtls\library\ssl_srv.c" />
    <ClCompile Include="..\..\..\..\..\libraries\3rdparty\mbedtls\library\ssl_ticket.c" />
    <ClCompile Include="..\..\..\..\..\libraries\3rdparty\mbedtls\library\ssl_tls.c" />
    <ClCompile Include="..\..\..\..\..\libraries\3rdparty\mbedtls\library\threading.c" />
    <ClCompile Include="..\..\..\..\..\libraries\3rdparty\mbedtls\library\timing.c" />
    <ClCompile Include="..\..\..\..\..\libraries\3rdparty\mbedtls\library\version.c" />
    <ClCompile Include="..\..\..\..\..\libraries\3rdparty\mbedtls\library\version_features.c" />
    <ClCompile Include="..\..\..\..\..\libraries\3rdparty\mbedtls\library\x509.c" />
    <ClCompile Include="..\..\..\..\..\libraries\3rdparty\mbedtls\library\x509_create.c" />
    <ClCompile Include="..\..\..\..\..\libraries\3rdparty\mbedtls\library\x509_crl.c" />
    <ClCompile Include="..\..\..\..\..\libraries\3rdparty\mbedtls\library\x509_crt.c" />
    <ClCompile Include="..\..\..\..\..\libraries\3rdparty\mbedtls\library\x509_csr.c" />
    <ClCompile Include="..\..\..\..\..\libraries\3rdparty\mbedtls\library\x509write_crt.c" />
    <ClCompile Include="..\..\..\..\..\libraries\3rdparty\mbedtls\library\x509write_csr.c" />
    <ClCompile Include="..\..\..\..\..\libraries\3rdparty\mbedtls\library\xtea.c" />
    <ClCompile Include="..\..\..\..\..\libraries\3rdparty\unity\src\unity.c" />
    <ClCompile Include="..\..\..\..\..\libraries\3rdparty\unity\extras\fixture\src\unity_fixture.c" />
    <ClCompile Include="..\..\..\..\..\libraries\3rdparty\tinycbor\cborpretty.c" />
    <ClCompile Include="..\..\..\..\..\libraries\3rdparty\tinycbor\cborencoder.c" />
    <ClCompile Include="..\..\..\..\..\libraries\3rdparty\tinycbor\cborencoder_close_container_checked.c" />
    <ClCompile Include="..\..\..\..\..\libraries\3rdparty\tinycbor\cborerrorstrings.c" />
    <ClCompile Include="..\..\..\..\..\libraries\3rdparty\tinycbor\cborparser.c" />
    <ClCompile Include="..\..\..\..\..\libraries\3rdparty\tinycbor\cborparser_dup_string.c" />
    <ClCompile Include="..\..\..\..\..\libraries\3rdparty\jsmn\jsmn.c" />
  </ItemGroup>
</Project>